{
  "version": 4,
  "terraform_version": "1.10.4",
  "serial": 371,
  "lineage": "cf44205b-d6de-39b9-c126-fa22be1059c7",
  "outputs": {},
  "resources": [
    {
      "module": "module.dr_s3_buckets[\"staging-assets\"]",
      "mode": "data",
      "type": "aws_caller_identity",
      "name": "current",
      "provider": "provider[\"registry.terraform.io/hashicorp/aws\"].dr",
      "instances": [
        {
          "schema_version": 0,
          "attributes": {
            "account_id": "000000000000",
            "arn": "arn:aws:iam::000000000000:root",
            "id": "000000000000",
            "user_id": "AKIAIOSFODNN7EXAMPLE"
          },
          "sensitive_attributes": []
        }
      ]
    },
    {
      "module": "module.dr_s3_buckets[\"staging-assets\"]",
      "mode": "data",
      "type": "aws_iam_policy_document",
      "name": "kms_policy",
      "provider": "provider[\"registry.terraform.io/hashicorp/aws\"].dr",
      "instances": [
        {
          "schema_version": 0,
          "attributes": {
            "id": "2659249007",
            "json": "{\n  \"Version\": \"2012-10-17\",\n  \"Statement\": [\n    {\n      \"Sid\": \"kms\",\n      \"Effect\": \"Allow\",\n      \"Action\": [\n        \"kms:GenerateDataKey*\",\n        \"kms:Encrypt\",\n        \"kms:Decrypt\"\n      ],\n      \"Resource\": \"*\",\n      \"Principal\": {\n        \"AWS\": \"arn:aws:iam::000000000000:role/s3_access\"\n      }\n    }\n  ]\n}",
            "minified_json": "{\"Version\":\"2012-10-17\",\"Statement\":[{\"Sid\":\"kms\",\"Effect\":\"Allow\",\"Action\":[\"kms:GenerateDataKey*\",\"kms:Encrypt\",\"kms:Decrypt\"],\"Resource\":\"*\",\"Principal\":{\"AWS\":\"arn:aws:iam::000000000000:role/s3_access\"}}]}",
            "override_json": null,
            "override_policy_documents": null,
            "policy_id": null,
            "source_json": null,
            "source_policy_documents": null,
            "statement": [
              {
                "actions": [
                  "kms:Decrypt",
                  "kms:Encrypt",
                  "kms:GenerateDataKey*"
                ],
                "condition": [],
                "effect": "Allow",
                "not_actions": [],
                "not_principals": [],
                "not_resources": [],
                "principals": [
                  {
                    "identifiers": [
                      "arn:aws:iam::000000000000:role/s3_access"
                    ],
                    "type": "AWS"
                  }
                ],
                "resources": [
                  "*"
                ],
                "sid": "kms"
              }
            ],
            "version": "2012-10-17"
          },
          "sensitive_attributes": []
        }
      ]
    },
    {
      "module": "module.dr_s3_buckets[\"staging-assets\"]",
      "mode": "data",
      "type": "aws_iam_policy_document",
      "name": "s3_policy",
      "provider": "provider[\"registry.terraform.io/hashicorp/aws\"].dr",
      "instances": [
        {
          "schema_version": 0,
          "attributes": {
            "id": "2815320627",
            "json": "{\n  \"Version\": \"2012-10-17\",\n  \"Statement\": [\n    {\n      \"Sid\": \"s3\",\n      \"Effect\": \"Allow\",\n      \"Action\": [\n        \"s3:PutObject\",\n        \"s3:ListBucket\",\n        \"s3:GetObject\",\n        \"s3:DeleteObject\"\n      ],\n      \"Resource\": \"arn:aws:s3:::staging-assets-dr-assets-bucket\",\n      \"Principal\": {\n        \"AWS\": \"arn:aws:iam::000000000000:role/s3_access\"\n      }\n    }\n  ]\n}",
            "minified_json": "{\"Version\":\"2012-10-17\",\"Statement\":[{\"Sid\":\"s3\",\"Effect\":\"Allow\",\"Action\":[\"s3:PutObject\",\"s3:ListBucket\",\"s3:GetObject\",\"s3:DeleteObject\"],\"Resource\":\"arn:aws:s3:::staging-assets-dr-assets-bucket\",\"Principal\":{\"AWS\":\"arn:aws:iam::000000000000:role/s3_access\"}}]}",
            "override_json": null,
            "override_policy_documents": null,
            "policy_id": null,
            "source_json": null,
            "source_policy_documents": null,
            "statement": [
              {
                "actions": [
                  "s3:DeleteObject",
                  "s3:GetObject",
                  "s3:ListBucket",
                  "s3:PutObject"
                ],
                "condition": [],
                "effect": "Allow",
                "not_actions": [],
                "not_principals": [],
                "not_resources": [],
                "principals": [
                  {
                    "identifiers": [
                      "arn:aws:iam::000000000000:role/s3_access"
                    ],
                    "type": "AWS"
                  }
                ],
                "resources": [
                  "arn:aws:s3:::staging-assets-dr-assets-bucket"
                ],
                "sid": "s3"
              }
            ],
            "version": "2012-10-17"
          },
          "sensitive_attributes": []
        }
      ]
    },
    {
      "module": "module.dr_s3_buckets[\"staging-assets\"]",
      "mode": "data",
      "type": "aws_iam_policy_document",
      "name": "s3_replication_policy_document",
      "provider": "provider[\"registry.terraform.io/hashicorp/aws\"].dr",
      "instances": []
    },
    {
      "module": "module.dr_s3_buckets[\"staging-assets\"]",
      "mode": "managed",
      "type": "aws_iam_policy",
      "name": "s3_replication_policy",
      "provider": "provider[\"registry.terraform.io/hashicorp/aws\"].dr",
      "instances": []
    },
    {
      "module": "module.dr_s3_buckets[\"staging-assets\"]",
      "mode": "managed",
      "type": "aws_iam_role",
      "name": "s3_replication_role",
      "provider": "provider[\"registry.terraform.io/hashicorp/aws\"].dr",
      "instances": [
        {
          "index_key": 0,
          "schema_version": 0,
          "attributes": {
            "arn": "arn:aws:iam::000000000000:role/staging-assets-dr-assets-bucket-replication-role",
            "assume_role_policy": "{\"Statement\":[{\"Action\":\"sts:AssumeRole\",\"Effect\":\"Allow\",\"Principal\":{\"Service\":\"s3.amazonaws.com\"},\"Sid\":\"\"}],\"Version\":\"2012-10-17\"}",
            "create_date": "2025-03-05T14:11:47Z",
            "description": "",
            "force_detach_policies": false,
            "id": "staging-assets-dr-assets-bucket-replication-role",
            "inline_policy": [],
            "managed_policy_arns": [],
            "max_session_duration": 3600,
            "name": "staging-assets-dr-assets-bucket-replication-role",
            "name_prefix": "",
            "path": "/",
            "permissions_boundary": "",
            "tags": null,
            "tags_all": {
              "created-by": "path/to/repo"
            },
            "unique_id": "AROAQAAAAAAAOVIMNBMP7"
          },
          "sensitive_attributes": [],
          "private": "bnVsbA=="
        }
      ]
    },
    {
      "module": "module.dr_s3_buckets[\"staging-assets\"]",
      "mode": "managed",
      "type": "aws_iam_role_policy_attachment",
      "name": "s3_replication_attachment",
      "provider": "provider[\"registry.terraform.io/hashicorp/aws\"].dr",
      "instances": []
    },
    {
      "module": "module.dr_s3_buckets[\"staging-assets\"]",
      "mode": "managed",
      "type": "aws_kms_alias",
      "name": "objects",
      "provider": "provider[\"registry.terraform.io/hashicorp/aws\"].dr",
      "instances": [
        {
          "schema_version": 0,
          "attributes": {
            "arn": "arn:aws:kms:us-east-2:000000000000:alias/staging-assets-dr-assets-bucket-object-key",
            "id": "alias/staging-assets-dr-assets-bucket-object-key",
            "name": "alias/staging-assets-dr-assets-bucket-object-key",
            "name_prefix": "",
            "target_key_arn": "arn:aws:kms:us-east-2:000000000000:key/4009cdd1-cc76-4b82-9051-d02d36ee8bd1",
            "target_key_id": "4009cdd1-cc76-4b82-9051-d02d36ee8bd1"
          },
          "sensitive_attributes": [],
          "private": "bnVsbA==",
          "dependencies": [
            "module.dr_s3_buckets.aws_kms_key.objects",
            "module.dr_s3_buckets.data.aws_caller_identity.current",
            "module.dr_s3_buckets.data.aws_iam_policy_document.kms_policy"
          ]
        }
      ]
    },
    {
      "module": "module.dr_s3_buckets[\"staging-assets\"]",
      "mode": "managed",
      "type": "aws_kms_key",
      "name": "objects",
      "provider": "provider[\"registry.terraform.io/hashicorp/aws\"].dr",
      "instances": [
        {
          "schema_version": 0,
          "attributes": {
            "arn": "arn:aws:kms:us-east-2:000000000000:key/4009cdd1-cc76-4b82-9051-d02d36ee8bd1",
            "bypass_policy_lockout_safety_check": false,
            "custom_key_store_id": "",
            "customer_master_key_spec": "SYMMETRIC_DEFAULT",
            "deletion_window_in_days": 30,
            "description": "",
            "enable_key_rotation": true,
            "id": "4009cdd1-cc76-4b82-9051-d02d36ee8bd1",
            "is_enabled": true,
            "key_id": "4009cdd1-cc76-4b82-9051-d02d36ee8bd1",
            "key_usage": "ENCRYPT_DECRYPT",
            "multi_region": false,
            "policy": "{\"Statement\":[{\"Action\":[\"kms:GenerateDataKey*\",\"kms:Encrypt\",\"kms:Decrypt\"],\"Effect\":\"Allow\",\"Principal\":{\"AWS\":\"arn:aws:iam::000000000000:role/s3_access\"},\"Resource\":\"*\",\"Sid\":\"kms\"}],\"Version\":\"2012-10-17\"}",
            "rotation_period_in_days": 0,
            "tags": null,
            "tags_all": {
              "created-by": "path/to/repo"
            },
            "timeouts": null,
            "xks_key_id": ""
          },
          "sensitive_attributes": [],
          "private": "eyJlMmJmYjczMC1lY2FhLTExZTYtOGY4OC0zNDM2M2JjN2M0YzAiOnsiY3JlYXRlIjoxMjAwMDAwMDAwMDB9fQ==",
          "dependencies": [
            "module.dr_s3_buckets.data.aws_caller_identity.current",
            "module.dr_s3_buckets.data.aws_iam_policy_document.kms_policy"
          ]
        }
      ]
    },
    {
      "module": "module.dr_s3_buckets[\"staging-assets\"]",
      "mode": "managed",
      "type": "aws_s3_bucket_policy",
      "name": "s3_policy",
      "provider": "provider[\"registry.terraform.io/hashicorp/aws\"].dr",
      "instances": [
        {
          "schema_version": 0,
          "attributes": {
            "bucket": "staging-assets-dr-assets-bucket",
            "id": "staging-assets-dr-assets-bucket",
            "policy": "{\"Statement\":[{\"Action\":[\"s3:PutObject\",\"s3:ListBucket\",\"s3:GetObject\",\"s3:DeleteObject\"],\"Effect\":\"Allow\",\"Principal\":{\"AWS\":\"arn:aws:iam::000000000000:role/s3_access\"},\"Resource\":\"arn:aws:s3:::staging-assets-dr-assets-bucket\",\"Sid\":\"s3\"}],\"Version\":\"2012-10-17\"}"
          },
          "sensitive_attributes": [],
          "private": "bnVsbA==",
          "dependencies": [
            "module.dr_s3_buckets.aws_iam_role.s3_replication_role",
            "module.dr_s3_buckets.aws_kms_key.objects",
            "module.dr_s3_buckets.data.aws_caller_identity.current",
            "module.dr_s3_buckets.data.aws_iam_policy_document.kms_policy",
            "module.dr_s3_buckets.data.aws_iam_policy_document.s3_policy",
            "module.dr_s3_buckets.module.s3_bucket.aws_s3_bucket.this",
            "module.dr_s3_buckets.module.s3_bucket.aws_s3_bucket_accelerate_configuration.this",
            "module.dr_s3_buckets.module.s3_bucket.aws_s3_bucket_acl.this",
            "module.dr_s3_buckets.module.s3_bucket.aws_s3_bucket_analytics_configuration.this",
            "module.dr_s3_buckets.module.s3_bucket.aws_s3_bucket_cors_configuration.this",
            "module.dr_s3_buckets.module.s3_bucket.aws_s3_bucket_intelligent_tiering_configuration.this",
            "module.dr_s3_buckets.module.s3_bucket.aws_s3_bucket_inventory.this",
            "module.dr_s3_buckets.module.s3_bucket.aws_s3_bucket_lifecycle_configuration.this",
            "module.dr_s3_buckets.module.s3_bucket.aws_s3_bucket_logging.this",
            "module.dr_s3_buckets.module.s3_bucket.aws_s3_bucket_metric.this",
            "module.dr_s3_buckets.module.s3_bucket.aws_s3_bucket_object_lock_configuration.this",
            "module.dr_s3_buckets.module.s3_bucket.aws_s3_bucket_ownership_controls.this",
            "module.dr_s3_buckets.module.s3_bucket.aws_s3_bucket_policy.this",
            "module.dr_s3_buckets.module.s3_bucket.aws_s3_bucket_public_access_block.this",
            "module.dr_s3_buckets.module.s3_bucket.aws_s3_bucket_replication_configuration.this",
            "module.dr_s3_buckets.module.s3_bucket.aws_s3_bucket_request_payment_configuration.this",
            "module.dr_s3_buckets.module.s3_bucket.aws_s3_bucket_server_side_encryption_configuration.this",
            "module.dr_s3_buckets.module.s3_bucket.aws_s3_bucket_versioning.this",
            "module.dr_s3_buckets.module.s3_bucket.aws_s3_bucket_website_configuration.this",
            "module.dr_s3_buckets.module.s3_bucket.aws_s3_directory_bucket.this",
            "module.dr_s3_buckets.module.s3_bucket.data.aws_caller_identity.current",
            "module.dr_s3_buckets.module.s3_bucket.data.aws_canonical_user_id.this",
            "module.dr_s3_buckets.module.s3_bucket.data.aws_iam_policy_document.access_log_delivery",
            "module.dr_s3_buckets.module.s3_bucket.data.aws_iam_policy_document.combined",
            "module.dr_s3_buckets.module.s3_bucket.data.aws_iam_policy_document.deny_incorrect_encryption_headers",
            "module.dr_s3_buckets.module.s3_bucket.data.aws_iam_policy_document.deny_incorrect_kms_key_sse",
            "module.dr_s3_buckets.module.s3_bucket.data.aws_iam_policy_document.deny_insecure_transport",
            "module.dr_s3_buckets.module.s3_bucket.data.aws_iam_policy_document.deny_ssec_encrypted_object_uploads",
            "module.dr_s3_buckets.module.s3_bucket.data.aws_iam_policy_document.deny_unencrypted_object_uploads",
            "module.dr_s3_buckets.module.s3_bucket.data.aws_iam_policy_document.elb_log_delivery",
            "module.dr_s3_buckets.module.s3_bucket.data.aws_iam_policy_document.inventory_and_analytics_destination_policy",
            "module.dr_s3_buckets.module.s3_bucket.data.aws_iam_policy_document.lb_log_delivery",
            "module.dr_s3_buckets.module.s3_bucket.data.aws_iam_policy_document.require_latest_tls",
            "module.dr_s3_buckets.module.s3_bucket.data.aws_partition.current",
            "module.dr_s3_buckets.module.s3_bucket.data.aws_region.current"
          ]
        }
      ]
    },
    {
      "module": "module.dr_s3_buckets[\"staging-assets\"]",
      "mode": "managed",
      "type": "aws_s3_bucket_replication_configuration",
      "name": "this",
      "provider": "provider[\"registry.terraform.io/hashicorp/aws\"].dr",
      "instances": []
    },
    {
      "module": "module.dr_s3_buckets[\"staging-assets\"].module.s3_bucket",
      "mode": "data",
      "type": "aws_caller_identity",
      "name": "current",
      "provider": "provider[\"registry.terraform.io/hashicorp/aws\"].dr",
      "instances": [
        {
          "schema_version": 0,
          "attributes": {
            "account_id": "000000000000",
            "arn": "arn:aws:iam::000000000000:root",
            "id": "000000000000",
            "user_id": "AKIAIOSFODNN7EXAMPLE"
          },
          "sensitive_attributes": []
        }
      ]
    },
    {
      "module": "module.dr_s3_buckets[\"staging-assets\"].module.s3_bucket",
      "mode": "data",
      "type": "aws_canonical_user_id",
      "name": "this",
      "provider": "provider[\"registry.terraform.io/hashicorp/aws\"].dr",
      "instances": [
        {
          "index_key": 0,
          "schema_version": 0,
          "attributes": {
            "display_name": "webfile",
            "id": "75aa57f09aa0c8caeab4f8c24e99d10f8e7faeebf76c078efc7c6caea54ba06a"
          },
          "sensitive_attributes": []
        }
      ]
    },
    {
      "module": "module.dr_s3_buckets[\"staging-assets\"].module.s3_bucket",
      "mode": "data",
      "type": "aws_iam_policy_document",
      "name": "access_log_delivery",
      "provider": "provider[\"registry.terraform.io/hashicorp/aws\"].dr",
      "instances": []
    },
    {
      "module": "module.dr_s3_buckets[\"staging-assets\"].module.s3_bucket",
      "mode": "data",
      "type": "aws_iam_policy_document",
      "name": "combined",
      "provider": "provider[\"registry.terraform.io/hashicorp/aws\"].dr",
      "instances": []
    },
    {
      "module": "module.dr_s3_buckets[\"staging-assets\"].module.s3_bucket",
      "mode": "data",
      "type": "aws_iam_policy_document",
      "name": "deny_incorrect_encryption_headers",
      "provider": "provider[\"registry.terraform.io/hashicorp/aws\"].dr",
      "instances": []
    },
    {
      "module": "module.dr_s3_buckets[\"staging-assets\"].module.s3_bucket",
      "mode": "data",
      "type": "aws_iam_policy_document",
      "name": "deny_incorrect_kms_key_sse",
      "provider": "provider[\"registry.terraform.io/hashicorp/aws\"].dr",
      "instances": []
    },
    {
      "module": "module.dr_s3_buckets[\"staging-assets\"].module.s3_bucket",
      "mode": "data",
      "type": "aws_iam_policy_document",
      "name": "deny_insecure_transport",
      "provider": "provider[\"registry.terraform.io/hashicorp/aws\"].dr",
      "instances": []
    },
    {
      "module": "module.dr_s3_buckets[\"staging-assets\"].module.s3_bucket",
      "mode": "data",
      "type": "aws_iam_policy_document",
      "name": "deny_ssec_encrypted_object_uploads",
      "provider": "provider[\"registry.terraform.io/hashicorp/aws\"].dr",
      "instances": []
    },
    {
      "module": "module.dr_s3_buckets[\"staging-assets\"].module.s3_bucket",
      "mode": "data",
      "type": "aws_iam_policy_document",
      "name": "deny_unencrypted_object_uploads",
      "provider": "provider[\"registry.terraform.io/hashicorp/aws\"].dr",
      "instances": []
    },
    {
      "module": "module.dr_s3_buckets[\"staging-assets\"].module.s3_bucket",
      "mode": "data",
      "type": "aws_iam_policy_document",
      "name": "elb_log_delivery",
      "provider": "provider[\"registry.terraform.io/hashicorp/aws\"].dr",
      "instances": []
    },
    {
      "module": "module.dr_s3_buckets[\"staging-assets\"].module.s3_bucket",
      "mode": "data",
      "type": "aws_iam_policy_document",
      "name": "inventory_and_analytics_destination_policy",
      "provider": "provider[\"registry.terraform.io/hashicorp/aws\"].dr",
      "instances": []
    },
    {
      "module": "module.dr_s3_buckets[\"staging-assets\"].module.s3_bucket",
      "mode": "data",
      "type": "aws_iam_policy_document",
      "name": "lb_log_delivery",
      "provider": "provider[\"registry.terraform.io/hashicorp/aws\"].dr",
      "instances": []
    },
    {
      "module": "module.dr_s3_buckets[\"staging-assets\"].module.s3_bucket",
      "mode": "data",
      "type": "aws_iam_policy_document",
      "name": "require_latest_tls",
      "provider": "provider[\"registry.terraform.io/hashicorp/aws\"].dr",
      "instances": []
    },
    {
      "module": "module.dr_s3_buckets[\"staging-assets\"].module.s3_bucket",
      "mode": "data",
      "type": "aws_partition",
      "name": "current",
      "provider": "provider[\"registry.terraform.io/hashicorp/aws\"].dr",
      "instances": [
        {
          "schema_version": 0,
          "attributes": {
            "dns_suffix": "amazonaws.com",
            "id": "aws",
            "partition": "aws",
            "reverse_dns_prefix": "com.amazonaws"
          },
          "sensitive_attributes": []
        }
      ]
    },
    {
      "module": "module.dr_s3_buckets[\"staging-assets\"].module.s3_bucket",
      "mode": "data",
      "type": "aws_region",
      "name": "current",
      "provider": "provider[\"registry.terraform.io/hashicorp/aws\"].dr",
      "instances": [
        {
          "schema_version": 0,
          "attributes": {
            "description": "US East (Ohio)",
            "endpoint": "ec2.us-east-2.amazonaws.com",
            "id": "us-east-2",
            "name": "us-east-2"
          },
          "sensitive_attributes": []
        }
      ]
    },
    {
      "module": "module.dr_s3_buckets[\"staging-assets\"].module.s3_bucket",
      "mode": "managed",
      "type": "aws_s3_bucket",
      "name": "this",
      "provider": "provider[\"registry.terraform.io/hashicorp/aws\"].dr",
      "instances": [
        {
          "index_key": 0,
          "schema_version": 0,
          "attributes": {
            "acceleration_status": "",
            "acl": null,
            "arn": "arn:aws:s3:::staging-assets-dr-assets-bucket",
            "bucket": "staging-assets-dr-assets-bucket",
            "bucket_domain_name": "staging-assets-dr-assets-bucket.s3.amazonaws.com",
            "bucket_prefix": "",
            "bucket_regional_domain_name": "staging-assets-dr-assets-bucket.s3.us-east-2.amazonaws.com",
            "cors_rule": [],
            "force_destroy": true,
            "grant": [
              {
                "id": "75aa57f09aa0c8caeab4f8c24e99d10f8e7faeebf76c078efc7c6caea54ba06a",
                "permissions": [
                  "FULL_CONTROL"
                ],
                "type": "CanonicalUser",
                "uri": ""
              }
            ],
            "hosted_zone_id": "Z2O1EMRO9K5GLX",
            "id": "staging-assets-dr-assets-bucket",
            "lifecycle_rule": [],
            "logging": [],
            "object_lock_configuration": [],
            "object_lock_enabled": false,
            "policy": "",
            "region": "us-east-2",
            "replication_configuration": [],
            "request_payer": "BucketOwner",
            "server_side_encryption_configuration": [
              {
                "rule": [
                  {
                    "apply_server_side_encryption_by_default": [
                      {
                        "kms_master_key_id": "",
                        "sse_algorithm": "AES256"
                      }
                    ],
                    "bucket_key_enabled": false
                  }
                ]
              }
            ],
            "tags": {
              "Environment": "dev",
              "Owner": "frontend-team",
              "managed-by": "terraform-aws-modules/s3-bucket/aws"
            },
            "tags_all": {
              "Environment": "dev",
              "Owner": "frontend-team",
              "created-by": "path/to/repo",
              "managed-by": "terraform-aws-modules/s3-bucket/aws"
            },
            "timeouts": null,
            "versioning": [
              {
                "enabled": false,
                "mfa_delete": false
              }
            ],
            "website": [],
            "website_domain": null,
            "website_endpoint": null
          },
          "sensitive_attributes": [],
          "private": "eyJlMmJmYjczMC1lY2FhLTExZTYtOGY4OC0zNDM2M2JjN2M0YzAiOnsiY3JlYXRlIjoxMjAwMDAwMDAwMDAwLCJkZWxldGUiOjM2MDAwMDAwMDAwMDAsInJlYWQiOjEyMDAwMDAwMDAwMDAsInVwZGF0ZSI6MTIwMDAwMDAwMDAwMH19",
          "dependencies": [
            "module.dr_s3_buckets.aws_iam_role.s3_replication_role"
          ]
        }
      ]
    },
    {
      "module": "module.dr_s3_buckets[\"staging-assets\"].module.s3_bucket",
      "mode": "managed",
      "type": "aws_s3_bucket_accelerate_configuration",
      "name": "this",
      "provider": "provider[\"registry.terraform.io/hashicorp/aws\"].dr",
      "instances": []
    },
    {
      "module": "module.dr_s3_buckets[\"staging-assets\"].module.s3_bucket",
      "mode": "managed",
      "type": "aws_s3_bucket_acl",
      "name": "this",
      "provider": "provider[\"registry.terraform.io/hashicorp/aws\"].dr",
      "instances": [
        {
          "index_key": 0,
          "schema_version": 0,
          "attributes": {
            "access_control_policy": [
              {
                "grant": [
                  {
                    "grantee": [
                      {
                        "display_name": "",
                        "email_address": "",
                        "id": "",
                        "type": "Group",
                        "uri": "http://acs.amazonaws.com/groups/global/AllUsers"
                      }
                    ],
                    "permission": "READ"
                  },
                  {
                    "grantee": [
                      {
                        "display_name": "webfile",
                        "email_address": "",
                        "id": "75aa57f09aa0c8caeab4f8c24e99d10f8e7faeebf76c078efc7c6caea54ba06a",
                        "type": "CanonicalUser",
                        "uri": ""
                      }
                    ],
                    "permission": "FULL_CONTROL"
                  }
                ],
                "owner": [
                  {
                    "display_name": "webfile",
                    "id": "75aa57f09aa0c8caeab4f8c24e99d10f8e7faeebf76c078efc7c6caea54ba06a"
                  }
                ]
              }
            ],
            "acl": "public-read",
            "bucket": "staging-assets-dr-assets-bucket",
            "expected_bucket_owner": "",
            "id": "staging-assets-dr-assets-bucket,public-read"
          },
          "sensitive_attributes": [],
          "private": "bnVsbA==",
          "dependencies": [
            "module.dr_s3_buckets.aws_iam_role.s3_replication_role",
            "module.dr_s3_buckets.aws_kms_key.objects",
            "module.dr_s3_buckets.data.aws_caller_identity.current",
            "module.dr_s3_buckets.data.aws_iam_policy_document.kms_policy",
            "module.dr_s3_buckets.module.s3_bucket.aws_s3_bucket.this",
            "module.dr_s3_buckets.module.s3_bucket.aws_s3_bucket_ownership_controls.this",
            "module.dr_s3_buckets.module.s3_bucket.aws_s3_bucket_policy.this",
            "module.dr_s3_buckets.module.s3_bucket.aws_s3_bucket_public_access_block.this",
            "module.dr_s3_buckets.module.s3_bucket.aws_s3_directory_bucket.this",
            "module.dr_s3_buckets.module.s3_bucket.data.aws_caller_identity.current",
            "module.dr_s3_buckets.module.s3_bucket.data.aws_canonical_user_id.this",
            "module.dr_s3_buckets.module.s3_bucket.data.aws_iam_policy_document.access_log_delivery",
            "module.dr_s3_buckets.module.s3_bucket.data.aws_iam_policy_document.combined",
            "module.dr_s3_buckets.module.s3_bucket.data.aws_iam_policy_document.deny_incorrect_encryption_headers",
            "module.dr_s3_buckets.module.s3_bucket.data.aws_iam_policy_document.deny_incorrect_kms_key_sse",
            "module.dr_s3_buckets.module.s3_bucket.data.aws_iam_policy_document.deny_insecure_transport",
            "module.dr_s3_buckets.module.s3_bucket.data.aws_iam_policy_document.deny_ssec_encrypted_object_uploads",
            "module.dr_s3_buckets.module.s3_bucket.data.aws_iam_policy_document.deny_unencrypted_object_uploads",
            "module.dr_s3_buckets.module.s3_bucket.data.aws_iam_policy_document.elb_log_delivery",
            "module.dr_s3_buckets.module.s3_bucket.data.aws_iam_policy_document.inventory_and_analytics_destination_policy",
            "module.dr_s3_buckets.module.s3_bucket.data.aws_iam_policy_document.lb_log_delivery",
            "module.dr_s3_buckets.module.s3_bucket.data.aws_iam_policy_document.require_latest_tls",
            "module.dr_s3_buckets.module.s3_bucket.data.aws_partition.current",
            "module.dr_s3_buckets.module.s3_bucket.data.aws_region.current"
          ]
        }
      ]
    },
    {
      "module": "module.dr_s3_buckets[\"staging-assets\"].module.s3_bucket",
      "mode": "managed",
      "type": "aws_s3_bucket_analytics_configuration",
      "name": "this",
      "provider": "provider[\"registry.terraform.io/hashicorp/aws\"].dr",
      "instances": []
    },
    {
      "module": "module.dr_s3_buckets[\"staging-assets\"].module.s3_bucket",
      "mode": "managed",
      "type": "aws_s3_bucket_cors_configuration",
      "name": "this",
      "provider": "provider[\"registry.terraform.io/hashicorp/aws\"].dr",
      "instances": []
    },
    {
      "module": "module.dr_s3_buckets[\"staging-assets\"].module.s3_bucket",
      "mode": "managed",
      "type": "aws_s3_bucket_intelligent_tiering_configuration",
      "name": "this",
      "provider": "provider[\"registry.terraform.io/hashicorp/aws\"].dr",
      "instances": []
    },
    {
      "module": "module.dr_s3_buckets[\"staging-assets\"].module.s3_bucket",
      "mode": "managed",
      "type": "aws_s3_bucket_inventory",
      "name": "this",
      "provider": "provider[\"registry.terraform.io/hashicorp/aws\"].dr",
      "instances": []
    },
    {
      "module": "module.dr_s3_buckets[\"staging-assets\"].module.s3_bucket",
      "mode": "managed",
      "type": "aws_s3_bucket_lifecycle_configuration",
      "name": "this",
      "provider": "provider[\"registry.terraform.io/hashicorp/aws\"].dr",
      "instances": []
    },
    {
      "module": "module.dr_s3_buckets[\"staging-assets\"].module.s3_bucket",
      "mode": "managed",
      "type": "aws_s3_bucket_logging",
      "name": "this",
      "provider": "provider[\"registry.terraform.io/hashicorp/aws\"].dr",
      "instances": []
    },
    {
      "module": "module.dr_s3_buckets[\"staging-assets\"].module.s3_bucket",
      "mode": "managed",
      "type": "aws_s3_bucket_metric",
      "name": "this",
      "provider": "provider[\"registry.terraform.io/hashicorp/aws\"].dr",
      "instances": []
    },
    {
      "module": "module.dr_s3_buckets[\"staging-assets\"].module.s3_bucket",
      "mode": "managed",
      "type": "aws_s3_bucket_object_lock_configuration",
      "name": "this",
      "provider": "provider[\"registry.terraform.io/hashicorp/aws\"].dr",
      "instances": []
    },
    {
      "module": "module.dr_s3_buckets[\"staging-assets\"].module.s3_bucket",
      "mode": "managed",
      "type": "aws_s3_bucket_ownership_controls",
      "name": "this",
      "provider": "provider[\"registry.terraform.io/hashicorp/aws\"].dr",
      "instances": []
    },
    {
      "module": "module.dr_s3_buckets[\"staging-assets\"].module.s3_bucket",
      "mode": "managed",
      "type": "aws_s3_bucket_policy",
      "name": "this",
      "provider": "provider[\"registry.terraform.io/hashicorp/aws\"].dr",
      "instances": []
    },
    {
      "module": "module.dr_s3_buckets[\"staging-assets\"].module.s3_bucket",
      "mode": "managed",
      "type": "aws_s3_bucket_public_access_block",
      "name": "this",
      "provider": "provider[\"registry.terraform.io/hashicorp/aws\"].dr",
      "instances": [
        {
          "index_key": 0,
          "schema_version": 0,
          "attributes": {
            "block_public_acls": false,
            "block_public_policy": true,
            "bucket": "staging-assets-dr-assets-bucket",
            "id": "staging-assets-dr-assets-bucket",
            "ignore_public_acls": true,
            "restrict_public_buckets": false
          },
          "sensitive_attributes": [],
          "private": "bnVsbA==",
          "dependencies": [
            "module.dr_s3_buckets.aws_iam_role.s3_replication_role",
            "module.dr_s3_buckets.module.s3_bucket.aws_s3_bucket.this"
          ]
        }
      ]
    },
    {
      "module": "module.dr_s3_buckets[\"staging-assets\"].module.s3_bucket",
      "mode": "managed",
      "type": "aws_s3_bucket_replication_configuration",
      "name": "this",
      "provider": "provider[\"registry.terraform.io/hashicorp/aws\"].dr",
      "instances": []
    },
    {
      "module": "module.dr_s3_buckets[\"staging-assets\"].module.s3_bucket",
      "mode": "managed",
      "type": "aws_s3_bucket_request_payment_configuration",
      "name": "this",
      "provider": "provider[\"registry.terraform.io/hashicorp/aws\"].dr",
      "instances": []
    },
    {
      "module": "module.dr_s3_buckets[\"staging-assets\"].module.s3_bucket",
      "mode": "managed",
      "type": "aws_s3_bucket_server_side_encryption_configuration",
      "name": "this",
      "provider": "provider[\"registry.terraform.io/hashicorp/aws\"].dr",
      "instances": [
        {
          "index_key": 0,
          "schema_version": 0,
          "attributes": {
            "bucket": "staging-assets-dr-assets-bucket",
            "expected_bucket_owner": "",
            "id": "staging-assets-dr-assets-bucket",
            "rule": [
              {
                "apply_server_side_encryption_by_default": [
                  {
                    "kms_master_key_id": "arn:aws:kms:us-east-2:000000000000:key/4009cdd1-cc76-4b82-9051-d02d36ee8bd1",
                    "sse_algorithm": "aws:kms"
                  }
                ],
                "bucket_key_enabled": null
              }
            ]
          },
          "sensitive_attributes": [],
          "private": "bnVsbA==",
          "dependencies": [
            "module.dr_s3_buckets.aws_iam_role.s3_replication_role",
            "module.dr_s3_buckets.aws_kms_key.objects",
            "module.dr_s3_buckets.data.aws_caller_identity.current",
            "module.dr_s3_buckets.data.aws_iam_policy_document.kms_policy",
            "module.dr_s3_buckets.module.s3_bucket.aws_s3_bucket.this",
            "module.dr_s3_buckets.module.s3_bucket.aws_s3_directory_bucket.this"
          ]
        }
      ]
    },
    {
      "module": "module.dr_s3_buckets[\"staging-assets\"].module.s3_bucket",
      "mode": "managed",
      "type": "aws_s3_bucket_versioning",
      "name": "this",
      "provider": "provider[\"registry.terraform.io/hashicorp/aws\"].dr",
      "instances": [
        {
          "index_key": 0,
          "schema_version": 0,
          "attributes": {
            "bucket": "staging-assets-dr-assets-bucket",
            "expected_bucket_owner": "",
            "id": "staging-assets-dr-assets-bucket",
            "mfa": null,
            "versioning_configuration": [
              {
                "mfa_delete": "",
                "status": "Enabled"
              }
            ]
          },
          "sensitive_attributes": [],
          "private": "bnVsbA==",
          "dependencies": [
            "module.dr_s3_buckets.aws_iam_role.s3_replication_role",
            "module.dr_s3_buckets.module.s3_bucket.aws_s3_bucket.this"
          ]
        }
      ]
    },
    {
      "module": "module.dr_s3_buckets[\"staging-assets\"].module.s3_bucket",
      "mode": "managed",
      "type": "aws_s3_bucket_website_configuration",
      "name": "this",
      "provider": "provider[\"registry.terraform.io/hashicorp/aws\"].dr",
      "instances": [
        {
          "index_key": 0,
          "schema_version": 0,
          "attributes": {
            "bucket": "staging-assets-dr-assets-bucket",
            "error_document": [
              {
                "key": "error.html"
              }
            ],
            "expected_bucket_owner": "",
            "id": "staging-assets-dr-assets-bucket",
            "index_document": [
              {
                "suffix": "index.html"
              }
            ],
            "redirect_all_requests_to": [],
            "routing_rule": [],
            "routing_rules": "",
            "website_domain": "s3-website.us-east-2.amazonaws.com",
            "website_endpoint": "staging-assets-dr-assets-bucket.s3-website.us-east-2.amazonaws.com"
          },
          "sensitive_attributes": [],
          "private": "bnVsbA==",
          "dependencies": [
            "module.dr_s3_buckets.aws_iam_role.s3_replication_role",
            "module.dr_s3_buckets.module.s3_bucket.aws_s3_bucket.this"
          ]
        }
      ]
    },
    {
      "module": "module.dr_s3_buckets[\"staging-assets\"].module.s3_bucket",
      "mode": "managed",
      "type": "aws_s3_directory_bucket",
      "name": "this",
      "provider": "provider[\"registry.terraform.io/hashicorp/aws\"].dr",
      "instances": []
    },
    {
      "module": "module.rds[\"dev\"].module.db.module.db_instance",
      "mode": "data",
      "type": "aws_iam_policy_document",
      "name": "enhanced_monitoring",
      "provider": "provider[\"registry.terraform.io/hashicorp/aws\"]",
      "instances": [
        {
          "schema_version": 0,
          "attributes": {
            "id": "76086537",
            "json": "{\n  \"Version\": \"2012-10-17\",\n  \"Statement\": [\n    {\n      \"Effect\": \"Allow\",\n      \"Action\": \"sts:AssumeRole\",\n      \"Principal\": {\n        \"Service\": \"monitoring.rds.amazonaws.com\"\n      }\n    }\n  ]\n}",
            "minified_json": "{\"Version\":\"2012-10-17\",\"Statement\":[{\"Effect\":\"Allow\",\"Action\":\"sts:AssumeRole\",\"Principal\":{\"Service\":\"monitoring.rds.amazonaws.com\"}}]}",
            "override_json": null,
            "override_policy_documents": null,
            "policy_id": null,
            "source_json": null,
            "source_policy_documents": null,
            "statement": [
              {
                "actions": [
                  "sts:AssumeRole"
                ],
                "condition": [],
                "effect": "Allow",
                "not_actions": [],
                "not_principals": [],
                "not_resources": [],
                "principals": [
                  {
                    "identifiers": [
                      "monitoring.rds.amazonaws.com"
                    ],
                    "type": "Service"
                  }
                ],
                "resources": [],
                "sid": ""
              }
            ],
            "version": "2012-10-17"
          },
          "sensitive_attributes": []
        }
      ]
    },
    {
      "module": "module.rds[\"dev\"].module.db.module.db_instance",
      "mode": "data",
      "type": "aws_partition",
      "name": "current",
      "provider": "provider[\"registry.terraform.io/hashicorp/aws\"]",
      "instances": [
        {
          "schema_version": 0,
          "attributes": {
            "dns_suffix": "amazonaws.com",
            "id": "aws",
            "partition": "aws",
            "reverse_dns_prefix": "com.amazonaws"
          },
          "sensitive_attributes": []
        }
      ]
    },
    {
      "module": "module.rds[\"dev\"].module.db.module.db_instance",
      "mode": "managed",
      "type": "aws_cloudwatch_log_group",
      "name": "this",
      "provider": "provider[\"registry.terraform.io/hashicorp/aws\"]",
      "instances": []
    },
    {
      "module": "module.rds[\"dev\"].module.db.module.db_instance",
      "mode": "managed",
      "type": "aws_iam_role",
      "name": "enhanced_monitoring",
      "provider": "provider[\"registry.terraform.io/hashicorp/aws\"]",
      "instances": [
        {
          "index_key": 0,
          "schema_version": 0,
          "attributes": {
            "arn": "arn:aws:iam::000000000000:role/dev-db1-mon-role",
            "assume_role_policy": "{\"Statement\":[{\"Action\":\"sts:AssumeRole\",\"Effect\":\"Allow\",\"Principal\":{\"Service\":\"monitoring.rds.amazonaws.com\"}}],\"Version\":\"2012-10-17\"}",
            "create_date": "2025-03-05T14:11:47Z",
            "description": "",
            "force_detach_policies": false,
            "id": "dev-db1-mon-role",
            "inline_policy": [],
            "managed_policy_arns": [],
            "max_session_duration": 3600,
            "name": "dev-db1-mon-role",
            "name_prefix": "",
            "path": "/",
            "permissions_boundary": "",
            "tags": {
              "Name": "dev-db1-mon-role"
            },
            "tags_all": {
              "Name": "dev-db1-mon-role",
              "created-by": "path/to/repo"
            },
            "unique_id": "AROAQAAAAAAAE25CRXUUJ"
          },
          "sensitive_attributes": [],
          "private": "bnVsbA==",
          "dependencies": [
            "module.rds.module.db.module.db_instance.data.aws_iam_policy_document.enhanced_monitoring"
          ],
          "create_before_destroy": true
        }
      ]
    },
    {
      "module": "module.rds[\"dev\"].module.db.module.db_instance",
      "mode": "managed",
      "type": "aws_iam_role_policy_attachment",
      "name": "enhanced_monitoring",
      "provider": "provider[\"registry.terraform.io/hashicorp/aws\"]",
      "instances": [
        {
          "index_key": 0,
          "schema_version": 0,
          "attributes": {
            "id": "dev-db1-mon-role-20250305141147292900000004",
            "policy_arn": "arn:aws:iam::aws:policy/service-role/AmazonRDSEnhancedMonitoringRole",
            "role": "dev-db1-mon-role"
          },
          "sensitive_attributes": [],
          "private": "bnVsbA==",
          "dependencies": [
            "module.rds.module.db.module.db_instance.aws_iam_role.enhanced_monitoring",
            "module.rds.module.db.module.db_instance.data.aws_iam_policy_document.enhanced_monitoring",
            "module.rds.module.db.module.db_instance.data.aws_partition.current"
          ],
          "create_before_destroy": true
        }
      ]
    },
    {
      "module": "module.rds[\"dev\"].module.db.module.db_instance",
      "mode": "managed",
      "type": "random_id",
      "name": "snapshot_identifier",
      "provider": "provider[\"registry.terraform.io/hashicorp/random\"]",
      "instances": [
        {
          "index_key": 0,
          "schema_version": 0,
          "attributes": {
            "b64_std": "id0YtA==",
            "b64_url": "id0YtA",
            "byte_length": 4,
            "dec": "2312968372",
            "hex": "89dd18b4",
            "id": "id0YtA",
            "keepers": {
              "id": "dev-db1"
            },
            "prefix": null
          },
          "sensitive_attributes": [],
          "create_before_destroy": true
        }
      ]
    },
    {
      "module": "module.rds[\"dev\"].module.db.module.db_option_group",
      "mode": "managed",
      "type": "aws_db_option_group",
      "name": "this",
      "provider": "provider[\"registry.terraform.io/hashicorp/aws\"]",
      "instances": []
    },
    {
      "module": "module.rds[\"dev\"].module.db.module.db_parameter_group",
      "mode": "managed",
      "type": "aws_db_parameter_group",
      "name": "this",
      "provider": "provider[\"registry.terraform.io/hashicorp/aws\"]",
      "instances": []
    },
    {
      "module": "module.rds[\"dev\"].module.db.module.db_subnet_group",
      "mode": "managed",
      "type": "aws_db_subnet_group",
      "name": "this",
      "provider": "provider[\"registry.terraform.io/hashicorp/aws\"]",
      "instances": []
    },
    {
      "module": "module.rds[\"qa\"].module.db.module.db_instance",
      "mode": "data",
      "type": "aws_iam_policy_document",
      "name": "enhanced_monitoring",
      "provider": "provider[\"registry.terraform.io/hashicorp/aws\"]",
      "instances": [
        {
          "schema_version": 0,
          "attributes": {
            "id": "76086537",
            "json": "{\n  \"Version\": \"2012-10-17\",\n  \"Statement\": [\n    {\n      \"Effect\": \"Allow\",\n      \"Action\": \"sts:AssumeRole\",\n      \"Principal\": {\n        \"Service\": \"monitoring.rds.amazonaws.com\"\n      }\n    }\n  ]\n}",
            "minified_json": "{\"Version\":\"2012-10-17\",\"Statement\":[{\"Effect\":\"Allow\",\"Action\":\"sts:AssumeRole\",\"Principal\":{\"Service\":\"monitoring.rds.amazonaws.com\"}}]}",
            "override_json": null,
            "override_policy_documents": null,
            "policy_id": null,
            "source_json": null,
            "source_policy_documents": null,
            "statement": [
              {
                "actions": [
                  "sts:AssumeRole"
                ],
                "condition": [],
                "effect": "Allow",
                "not_actions": [],
                "not_principals": [],
                "not_resources": [],
                "principals": [
                  {
                    "identifiers": [
                      "monitoring.rds.amazonaws.com"
                    ],
                    "type": "Service"
                  }
                ],
                "resources": [],
                "sid": ""
              }
            ],
            "version": "2012-10-17"
          },
          "sensitive_attributes": []
        }
      ]
    },
    {
      "module": "module.rds[\"qa\"].module.db.module.db_instance",
      "mode": "data",
      "type": "aws_partition",
      "name": "current",
      "provider": "provider[\"registry.terraform.io/hashicorp/aws\"]",
      "instances": [
        {
          "schema_version": 0,
          "attributes": {
            "dns_suffix": "amazonaws.com",
            "id": "aws",
            "partition": "aws",
            "reverse_dns_prefix": "com.amazonaws"
          },
          "sensitive_attributes": []
        }
      ]
    },
    {
      "module": "module.rds[\"qa\"].module.db.module.db_instance",
      "mode": "managed",
      "type": "aws_cloudwatch_log_group",
      "name": "this",
      "provider": "provider[\"registry.terraform.io/hashicorp/aws\"]",
      "instances": []
    },
    {
      "module": "module.rds[\"qa\"].module.db.module.db_instance",
      "mode": "managed",
      "type": "aws_iam_role",
      "name": "enhanced_monitoring",
      "provider": "provider[\"registry.terraform.io/hashicorp/aws\"]",
      "instances": [
        {
          "index_key": 0,
          "schema_version": 0,
          "attributes": {
            "arn": "arn:aws:iam::000000000000:role/qa-db1-mon-role",
            "assume_role_policy": "{\"Statement\":[{\"Action\":\"sts:AssumeRole\",\"Effect\":\"Allow\",\"Principal\":{\"Service\":\"monitoring.rds.amazonaws.com\"}}],\"Version\":\"2012-10-17\"}",
            "create_date": "2025-03-05T14:11:47Z",
            "description": "",
            "force_detach_policies": false,
            "id": "qa-db1-mon-role",
            "inline_policy": [],
            "managed_policy_arns": [],
            "max_session_duration": 3600,
            "name": "qa-db1-mon-role",
            "name_prefix": "",
            "path": "/",
            "permissions_boundary": "",
            "tags": {
              "Name": "qa-db1-mon-role"
            },
            "tags_all": {
              "Name": "qa-db1-mon-role",
              "created-by": "path/to/repo"
            },
            "unique_id": "AROAQAAAAAAAPE4OYPHGA"
          },
          "sensitive_attributes": [],
          "private": "bnVsbA==",
          "dependencies": [
            "module.rds.module.db.module.db_instance.data.aws_iam_policy_document.enhanced_monitoring"
          ],
          "create_before_destroy": true
        }
      ]
    },
    {
      "module": "module.rds[\"qa\"].module.db.module.db_instance",
      "mode": "managed",
      "type": "aws_iam_role_policy_attachment",
      "name": "enhanced_monitoring",
      "provider": "provider[\"registry.terraform.io/hashicorp/aws\"]",
      "instances": [
        {
          "index_key": 0,
          "schema_version": 0,
          "attributes": {
            "id": "qa-db1-mon-role-20250305141147293700000006",
            "policy_arn": "arn:aws:iam::aws:policy/service-role/AmazonRDSEnhancedMonitoringRole",
            "role": "qa-db1-mon-role"
          },
          "sensitive_attributes": [],
          "private": "bnVsbA==",
          "dependencies": [
            "module.rds.module.db.module.db_instance.aws_iam_role.enhanced_monitoring",
            "module.rds.module.db.module.db_instance.data.aws_iam_policy_document.enhanced_monitoring",
            "module.rds.module.db.module.db_instance.data.aws_partition.current"
          ],
          "create_before_destroy": true
        }
      ]
    },
    {
      "module": "module.rds[\"qa\"].module.db.module.db_instance",
      "mode": "managed",
      "type": "random_id",
      "name": "snapshot_identifier",
      "provider": "provider[\"registry.terraform.io/hashicorp/random\"]",
      "instances": [
        {
          "index_key": 0,
          "schema_version": 0,
          "attributes": {
            "b64_std": "nyXbiw==",
            "b64_url": "nyXbiw",
            "byte_length": 4,
            "dec": "2670058379",
            "hex": "9f25db8b",
            "id": "nyXbiw",
            "keepers": {
              "id": "qa-db1"
            },
            "prefix": null
          },
          "sensitive_attributes": [],
          "create_before_destroy": true
        }
      ]
    },
    {
      "module": "module.rds[\"qa\"].module.db.module.db_option_group",
      "mode": "managed",
      "type": "aws_db_option_group",
      "name": "this",
      "provider": "provider[\"registry.terraform.io/hashicorp/aws\"]",
      "instances": []
    },
    {
      "module": "module.rds[\"qa\"].module.db.module.db_parameter_group",
      "mode": "managed",
      "type": "aws_db_parameter_group",
      "name": "this",
      "provider": "provider[\"registry.terraform.io/hashicorp/aws\"]",
      "instances": []
    },
    {
      "module": "module.rds[\"qa\"].module.db.module.db_subnet_group",
      "mode": "managed",
      "type": "aws_db_subnet_group",
      "name": "this",
      "provider": "provider[\"registry.terraform.io/hashicorp/aws\"]",
      "instances": []
    },
    {
      "module": "module.rds[\"staging\"].module.db.module.db_instance",
      "mode": "data",
      "type": "aws_iam_policy_document",
      "name": "enhanced_monitoring",
      "provider": "provider[\"registry.terraform.io/hashicorp/aws\"]",
      "instances": [
        {
          "schema_version": 0,
          "attributes": {
            "id": "76086537",
            "json": "{\n  \"Version\": \"2012-10-17\",\n  \"Statement\": [\n    {\n      \"Effect\": \"Allow\",\n      \"Action\": \"sts:AssumeRole\",\n      \"Principal\": {\n        \"Service\": \"monitoring.rds.amazonaws.com\"\n      }\n    }\n  ]\n}",
            "minified_json": "{\"Version\":\"2012-10-17\",\"Statement\":[{\"Effect\":\"Allow\",\"Action\":\"sts:AssumeRole\",\"Principal\":{\"Service\":\"monitoring.rds.amazonaws.com\"}}]}",
            "override_json": null,
            "override_policy_documents": null,
            "policy_id": null,
            "source_json": null,
            "source_policy_documents": null,
            "statement": [
              {
                "actions": [
                  "sts:AssumeRole"
                ],
                "condition": [],
                "effect": "Allow",
                "not_actions": [],
                "not_principals": [],
                "not_resources": [],
                "principals": [
                  {
                    "identifiers": [
                      "monitoring.rds.amazonaws.com"
                    ],
                    "type": "Service"
                  }
                ],
                "resources": [],
                "sid": ""
              }
            ],
            "version": "2012-10-17"
          },
          "sensitive_attributes": []
        }
      ]
    },
    {
      "module": "module.rds[\"staging\"].module.db.module.db_instance",
      "mode": "data",
      "type": "aws_partition",
      "name": "current",
      "provider": "provider[\"registry.terraform.io/hashicorp/aws\"]",
      "instances": [
        {
          "schema_version": 0,
          "attributes": {
            "dns_suffix": "amazonaws.com",
            "id": "aws",
            "partition": "aws",
            "reverse_dns_prefix": "com.amazonaws"
          },
          "sensitive_attributes": []
        }
      ]
    },
    {
      "module": "module.rds[\"staging\"].module.db.module.db_instance",
      "mode": "managed",
      "type": "aws_cloudwatch_log_group",
      "name": "this",
      "provider": "provider[\"registry.terraform.io/hashicorp/aws\"]",
      "instances": []
    },
    {
      "module": "module.rds[\"staging\"].module.db.module.db_instance",
      "mode": "managed",
      "type": "aws_iam_role",
      "name": "enhanced_monitoring",
      "provider": "provider[\"registry.terraform.io/hashicorp/aws\"]",
      "instances": [
        {
          "index_key": 0,
          "schema_version": 0,
          "attributes": {
            "arn": "arn:aws:iam::000000000000:role/staging-db1-mon-role",
            "assume_role_policy": "{\"Statement\":[{\"Action\":\"sts:AssumeRole\",\"Effect\":\"Allow\",\"Principal\":{\"Service\":\"monitoring.rds.amazonaws.com\"}}],\"Version\":\"2012-10-17\"}",
            "create_date": "2025-03-05T14:11:47Z",
            "description": "",
            "force_detach_policies": false,
            "id": "staging-db1-mon-role",
            "inline_policy": [],
            "managed_policy_arns": [],
            "max_session_duration": 3600,
            "name": "staging-db1-mon-role",
            "name_prefix": "",
            "path": "/",
            "permissions_boundary": "",
            "tags": {
              "Name": "staging-db1-mon-role"
            },
            "tags_all": {
              "Name": "staging-db1-mon-role",
              "created-by": "path/to/repo"
            },
            "unique_id": "AROAQAAAAAAAFOXR2MW3B"
          },
          "sensitive_attributes": [],
          "private": "bnVsbA==",
          "dependencies": [
            "module.rds.module.db.module.db_instance.data.aws_iam_policy_document.enhanced_monitoring"
          ],
          "create_before_destroy": true
        }
      ]
    },
    {
      "module": "module.rds[\"staging\"].module.db.module.db_instance",
      "mode": "managed",
      "type": "aws_iam_role_policy_attachment",
      "name": "enhanced_monitoring",
      "provider": "provider[\"registry.terraform.io/hashicorp/aws\"]",
      "instances": [
        {
          "index_key": 0,
          "schema_version": 0,
          "attributes": {
            "id": "staging-db1-mon-role-20250305141147293000000005",
            "policy_arn": "arn:aws:iam::aws:policy/service-role/AmazonRDSEnhancedMonitoringRole",
            "role": "staging-db1-mon-role"
          },
          "sensitive_attributes": [],
          "private": "bnVsbA==",
          "dependencies": [
            "module.rds.module.db.module.db_instance.aws_iam_role.enhanced_monitoring",
            "module.rds.module.db.module.db_instance.data.aws_iam_policy_document.enhanced_monitoring",
            "module.rds.module.db.module.db_instance.data.aws_partition.current"
          ],
          "create_before_destroy": true
        }
      ]
    },
    {
      "module": "module.rds[\"staging\"].module.db.module.db_instance",
      "mode": "managed",
      "type": "random_id",
      "name": "snapshot_identifier",
      "provider": "provider[\"registry.terraform.io/hashicorp/random\"]",
      "instances": [
        {
          "index_key": 0,
          "schema_version": 0,
          "attributes": {
            "b64_std": "LslJjQ==",
            "b64_url": "LslJjQ",
            "byte_length": 4,
            "dec": "784943501",
            "hex": "2ec9498d",
            "id": "LslJjQ",
            "keepers": {
              "id": "staging-db1"
            },
            "prefix": null
          },
          "sensitive_attributes": [],
          "create_before_destroy": true
        }
      ]
    },
    {
      "module": "module.rds[\"staging\"].module.db.module.db_option_group",
      "mode": "managed",
      "type": "aws_db_option_group",
      "name": "this",
      "provider": "provider[\"registry.terraform.io/hashicorp/aws\"]",
      "instances": []
    },
    {
      "module": "module.rds[\"staging\"].module.db.module.db_parameter_group",
      "mode": "managed",
      "type": "aws_db_parameter_group",
      "name": "this",
      "provider": "provider[\"registry.terraform.io/hashicorp/aws\"]",
      "instances": []
    },
    {
      "module": "module.rds[\"staging\"].module.db.module.db_subnet_group",
      "mode": "managed",
      "type": "aws_db_subnet_group",
      "name": "this",
      "provider": "provider[\"registry.terraform.io/hashicorp/aws\"]",
      "instances": []
    },
    {
      "module": "module.s3_buckets[\"dev-assets\"]",
      "mode": "data",
      "type": "aws_caller_identity",
      "name": "current",
      "provider": "provider[\"registry.terraform.io/hashicorp/aws\"]",
      "instances": [
        {
          "schema_version": 0,
          "attributes": {
            "account_id": "000000000000",
            "arn": "arn:aws:iam::000000000000:root",
            "id": "000000000000",
            "user_id": "AKIAIOSFODNN7EXAMPLE"
          },
          "sensitive_attributes": []
        }
      ]
    },
    {
      "module": "module.s3_buckets[\"dev-assets\"]",
      "mode": "data",
      "type": "aws_iam_policy_document",
      "name": "kms_policy",
      "provider": "provider[\"registry.terraform.io/hashicorp/aws\"]",
      "instances": [
        {
          "schema_version": 0,
          "attributes": {
            "id": "2659249007",
            "json": "{\n  \"Version\": \"2012-10-17\",\n  \"Statement\": [\n    {\n      \"Sid\": \"kms\",\n      \"Effect\": \"Allow\",\n      \"Action\": [\n        \"kms:GenerateDataKey*\",\n        \"kms:Encrypt\",\n        \"kms:Decrypt\"\n      ],\n      \"Resource\": \"*\",\n      \"Principal\": {\n        \"AWS\": \"arn:aws:iam::000000000000:role/s3_access\"\n      }\n    }\n  ]\n}",
            "minified_json": "{\"Version\":\"2012-10-17\",\"Statement\":[{\"Sid\":\"kms\",\"Effect\":\"Allow\",\"Action\":[\"kms:GenerateDataKey*\",\"kms:Encrypt\",\"kms:Decrypt\"],\"Resource\":\"*\",\"Principal\":{\"AWS\":\"arn:aws:iam::000000000000:role/s3_access\"}}]}",
            "override_json": null,
            "override_policy_documents": null,
            "policy_id": null,
            "source_json": null,
            "source_policy_documents": null,
            "statement": [
              {
                "actions": [
                  "kms:Decrypt",
                  "kms:Encrypt",
                  "kms:GenerateDataKey*"
                ],
                "condition": [],
                "effect": "Allow",
                "not_actions": [],
                "not_principals": [],
                "not_resources": [],
                "principals": [
                  {
                    "identifiers": [
                      "arn:aws:iam::000000000000:role/s3_access"
                    ],
                    "type": "AWS"
                  }
                ],
                "resources": [
                  "*"
                ],
                "sid": "kms"
              }
            ],
            "version": "2012-10-17"
          },
          "sensitive_attributes": []
        }
      ]
    },
    {
      "module": "module.s3_buckets[\"dev-assets\"]",
      "mode": "data",
      "type": "aws_iam_policy_document",
      "name": "s3_policy",
      "provider": "provider[\"registry.terraform.io/hashicorp/aws\"]",
      "instances": [
        {
          "schema_version": 0,
          "attributes": {
            "id": "2533072119",
            "json": "{\n  \"Version\": \"2012-10-17\",\n  \"Statement\": [\n    {\n      \"Sid\": \"s3\",\n      \"Effect\": \"Allow\",\n      \"Action\": [\n        \"s3:PutObject\",\n        \"s3:ListBucket\",\n        \"s3:GetObject\",\n        \"s3:DeleteObject\"\n      ],\n      \"Resource\": \"arn:aws:s3:::dev-assets-assets-bucket\",\n      \"Principal\": {\n        \"AWS\": \"arn:aws:iam::000000000000:role/s3_access\"\n      }\n    }\n  ]\n}",
            "minified_json": "{\"Version\":\"2012-10-17\",\"Statement\":[{\"Sid\":\"s3\",\"Effect\":\"Allow\",\"Action\":[\"s3:PutObject\",\"s3:ListBucket\",\"s3:GetObject\",\"s3:DeleteObject\"],\"Resource\":\"arn:aws:s3:::dev-assets-assets-bucket\",\"Principal\":{\"AWS\":\"arn:aws:iam::000000000000:role/s3_access\"}}]}",
            "override_json": null,
            "override_policy_documents": null,
            "policy_id": null,
            "source_json": null,
            "source_policy_documents": null,
            "statement": [
              {
                "actions": [
                  "s3:DeleteObject",
                  "s3:GetObject",
                  "s3:ListBucket",
                  "s3:PutObject"
                ],
                "condition": [],
                "effect": "Allow",
                "not_actions": [],
                "not_principals": [],
                "not_resources": [],
                "principals": [
                  {
                    "identifiers": [
                      "arn:aws:iam::000000000000:role/s3_access"
                    ],
                    "type": "AWS"
                  }
                ],
                "resources": [
                  "arn:aws:s3:::dev-assets-assets-bucket"
                ],
                "sid": "s3"
              }
            ],
            "version": "2012-10-17"
          },
          "sensitive_attributes": []
        }
      ]
    },
    {
      "module": "module.s3_buckets[\"dev-assets\"]",
      "mode": "data",
      "type": "aws_iam_policy_document",
      "name": "s3_replication_policy_document",
      "provider": "provider[\"registry.terraform.io/hashicorp/aws\"]",
      "instances": [
        {
          "index_key": 0,
          "schema_version": 0,
          "attributes": {
            "id": "586352672",
            "json": "{\n  \"Version\": \"2012-10-17\",\n  \"Statement\": [\n    {\n      \"Sid\": \"sourceBucketPerms\",\n      \"Effect\": \"Allow\",\n      \"Action\": [\n        \"s3:ListBucket\",\n        \"s3:GetReplicationConfiguration\"\n      ],\n      \"Resource\": \"arn:aws:s3:::dev-assets-assets-bucket\"\n    },\n    {\n      \"Sid\": \"sourceBucketObjectPerms\",\n      \"Effect\": \"Allow\",\n      \"Action\": [\n        \"s3:GetObjectVersionAcl\",\n        \"s3:GetObjectVersion\"\n      ],\n      \"Resource\": \"arn:aws:s3:::dev-assets-assets-bucket/*\"\n    }\n  ]\n}",
            "minified_json": "{\"Version\":\"2012-10-17\",\"Statement\":[{\"Sid\":\"sourceBucketPerms\",\"Effect\":\"Allow\",\"Action\":[\"s3:ListBucket\",\"s3:GetReplicationConfiguration\"],\"Resource\":\"arn:aws:s3:::dev-assets-assets-bucket\"},{\"Sid\":\"sourceBucketObjectPerms\",\"Effect\":\"Allow\",\"Action\":[\"s3:GetObjectVersionAcl\",\"s3:GetObjectVersion\"],\"Resource\":\"arn:aws:s3:::dev-assets-assets-bucket/*\"}]}",
            "override_json": null,
            "override_policy_documents": null,
            "policy_id": null,
            "source_json": null,
            "source_policy_documents": null,
            "statement": [
              {
                "actions": [
                  "s3:GetReplicationConfiguration",
                  "s3:ListBucket"
                ],
                "condition": [],
                "effect": "Allow",
                "not_actions": [],
                "not_principals": [],
                "not_resources": [],
                "principals": [],
                "resources": [
                  "arn:aws:s3:::dev-assets-assets-bucket"
                ],
                "sid": "sourceBucketPerms"
              },
              {
                "actions": [
                  "s3:GetObjectVersion",
                  "s3:GetObjectVersionAcl"
                ],
                "condition": [],
                "effect": "Allow",
                "not_actions": [],
                "not_principals": [],
                "not_resources": [],
                "principals": [],
                "resources": [
                  "arn:aws:s3:::dev-assets-assets-bucket/*"
                ],
                "sid": "sourceBucketObjectPerms"
              }
            ],
            "version": "2012-10-17"
          },
          "sensitive_attributes": []
        },
        {
          "index_key": 1,
          "schema_version": 0,
          "attributes": {
            "id": "586352672",
            "json": "{\n  \"Version\": \"2012-10-17\",\n  \"Statement\": [\n    {\n      \"Sid\": \"sourceBucketPerms\",\n      \"Effect\": \"Allow\",\n      \"Action\": [\n        \"s3:ListBucket\",\n        \"s3:GetReplicationConfiguration\"\n      ],\n      \"Resource\": \"arn:aws:s3:::dev-assets-assets-bucket\"\n    },\n    {\n      \"Sid\": \"sourceBucketObjectPerms\",\n      \"Effect\": \"Allow\",\n      \"Action\": [\n        \"s3:GetObjectVersionAcl\",\n        \"s3:GetObjectVersion\"\n      ],\n      \"Resource\": \"arn:aws:s3:::dev-assets-assets-bucket/*\"\n    }\n  ]\n}",
            "minified_json": "{\"Version\":\"2012-10-17\",\"Statement\":[{\"Sid\":\"sourceBucketPerms\",\"Effect\":\"Allow\",\"Action\":[\"s3:ListBucket\",\"s3:GetReplicationConfiguration\"],\"Resource\":\"arn:aws:s3:::dev-assets-assets-bucket\"},{\"Sid\":\"sourceBucketObjectPerms\",\"Effect\":\"Allow\",\"Action\":[\"s3:GetObjectVersionAcl\",\"s3:GetObjectVersion\"],\"Resource\":\"arn:aws:s3:::dev-assets-assets-bucket/*\"}]}",
            "override_json": null,
            "override_policy_documents": null,
            "policy_id": null,
            "source_json": null,
            "source_policy_documents": null,
            "statement": [
              {
                "actions": [
                  "s3:GetReplicationConfiguration",
                  "s3:ListBucket"
                ],
                "condition": [],
                "effect": "Allow",
                "not_actions": [],
                "not_principals": [],
                "not_resources": [],
                "principals": [],
                "resources": [
                  "arn:aws:s3:::dev-assets-assets-bucket"
                ],
                "sid": "sourceBucketPerms"
              },
              {
                "actions": [
                  "s3:GetObjectVersion",
                  "s3:GetObjectVersionAcl"
                ],
                "condition": [],
                "effect": "Allow",
                "not_actions": [],
                "not_principals": [],
                "not_resources": [],
                "principals": [],
                "resources": [
                  "arn:aws:s3:::dev-assets-assets-bucket/*"
                ],
                "sid": "sourceBucketObjectPerms"
              }
            ],
            "version": "2012-10-17"
          },
          "sensitive_attributes": []
        }
      ]
    },
    {
      "module": "module.s3_buckets[\"dev-assets\"]",
      "mode": "managed",
      "type": "aws_iam_policy",
      "name": "s3_replication_policy",
      "provider": "provider[\"registry.terraform.io/hashicorp/aws\"]",
      "instances": [
        {
          "index_key": 0,
          "schema_version": 0,
          "attributes": {
            "arn": "arn:aws:iam::000000000000:policy/s3-replication-policy-everything-with-filter",
            "attachment_count": 0,
            "description": "",
            "id": "arn:aws:iam::000000000000:policy/s3-replication-policy-everything-with-filter",
            "name": "s3-replication-policy-everything-with-filter",
            "name_prefix": "",
            "path": "/",
            "policy": "{\"Statement\":[{\"Action\":[\"s3:ListBucket\",\"s3:GetReplicationConfiguration\"],\"Effect\":\"Allow\",\"Resource\":\"arn:aws:s3:::dev-assets-assets-bucket\",\"Sid\":\"sourceBucketPerms\"},{\"Action\":[\"s3:GetObjectVersionAcl\",\"s3:GetObjectVersion\"],\"Effect\":\"Allow\",\"Resource\":\"arn:aws:s3:::dev-assets-assets-bucket/*\",\"Sid\":\"sourceBucketObjectPerms\"}],\"Version\":\"2012-10-17\"}",
            "policy_id": "AFW74DDQNDIQ3TZJG03SV",
            "tags": null,
            "tags_all": {
              "created-by": "path/to/repo"
            }
          },
          "sensitive_attributes": [],
          "private": "bnVsbA==",
          "dependencies": [
            "module.dr_s3_buckets.aws_iam_policy.s3_replication_policy",
            "module.dr_s3_buckets.aws_iam_role.s3_replication_role",
            "module.dr_s3_buckets.aws_iam_role_policy_attachment.s3_replication_attachment",
            "module.dr_s3_buckets.aws_kms_alias.objects",
            "module.dr_s3_buckets.aws_kms_key.objects",
            "module.dr_s3_buckets.aws_s3_bucket_policy.s3_policy",
            "module.dr_s3_buckets.aws_s3_bucket_replication_configuration.this",
            "module.dr_s3_buckets.data.aws_caller_identity.current",
            "module.dr_s3_buckets.data.aws_iam_policy_document.kms_policy",
            "module.dr_s3_buckets.data.aws_iam_policy_document.s3_policy",
            "module.dr_s3_buckets.data.aws_iam_policy_document.s3_replication_policy_document",
            "module.dr_s3_buckets.module.s3_bucket.aws_s3_bucket.this",
            "module.dr_s3_buckets.module.s3_bucket.aws_s3_bucket_accelerate_configuration.this",
            "module.dr_s3_buckets.module.s3_bucket.aws_s3_bucket_acl.this",
            "module.dr_s3_buckets.module.s3_bucket.aws_s3_bucket_analytics_configuration.this",
            "module.dr_s3_buckets.module.s3_bucket.aws_s3_bucket_cors_configuration.this",
            "module.dr_s3_buckets.module.s3_bucket.aws_s3_bucket_intelligent_tiering_configuration.this",
            "module.dr_s3_buckets.module.s3_bucket.aws_s3_bucket_inventory.this",
            "module.dr_s3_buckets.module.s3_bucket.aws_s3_bucket_lifecycle_configuration.this",
            "module.dr_s3_buckets.module.s3_bucket.aws_s3_bucket_logging.this",
            "module.dr_s3_buckets.module.s3_bucket.aws_s3_bucket_metric.this",
            "module.dr_s3_buckets.module.s3_bucket.aws_s3_bucket_object_lock_configuration.this",
            "module.dr_s3_buckets.module.s3_bucket.aws_s3_bucket_ownership_controls.this",
            "module.dr_s3_buckets.module.s3_bucket.aws_s3_bucket_policy.this",
            "module.dr_s3_buckets.module.s3_bucket.aws_s3_bucket_public_access_block.this",
            "module.dr_s3_buckets.module.s3_bucket.aws_s3_bucket_replication_configuration.this",
            "module.dr_s3_buckets.module.s3_bucket.aws_s3_bucket_request_payment_configuration.this",
            "module.dr_s3_buckets.module.s3_bucket.aws_s3_bucket_server_side_encryption_configuration.this",
            "module.dr_s3_buckets.module.s3_bucket.aws_s3_bucket_versioning.this",
            "module.dr_s3_buckets.module.s3_bucket.aws_s3_bucket_website_configuration.this",
            "module.dr_s3_buckets.module.s3_bucket.aws_s3_directory_bucket.this",
            "module.dr_s3_buckets.module.s3_bucket.data.aws_caller_identity.current",
            "module.dr_s3_buckets.module.s3_bucket.data.aws_canonical_user_id.this",
            "module.dr_s3_buckets.module.s3_bucket.data.aws_iam_policy_document.access_log_delivery",
            "module.dr_s3_buckets.module.s3_bucket.data.aws_iam_policy_document.combined",
            "module.dr_s3_buckets.module.s3_bucket.data.aws_iam_policy_document.deny_incorrect_encryption_headers",
            "module.dr_s3_buckets.module.s3_bucket.data.aws_iam_policy_document.deny_incorrect_kms_key_sse",
            "module.dr_s3_buckets.module.s3_bucket.data.aws_iam_policy_document.deny_insecure_transport",
            "module.dr_s3_buckets.module.s3_bucket.data.aws_iam_policy_document.deny_ssec_encrypted_object_uploads",
            "module.dr_s3_buckets.module.s3_bucket.data.aws_iam_policy_document.deny_unencrypted_object_uploads",
            "module.dr_s3_buckets.module.s3_bucket.data.aws_iam_policy_document.elb_log_delivery",
            "module.dr_s3_buckets.module.s3_bucket.data.aws_iam_policy_document.inventory_and_analytics_destination_policy",
            "module.dr_s3_buckets.module.s3_bucket.data.aws_iam_policy_document.lb_log_delivery",
            "module.dr_s3_buckets.module.s3_bucket.data.aws_iam_policy_document.require_latest_tls",
            "module.dr_s3_buckets.module.s3_bucket.data.aws_partition.current",
            "module.dr_s3_buckets.module.s3_bucket.data.aws_region.current",
            "module.s3_buckets.aws_iam_role.s3_replication_role",
            "module.s3_buckets.data.aws_iam_policy_document.s3_replication_policy_document",
            "module.s3_buckets.module.s3_bucket.aws_s3_bucket.this"
          ]
        },
        {
          "index_key": 1,
          "schema_version": 0,
          "attributes": {
            "arn": "arn:aws:iam::000000000000:policy/s3-replication-policy-everything-without-filters",
            "attachment_count": 0,
            "description": "",
            "id": "arn:aws:iam::000000000000:policy/s3-replication-policy-everything-without-filters",
            "name": "s3-replication-policy-everything-without-filters",
            "name_prefix": "",
            "path": "/",
            "policy": "{\"Statement\":[{\"Action\":[\"s3:ListBucket\",\"s3:GetReplicationConfiguration\"],\"Effect\":\"Allow\",\"Resource\":\"arn:aws:s3:::dev-assets-assets-bucket\",\"Sid\":\"sourceBucketPerms\"},{\"Action\":[\"s3:GetObjectVersionAcl\",\"s3:GetObjectVersion\"],\"Effect\":\"Allow\",\"Resource\":\"arn:aws:s3:::dev-assets-assets-bucket/*\",\"Sid\":\"sourceBucketObjectPerms\"}],\"Version\":\"2012-10-17\"}",
            "policy_id": "A9BAEZJIZE654BQ8P1SMA",
            "tags": null,
            "tags_all": {
              "created-by": "path/to/repo"
            }
          },
          "sensitive_attributes": [],
          "private": "bnVsbA==",
          "dependencies": [
            "module.dr_s3_buckets.aws_iam_policy.s3_replication_policy",
            "module.dr_s3_buckets.aws_iam_role.s3_replication_role",
            "module.dr_s3_buckets.aws_iam_role_policy_attachment.s3_replication_attachment",
            "module.dr_s3_buckets.aws_kms_alias.objects",
            "module.dr_s3_buckets.aws_kms_key.objects",
            "module.dr_s3_buckets.aws_s3_bucket_policy.s3_policy",
            "module.dr_s3_buckets.aws_s3_bucket_replication_configuration.this",
            "module.dr_s3_buckets.data.aws_caller_identity.current",
            "module.dr_s3_buckets.data.aws_iam_policy_document.kms_policy",
            "module.dr_s3_buckets.data.aws_iam_policy_document.s3_policy",
            "module.dr_s3_buckets.data.aws_iam_policy_document.s3_replication_policy_document",
            "module.dr_s3_buckets.module.s3_bucket.aws_s3_bucket.this",
            "module.dr_s3_buckets.module.s3_bucket.aws_s3_bucket_accelerate_configuration.this",
            "module.dr_s3_buckets.module.s3_bucket.aws_s3_bucket_acl.this",
            "module.dr_s3_buckets.module.s3_bucket.aws_s3_bucket_analytics_configuration.this",
            "module.dr_s3_buckets.module.s3_bucket.aws_s3_bucket_cors_configuration.this",
            "module.dr_s3_buckets.module.s3_bucket.aws_s3_bucket_intelligent_tiering_configuration.this",
            "module.dr_s3_buckets.module.s3_bucket.aws_s3_bucket_inventory.this",
            "module.dr_s3_buckets.module.s3_bucket.aws_s3_bucket_lifecycle_configuration.this",
            "module.dr_s3_buckets.module.s3_bucket.aws_s3_bucket_logging.this",
            "module.dr_s3_buckets.module.s3_bucket.aws_s3_bucket_metric.this",
            "module.dr_s3_buckets.module.s3_bucket.aws_s3_bucket_object_lock_configuration.this",
            "module.dr_s3_buckets.module.s3_bucket.aws_s3_bucket_ownership_controls.this",
            "module.dr_s3_buckets.module.s3_bucket.aws_s3_bucket_policy.this",
            "module.dr_s3_buckets.module.s3_bucket.aws_s3_bucket_public_access_block.this",
            "module.dr_s3_buckets.module.s3_bucket.aws_s3_bucket_replication_configuration.this",
            "module.dr_s3_buckets.module.s3_bucket.aws_s3_bucket_request_payment_configuration.this",
            "module.dr_s3_buckets.module.s3_bucket.aws_s3_bucket_server_side_encryption_configuration.this",
            "module.dr_s3_buckets.module.s3_bucket.aws_s3_bucket_versioning.this",
            "module.dr_s3_buckets.module.s3_bucket.aws_s3_bucket_website_configuration.this",
            "module.dr_s3_buckets.module.s3_bucket.aws_s3_directory_bucket.this",
            "module.dr_s3_buckets.module.s3_bucket.data.aws_caller_identity.current",
            "module.dr_s3_buckets.module.s3_bucket.data.aws_canonical_user_id.this",
            "module.dr_s3_buckets.module.s3_bucket.data.aws_iam_policy_document.access_log_delivery",
            "module.dr_s3_buckets.module.s3_bucket.data.aws_iam_policy_document.combined",
            "module.dr_s3_buckets.module.s3_bucket.data.aws_iam_policy_document.deny_incorrect_encryption_headers",
            "module.dr_s3_buckets.module.s3_bucket.data.aws_iam_policy_document.deny_incorrect_kms_key_sse",
            "module.dr_s3_buckets.module.s3_bucket.data.aws_iam_policy_document.deny_insecure_transport",
            "module.dr_s3_buckets.module.s3_bucket.data.aws_iam_policy_document.deny_ssec_encrypted_object_uploads",
            "module.dr_s3_buckets.module.s3_bucket.data.aws_iam_policy_document.deny_unencrypted_object_uploads",
            "module.dr_s3_buckets.module.s3_bucket.data.aws_iam_policy_document.elb_log_delivery",
            "module.dr_s3_buckets.module.s3_bucket.data.aws_iam_policy_document.inventory_and_analytics_destination_policy",
            "module.dr_s3_buckets.module.s3_bucket.data.aws_iam_policy_document.lb_log_delivery",
            "module.dr_s3_buckets.module.s3_bucket.data.aws_iam_policy_document.require_latest_tls",
            "module.dr_s3_buckets.module.s3_bucket.data.aws_partition.current",
            "module.dr_s3_buckets.module.s3_bucket.data.aws_region.current",
            "module.s3_buckets.aws_iam_role.s3_replication_role",
            "module.s3_buckets.data.aws_iam_policy_document.s3_replication_policy_document",
            "module.s3_buckets.module.s3_bucket.aws_s3_bucket.this"
          ]
        }
      ]
    },
    {
      "module": "module.s3_buckets[\"dev-assets\"]",
      "mode": "managed",
      "type": "aws_iam_role",
      "name": "s3_replication_role",
      "provider": "provider[\"registry.terraform.io/hashicorp/aws\"]",
      "instances": [
        {
          "index_key": 0,
          "schema_version": 0,
          "attributes": {
            "arn": "arn:aws:iam::000000000000:role/dev-assets-assets-bucket-replication-role",
            "assume_role_policy": "{\"Statement\":[{\"Action\":\"sts:AssumeRole\",\"Effect\":\"Allow\",\"Principal\":{\"Service\":\"s3.amazonaws.com\"},\"Sid\":\"\"}],\"Version\":\"2012-10-17\"}",
            "create_date": "2025-03-05T14:11:59Z",
            "description": "",
            "force_detach_policies": false,
            "id": "dev-assets-assets-bucket-replication-role",
            "inline_policy": [],
            "managed_policy_arns": [],
            "max_session_duration": 3600,
            "name": "dev-assets-assets-bucket-replication-role",
            "name_prefix": "",
            "path": "/",
            "permissions_boundary": "",
            "tags": null,
            "tags_all": {
              "created-by": "path/to/repo"
            },
            "unique_id": "AROAQAAAAAAAMU35OSIK2"
          },
          "sensitive_attributes": [],
          "private": "bnVsbA==",
          "dependencies": [
            "module.dr_s3_buckets.aws_iam_policy.s3_replication_policy",
            "module.dr_s3_buckets.aws_iam_role.s3_replication_role",
            "module.dr_s3_buckets.aws_iam_role_policy_attachment.s3_replication_attachment",
            "module.dr_s3_buckets.aws_kms_alias.objects",
            "module.dr_s3_buckets.aws_kms_key.objects",
            "module.dr_s3_buckets.aws_s3_bucket_policy.s3_policy",
            "module.dr_s3_buckets.aws_s3_bucket_replication_configuration.this",
            "module.dr_s3_buckets.data.aws_caller_identity.current",
            "module.dr_s3_buckets.data.aws_iam_policy_document.kms_policy",
            "module.dr_s3_buckets.data.aws_iam_policy_document.s3_policy",
            "module.dr_s3_buckets.data.aws_iam_policy_document.s3_replication_policy_document",
            "module.dr_s3_buckets.module.s3_bucket.aws_s3_bucket.this",
            "module.dr_s3_buckets.module.s3_bucket.aws_s3_bucket_accelerate_configuration.this",
            "module.dr_s3_buckets.module.s3_bucket.aws_s3_bucket_acl.this",
            "module.dr_s3_buckets.module.s3_bucket.aws_s3_bucket_analytics_configuration.this",
            "module.dr_s3_buckets.module.s3_bucket.aws_s3_bucket_cors_configuration.this",
            "module.dr_s3_buckets.module.s3_bucket.aws_s3_bucket_intelligent_tiering_configuration.this",
            "module.dr_s3_buckets.module.s3_bucket.aws_s3_bucket_inventory.this",
            "module.dr_s3_buckets.module.s3_bucket.aws_s3_bucket_lifecycle_configuration.this",
            "module.dr_s3_buckets.module.s3_bucket.aws_s3_bucket_logging.this",
            "module.dr_s3_buckets.module.s3_bucket.aws_s3_bucket_metric.this",
            "module.dr_s3_buckets.module.s3_bucket.aws_s3_bucket_object_lock_configuration.this",
            "module.dr_s3_buckets.module.s3_bucket.aws_s3_bucket_ownership_controls.this",
            "module.dr_s3_buckets.module.s3_bucket.aws_s3_bucket_policy.this",
            "module.dr_s3_buckets.module.s3_bucket.aws_s3_bucket_public_access_block.this",
            "module.dr_s3_buckets.module.s3_bucket.aws_s3_bucket_replication_configuration.this",
            "module.dr_s3_buckets.module.s3_bucket.aws_s3_bucket_request_payment_configuration.this",
            "module.dr_s3_buckets.module.s3_bucket.aws_s3_bucket_server_side_encryption_configuration.this",
            "module.dr_s3_buckets.module.s3_bucket.aws_s3_bucket_versioning.this",
            "module.dr_s3_buckets.module.s3_bucket.aws_s3_bucket_website_configuration.this",
            "module.dr_s3_buckets.module.s3_bucket.aws_s3_directory_bucket.this",
            "module.dr_s3_buckets.module.s3_bucket.data.aws_caller_identity.current",
            "module.dr_s3_buckets.module.s3_bucket.data.aws_canonical_user_id.this",
            "module.dr_s3_buckets.module.s3_bucket.data.aws_iam_policy_document.access_log_delivery",
            "module.dr_s3_buckets.module.s3_bucket.data.aws_iam_policy_document.combined",
            "module.dr_s3_buckets.module.s3_bucket.data.aws_iam_policy_document.deny_incorrect_encryption_headers",
            "module.dr_s3_buckets.module.s3_bucket.data.aws_iam_policy_document.deny_incorrect_kms_key_sse",
            "module.dr_s3_buckets.module.s3_bucket.data.aws_iam_policy_document.deny_insecure_transport",
            "module.dr_s3_buckets.module.s3_bucket.data.aws_iam_policy_document.deny_ssec_encrypted_object_uploads",
            "module.dr_s3_buckets.module.s3_bucket.data.aws_iam_policy_document.deny_unencrypted_object_uploads",
            "module.dr_s3_buckets.module.s3_bucket.data.aws_iam_policy_document.elb_log_delivery",
            "module.dr_s3_buckets.module.s3_bucket.data.aws_iam_policy_document.inventory_and_analytics_destination_policy",
            "module.dr_s3_buckets.module.s3_bucket.data.aws_iam_policy_document.lb_log_delivery",
            "module.dr_s3_buckets.module.s3_bucket.data.aws_iam_policy_document.require_latest_tls",
            "module.dr_s3_buckets.module.s3_bucket.data.aws_partition.current",
            "module.dr_s3_buckets.module.s3_bucket.data.aws_region.current"
          ]
        }
      ]
    },
    {
      "module": "module.s3_buckets[\"dev-assets\"]",
      "mode": "managed",
      "type": "aws_iam_role_policy_attachment",
      "name": "s3_replication_attachment",
      "provider": "provider[\"registry.terraform.io/hashicorp/aws\"]",
      "instances": [
        {
          "index_key": 0,
          "schema_version": 0,
          "attributes": {
            "id": "dev-assets-assets-bucket-replication-role-20250305141200132900000007",
            "policy_arn": "arn:aws:iam::000000000000:policy/s3-replication-policy-everything-with-filter",
            "role": "dev-assets-assets-bucket-replication-role"
          },
          "sensitive_attributes": [],
          "private": "bnVsbA==",
          "dependencies": [
            "module.dr_s3_buckets.aws_iam_policy.s3_replication_policy",
            "module.dr_s3_buckets.aws_iam_role.s3_replication_role",
            "module.dr_s3_buckets.aws_iam_role_policy_attachment.s3_replication_attachment",
            "module.dr_s3_buckets.aws_kms_alias.objects",
            "module.dr_s3_buckets.aws_kms_key.objects",
            "module.dr_s3_buckets.aws_s3_bucket_policy.s3_policy",
            "module.dr_s3_buckets.aws_s3_bucket_replication_configuration.this",
            "module.dr_s3_buckets.data.aws_caller_identity.current",
            "module.dr_s3_buckets.data.aws_iam_policy_document.kms_policy",
            "module.dr_s3_buckets.data.aws_iam_policy_document.s3_policy",
            "module.dr_s3_buckets.data.aws_iam_policy_document.s3_replication_policy_document",
            "module.dr_s3_buckets.module.s3_bucket.aws_s3_bucket.this",
            "module.dr_s3_buckets.module.s3_bucket.aws_s3_bucket_accelerate_configuration.this",
            "module.dr_s3_buckets.module.s3_bucket.aws_s3_bucket_acl.this",
            "module.dr_s3_buckets.module.s3_bucket.aws_s3_bucket_analytics_configuration.this",
            "module.dr_s3_buckets.module.s3_bucket.aws_s3_bucket_cors_configuration.this",
            "module.dr_s3_buckets.module.s3_bucket.aws_s3_bucket_intelligent_tiering_configuration.this",
            "module.dr_s3_buckets.module.s3_bucket.aws_s3_bucket_inventory.this",
            "module.dr_s3_buckets.module.s3_bucket.aws_s3_bucket_lifecycle_configuration.this",
            "module.dr_s3_buckets.module.s3_bucket.aws_s3_bucket_logging.this",
            "module.dr_s3_buckets.module.s3_bucket.aws_s3_bucket_metric.this",
            "module.dr_s3_buckets.module.s3_bucket.aws_s3_bucket_object_lock_configuration.this",
            "module.dr_s3_buckets.module.s3_bucket.aws_s3_bucket_ownership_controls.this",
            "module.dr_s3_buckets.module.s3_bucket.aws_s3_bucket_policy.this",
            "module.dr_s3_buckets.module.s3_bucket.aws_s3_bucket_public_access_block.this",
            "module.dr_s3_buckets.module.s3_bucket.aws_s3_bucket_replication_configuration.this",
            "module.dr_s3_buckets.module.s3_bucket.aws_s3_bucket_request_payment_configuration.this",
            "module.dr_s3_buckets.module.s3_bucket.aws_s3_bucket_server_side_encryption_configuration.this",
            "module.dr_s3_buckets.module.s3_bucket.aws_s3_bucket_versioning.this",
            "module.dr_s3_buckets.module.s3_bucket.aws_s3_bucket_website_configuration.this",
            "module.dr_s3_buckets.module.s3_bucket.aws_s3_directory_bucket.this",
            "module.dr_s3_buckets.module.s3_bucket.data.aws_caller_identity.current",
            "module.dr_s3_buckets.module.s3_bucket.data.aws_canonical_user_id.this",
            "module.dr_s3_buckets.module.s3_bucket.data.aws_iam_policy_document.access_log_delivery",
            "module.dr_s3_buckets.module.s3_bucket.data.aws_iam_policy_document.combined",
            "module.dr_s3_buckets.module.s3_bucket.data.aws_iam_policy_document.deny_incorrect_encryption_headers",
            "module.dr_s3_buckets.module.s3_bucket.data.aws_iam_policy_document.deny_incorrect_kms_key_sse",
            "module.dr_s3_buckets.module.s3_bucket.data.aws_iam_policy_document.deny_insecure_transport",
            "module.dr_s3_buckets.module.s3_bucket.data.aws_iam_policy_document.deny_ssec_encrypted_object_uploads",
            "module.dr_s3_buckets.module.s3_bucket.data.aws_iam_policy_document.deny_unencrypted_object_uploads",
            "module.dr_s3_buckets.module.s3_bucket.data.aws_iam_policy_document.elb_log_delivery",
            "module.dr_s3_buckets.module.s3_bucket.data.aws_iam_policy_document.inventory_and_analytics_destination_policy",
            "module.dr_s3_buckets.module.s3_bucket.data.aws_iam_policy_document.lb_log_delivery",
            "module.dr_s3_buckets.module.s3_bucket.data.aws_iam_policy_document.require_latest_tls",
            "module.dr_s3_buckets.module.s3_bucket.data.aws_partition.current",
            "module.dr_s3_buckets.module.s3_bucket.data.aws_region.current",
            "module.s3_buckets.aws_iam_policy.s3_replication_policy",
            "module.s3_buckets.aws_iam_role.s3_replication_role",
            "module.s3_buckets.data.aws_iam_policy_document.s3_replication_policy_document",
            "module.s3_buckets.module.s3_bucket.aws_s3_bucket.this"
          ]
        },
        {
          "index_key": 1,
          "schema_version": 0,
          "attributes": {
            "id": "dev-assets-assets-bucket-replication-role-20250305141200135600000008",
            "policy_arn": "arn:aws:iam::000000000000:policy/s3-replication-policy-everything-without-filters",
            "role": "dev-assets-assets-bucket-replication-role"
          },
          "sensitive_attributes": [],
          "private": "bnVsbA==",
          "dependencies": [
            "module.dr_s3_buckets.aws_iam_policy.s3_replication_policy",
            "module.dr_s3_buckets.aws_iam_role.s3_replication_role",
            "module.dr_s3_buckets.aws_iam_role_policy_attachment.s3_replication_attachment",
            "module.dr_s3_buckets.aws_kms_alias.objects",
            "module.dr_s3_buckets.aws_kms_key.objects",
            "module.dr_s3_buckets.aws_s3_bucket_policy.s3_policy",
            "module.dr_s3_buckets.aws_s3_bucket_replication_configuration.this",
            "module.dr_s3_buckets.data.aws_caller_identity.current",
            "module.dr_s3_buckets.data.aws_iam_policy_document.kms_policy",
            "module.dr_s3_buckets.data.aws_iam_policy_document.s3_policy",
            "module.dr_s3_buckets.data.aws_iam_policy_document.s3_replication_policy_document",
            "module.dr_s3_buckets.module.s3_bucket.aws_s3_bucket.this",
            "module.dr_s3_buckets.module.s3_bucket.aws_s3_bucket_accelerate_configuration.this",
            "module.dr_s3_buckets.module.s3_bucket.aws_s3_bucket_acl.this",
            "module.dr_s3_buckets.module.s3_bucket.aws_s3_bucket_analytics_configuration.this",
            "module.dr_s3_buckets.module.s3_bucket.aws_s3_bucket_cors_configuration.this",
            "module.dr_s3_buckets.module.s3_bucket.aws_s3_bucket_intelligent_tiering_configuration.this",
            "module.dr_s3_buckets.module.s3_bucket.aws_s3_bucket_inventory.this",
            "module.dr_s3_buckets.module.s3_bucket.aws_s3_bucket_lifecycle_configuration.this",
            "module.dr_s3_buckets.module.s3_bucket.aws_s3_bucket_logging.this",
            "module.dr_s3_buckets.module.s3_bucket.aws_s3_bucket_metric.this",
            "module.dr_s3_buckets.module.s3_bucket.aws_s3_bucket_object_lock_configuration.this",
            "module.dr_s3_buckets.module.s3_bucket.aws_s3_bucket_ownership_controls.this",
            "module.dr_s3_buckets.module.s3_bucket.aws_s3_bucket_policy.this",
            "module.dr_s3_buckets.module.s3_bucket.aws_s3_bucket_public_access_block.this",
            "module.dr_s3_buckets.module.s3_bucket.aws_s3_bucket_replication_configuration.this",
            "module.dr_s3_buckets.module.s3_bucket.aws_s3_bucket_request_payment_configuration.this",
            "module.dr_s3_buckets.module.s3_bucket.aws_s3_bucket_server_side_encryption_configuration.this",
            "module.dr_s3_buckets.module.s3_bucket.aws_s3_bucket_versioning.this",
            "module.dr_s3_buckets.module.s3_bucket.aws_s3_bucket_website_configuration.this",
            "module.dr_s3_buckets.module.s3_bucket.aws_s3_directory_bucket.this",
            "module.dr_s3_buckets.module.s3_bucket.data.aws_caller_identity.current",
            "module.dr_s3_buckets.module.s3_bucket.data.aws_canonical_user_id.this",
            "module.dr_s3_buckets.module.s3_bucket.data.aws_iam_policy_document.access_log_delivery",
            "module.dr_s3_buckets.module.s3_bucket.data.aws_iam_policy_document.combined",
            "module.dr_s3_buckets.module.s3_bucket.data.aws_iam_policy_document.deny_incorrect_encryption_headers",
            "module.dr_s3_buckets.module.s3_bucket.data.aws_iam_policy_document.deny_incorrect_kms_key_sse",
            "module.dr_s3_buckets.module.s3_bucket.data.aws_iam_policy_document.deny_insecure_transport",
            "module.dr_s3_buckets.module.s3_bucket.data.aws_iam_policy_document.deny_ssec_encrypted_object_uploads",
            "module.dr_s3_buckets.module.s3_bucket.data.aws_iam_policy_document.deny_unencrypted_object_uploads",
            "module.dr_s3_buckets.module.s3_bucket.data.aws_iam_policy_document.elb_log_delivery",
            "module.dr_s3_buckets.module.s3_bucket.data.aws_iam_policy_document.inventory_and_analytics_destination_policy",
            "module.dr_s3_buckets.module.s3_bucket.data.aws_iam_policy_document.lb_log_delivery",
            "module.dr_s3_buckets.module.s3_bucket.data.aws_iam_policy_document.require_latest_tls",
            "module.dr_s3_buckets.module.s3_bucket.data.aws_partition.current",
            "module.dr_s3_buckets.module.s3_bucket.data.aws_region.current",
            "module.s3_buckets.aws_iam_policy.s3_replication_policy",
            "module.s3_buckets.aws_iam_role.s3_replication_role",
            "module.s3_buckets.data.aws_iam_policy_document.s3_replication_policy_document",
            "module.s3_buckets.module.s3_bucket.aws_s3_bucket.this"
          ]
        }
      ]
    },
    {
      "module": "module.s3_buckets[\"dev-assets\"]",
      "mode": "managed",
      "type": "aws_kms_alias",
      "name": "objects",
      "provider": "provider[\"registry.terraform.io/hashicorp/aws\"]",
      "instances": [
        {
          "schema_version": 0,
          "attributes": {
            "arn": "arn:aws:kms:us-east-1:000000000000:alias/dev-assets-assets-bucket-object-key",
            "id": "alias/dev-assets-assets-bucket-object-key",
            "name": "alias/dev-assets-assets-bucket-object-key",
            "name_prefix": "",
            "target_key_arn": "arn:aws:kms:us-east-1:000000000000:key/54c2d9c1-7841-4f1b-a6a8-d547666a4495",
            "target_key_id": "54c2d9c1-7841-4f1b-a6a8-d547666a4495"
          },
          "sensitive_attributes": [],
          "private": "bnVsbA==",
          "dependencies": [
            "module.dr_s3_buckets.aws_iam_policy.s3_replication_policy",
            "module.dr_s3_buckets.aws_iam_role.s3_replication_role",
            "module.dr_s3_buckets.aws_iam_role_policy_attachment.s3_replication_attachment",
            "module.dr_s3_buckets.aws_kms_alias.objects",
            "module.dr_s3_buckets.aws_kms_key.objects",
            "module.dr_s3_buckets.aws_s3_bucket_policy.s3_policy",
            "module.dr_s3_buckets.aws_s3_bucket_replication_configuration.this",
            "module.dr_s3_buckets.data.aws_caller_identity.current",
            "module.dr_s3_buckets.data.aws_iam_policy_document.kms_policy",
            "module.dr_s3_buckets.data.aws_iam_policy_document.s3_policy",
            "module.dr_s3_buckets.data.aws_iam_policy_document.s3_replication_policy_document",
            "module.dr_s3_buckets.module.s3_bucket.aws_s3_bucket.this",
            "module.dr_s3_buckets.module.s3_bucket.aws_s3_bucket_accelerate_configuration.this",
            "module.dr_s3_buckets.module.s3_bucket.aws_s3_bucket_acl.this",
            "module.dr_s3_buckets.module.s3_bucket.aws_s3_bucket_analytics_configuration.this",
            "module.dr_s3_buckets.module.s3_bucket.aws_s3_bucket_cors_configuration.this",
            "module.dr_s3_buckets.module.s3_bucket.aws_s3_bucket_intelligent_tiering_configuration.this",
            "module.dr_s3_buckets.module.s3_bucket.aws_s3_bucket_inventory.this",
            "module.dr_s3_buckets.module.s3_bucket.aws_s3_bucket_lifecycle_configuration.this",
            "module.dr_s3_buckets.module.s3_bucket.aws_s3_bucket_logging.this",
            "module.dr_s3_buckets.module.s3_bucket.aws_s3_bucket_metric.this",
            "module.dr_s3_buckets.module.s3_bucket.aws_s3_bucket_object_lock_configuration.this",
            "module.dr_s3_buckets.module.s3_bucket.aws_s3_bucket_ownership_controls.this",
            "module.dr_s3_buckets.module.s3_bucket.aws_s3_bucket_policy.this",
            "module.dr_s3_buckets.module.s3_bucket.aws_s3_bucket_public_access_block.this",
            "module.dr_s3_buckets.module.s3_bucket.aws_s3_bucket_replication_configuration.this",
            "module.dr_s3_buckets.module.s3_bucket.aws_s3_bucket_request_payment_configuration.this",
            "module.dr_s3_buckets.module.s3_bucket.aws_s3_bucket_server_side_encryption_configuration.this",
            "module.dr_s3_buckets.module.s3_bucket.aws_s3_bucket_versioning.this",
            "module.dr_s3_buckets.module.s3_bucket.aws_s3_bucket_website_configuration.this",
            "module.dr_s3_buckets.module.s3_bucket.aws_s3_directory_bucket.this",
            "module.dr_s3_buckets.module.s3_bucket.data.aws_caller_identity.current",
            "module.dr_s3_buckets.module.s3_bucket.data.aws_canonical_user_id.this",
            "module.dr_s3_buckets.module.s3_bucket.data.aws_iam_policy_document.access_log_delivery",
            "module.dr_s3_buckets.module.s3_bucket.data.aws_iam_policy_document.combined",
            "module.dr_s3_buckets.module.s3_bucket.data.aws_iam_policy_document.deny_incorrect_encryption_headers",
            "module.dr_s3_buckets.module.s3_bucket.data.aws_iam_policy_document.deny_incorrect_kms_key_sse",
            "module.dr_s3_buckets.module.s3_bucket.data.aws_iam_policy_document.deny_insecure_transport",
            "module.dr_s3_buckets.module.s3_bucket.data.aws_iam_policy_document.deny_ssec_encrypted_object_uploads",
            "module.dr_s3_buckets.module.s3_bucket.data.aws_iam_policy_document.deny_unencrypted_object_uploads",
            "module.dr_s3_buckets.module.s3_bucket.data.aws_iam_policy_document.elb_log_delivery",
            "module.dr_s3_buckets.module.s3_bucket.data.aws_iam_policy_document.inventory_and_analytics_destination_policy",
            "module.dr_s3_buckets.module.s3_bucket.data.aws_iam_policy_document.lb_log_delivery",
            "module.dr_s3_buckets.module.s3_bucket.data.aws_iam_policy_document.require_latest_tls",
            "module.dr_s3_buckets.module.s3_bucket.data.aws_partition.current",
            "module.dr_s3_buckets.module.s3_bucket.data.aws_region.current",
            "module.s3_buckets.aws_kms_key.objects",
            "module.s3_buckets.data.aws_caller_identity.current",
            "module.s3_buckets.data.aws_iam_policy_document.kms_policy"
          ]
        }
      ]
    },
    {
      "module": "module.s3_buckets[\"dev-assets\"]",
      "mode": "managed",
      "type": "aws_kms_key",
      "name": "objects",
      "provider": "provider[\"registry.terraform.io/hashicorp/aws\"]",
      "instances": [
        {
          "schema_version": 0,
          "attributes": {
            "arn": "arn:aws:kms:us-east-1:000000000000:key/54c2d9c1-7841-4f1b-a6a8-d547666a4495",
            "bypass_policy_lockout_safety_check": false,
            "custom_key_store_id": "",
            "customer_master_key_spec": "SYMMETRIC_DEFAULT",
            "deletion_window_in_days": 30,
            "description": "",
            "enable_key_rotation": true,
            "id": "54c2d9c1-7841-4f1b-a6a8-d547666a4495",
            "is_enabled": true,
            "key_id": "54c2d9c1-7841-4f1b-a6a8-d547666a4495",
            "key_usage": "ENCRYPT_DECRYPT",
            "multi_region": false,
            "policy": "{\"Statement\":[{\"Action\":[\"kms:GenerateDataKey*\",\"kms:Encrypt\",\"kms:Decrypt\"],\"Effect\":\"Allow\",\"Principal\":{\"AWS\":\"arn:aws:iam::000000000000:role/s3_access\"},\"Resource\":\"*\",\"Sid\":\"kms\"}],\"Version\":\"2012-10-17\"}",
            "rotation_period_in_days": 0,
            "tags": null,
            "tags_all": {
              "created-by": "path/to/repo"
            },
            "timeouts": null,
            "xks_key_id": ""
          },
          "sensitive_attributes": [],
          "private": "eyJlMmJmYjczMC1lY2FhLTExZTYtOGY4OC0zNDM2M2JjN2M0YzAiOnsiY3JlYXRlIjoxMjAwMDAwMDAwMDB9fQ==",
          "dependencies": [
            "module.dr_s3_buckets.aws_iam_policy.s3_replication_policy",
            "module.dr_s3_buckets.aws_iam_role.s3_replication_role",
            "module.dr_s3_buckets.aws_iam_role_policy_attachment.s3_replication_attachment",
            "module.dr_s3_buckets.aws_kms_alias.objects",
            "module.dr_s3_buckets.aws_kms_key.objects",
            "module.dr_s3_buckets.aws_s3_bucket_policy.s3_policy",
            "module.dr_s3_buckets.aws_s3_bucket_replication_configuration.this",
            "module.dr_s3_buckets.data.aws_caller_identity.current",
            "module.dr_s3_buckets.data.aws_iam_policy_document.kms_policy",
            "module.dr_s3_buckets.data.aws_iam_policy_document.s3_policy",
            "module.dr_s3_buckets.data.aws_iam_policy_document.s3_replication_policy_document",
            "module.dr_s3_buckets.module.s3_bucket.aws_s3_bucket.this",
            "module.dr_s3_buckets.module.s3_bucket.aws_s3_bucket_accelerate_configuration.this",
            "module.dr_s3_buckets.module.s3_bucket.aws_s3_bucket_acl.this",
            "module.dr_s3_buckets.module.s3_bucket.aws_s3_bucket_analytics_configuration.this",
            "module.dr_s3_buckets.module.s3_bucket.aws_s3_bucket_cors_configuration.this",
            "module.dr_s3_buckets.module.s3_bucket.aws_s3_bucket_intelligent_tiering_configuration.this",
            "module.dr_s3_buckets.module.s3_bucket.aws_s3_bucket_inventory.this",
            "module.dr_s3_buckets.module.s3_bucket.aws_s3_bucket_lifecycle_configuration.this",
            "module.dr_s3_buckets.module.s3_bucket.aws_s3_bucket_logging.this",
            "module.dr_s3_buckets.module.s3_bucket.aws_s3_bucket_metric.this",
            "module.dr_s3_buckets.module.s3_bucket.aws_s3_bucket_object_lock_configuration.this",
            "module.dr_s3_buckets.module.s3_bucket.aws_s3_bucket_ownership_controls.this",
            "module.dr_s3_buckets.module.s3_bucket.aws_s3_bucket_policy.this",
            "module.dr_s3_buckets.module.s3_bucket.aws_s3_bucket_public_access_block.this",
            "module.dr_s3_buckets.module.s3_bucket.aws_s3_bucket_replication_configuration.this",
            "module.dr_s3_buckets.module.s3_bucket.aws_s3_bucket_request_payment_configuration.this",
            "module.dr_s3_buckets.module.s3_bucket.aws_s3_bucket_server_side_encryption_configuration.this",
            "module.dr_s3_buckets.module.s3_bucket.aws_s3_bucket_versioning.this",
            "module.dr_s3_buckets.module.s3_bucket.aws_s3_bucket_website_configuration.this",
            "module.dr_s3_buckets.module.s3_bucket.aws_s3_directory_bucket.this",
            "module.dr_s3_buckets.module.s3_bucket.data.aws_caller_identity.current",
            "module.dr_s3_buckets.module.s3_bucket.data.aws_canonical_user_id.this",
            "module.dr_s3_buckets.module.s3_bucket.data.aws_iam_policy_document.access_log_delivery",
            "module.dr_s3_buckets.module.s3_bucket.data.aws_iam_policy_document.combined",
            "module.dr_s3_buckets.module.s3_bucket.data.aws_iam_policy_document.deny_incorrect_encryption_headers",
            "module.dr_s3_buckets.module.s3_bucket.data.aws_iam_policy_document.deny_incorrect_kms_key_sse",
            "module.dr_s3_buckets.module.s3_bucket.data.aws_iam_policy_document.deny_insecure_transport",
            "module.dr_s3_buckets.module.s3_bucket.data.aws_iam_policy_document.deny_ssec_encrypted_object_uploads",
            "module.dr_s3_buckets.module.s3_bucket.data.aws_iam_policy_document.deny_unencrypted_object_uploads",
            "module.dr_s3_buckets.module.s3_bucket.data.aws_iam_policy_document.elb_log_delivery",
            "module.dr_s3_buckets.module.s3_bucket.data.aws_iam_policy_document.inventory_and_analytics_destination_policy",
            "module.dr_s3_buckets.module.s3_bucket.data.aws_iam_policy_document.lb_log_delivery",
            "module.dr_s3_buckets.module.s3_bucket.data.aws_iam_policy_document.require_latest_tls",
            "module.dr_s3_buckets.module.s3_bucket.data.aws_partition.current",
            "module.dr_s3_buckets.module.s3_bucket.data.aws_region.current",
            "module.s3_buckets.data.aws_caller_identity.current",
            "module.s3_buckets.data.aws_iam_policy_document.kms_policy"
          ]
        }
      ]
    },
    {
      "module": "module.s3_buckets[\"dev-assets\"]",
      "mode": "managed",
      "type": "aws_s3_bucket_policy",
      "name": "s3_policy",
      "provider": "provider[\"registry.terraform.io/hashicorp/aws\"]",
      "instances": [
        {
          "schema_version": 0,
          "attributes": {
            "bucket": "dev-assets-assets-bucket",
            "id": "dev-assets-assets-bucket",
            "policy": "{\"Statement\":[{\"Action\":[\"s3:PutObject\",\"s3:ListBucket\",\"s3:GetObject\",\"s3:DeleteObject\"],\"Effect\":\"Allow\",\"Principal\":{\"AWS\":\"arn:aws:iam::000000000000:role/s3_access\"},\"Resource\":\"arn:aws:s3:::dev-assets-assets-bucket\",\"Sid\":\"s3\"}],\"Version\":\"2012-10-17\"}"
          },
          "sensitive_attributes": [],
          "private": "bnVsbA==",
          "dependencies": [
            "module.dr_s3_buckets.aws_iam_policy.s3_replication_policy",
            "module.dr_s3_buckets.aws_iam_role.s3_replication_role",
            "module.dr_s3_buckets.aws_iam_role_policy_attachment.s3_replication_attachment",
            "module.dr_s3_buckets.aws_kms_alias.objects",
            "module.dr_s3_buckets.aws_kms_key.objects",
            "module.dr_s3_buckets.aws_s3_bucket_policy.s3_policy",
            "module.dr_s3_buckets.aws_s3_bucket_replication_configuration.this",
            "module.dr_s3_buckets.data.aws_caller_identity.current",
            "module.dr_s3_buckets.data.aws_iam_policy_document.kms_policy",
            "module.dr_s3_buckets.data.aws_iam_policy_document.s3_policy",
            "module.dr_s3_buckets.data.aws_iam_policy_document.s3_replication_policy_document",
            "module.dr_s3_buckets.module.s3_bucket.aws_s3_bucket.this",
            "module.dr_s3_buckets.module.s3_bucket.aws_s3_bucket_accelerate_configuration.this",
            "module.dr_s3_buckets.module.s3_bucket.aws_s3_bucket_acl.this",
            "module.dr_s3_buckets.module.s3_bucket.aws_s3_bucket_analytics_configuration.this",
            "module.dr_s3_buckets.module.s3_bucket.aws_s3_bucket_cors_configuration.this",
            "module.dr_s3_buckets.module.s3_bucket.aws_s3_bucket_intelligent_tiering_configuration.this",
            "module.dr_s3_buckets.module.s3_bucket.aws_s3_bucket_inventory.this",
            "module.dr_s3_buckets.module.s3_bucket.aws_s3_bucket_lifecycle_configuration.this",
            "module.dr_s3_buckets.module.s3_bucket.aws_s3_bucket_logging.this",
            "module.dr_s3_buckets.module.s3_bucket.aws_s3_bucket_metric.this",
            "module.dr_s3_buckets.module.s3_bucket.aws_s3_bucket_object_lock_configuration.this",
            "module.dr_s3_buckets.module.s3_bucket.aws_s3_bucket_ownership_controls.this",
            "module.dr_s3_buckets.module.s3_bucket.aws_s3_bucket_policy.this",
            "module.dr_s3_buckets.module.s3_bucket.aws_s3_bucket_public_access_block.this",
            "module.dr_s3_buckets.module.s3_bucket.aws_s3_bucket_replication_configuration.this",
            "module.dr_s3_buckets.module.s3_bucket.aws_s3_bucket_request_payment_configuration.this",
            "module.dr_s3_buckets.module.s3_bucket.aws_s3_bucket_server_side_encryption_configuration.this",
            "module.dr_s3_buckets.module.s3_bucket.aws_s3_bucket_versioning.this",
            "module.dr_s3_buckets.module.s3_bucket.aws_s3_bucket_website_configuration.this",
            "module.dr_s3_buckets.module.s3_bucket.aws_s3_directory_bucket.this",
            "module.dr_s3_buckets.module.s3_bucket.data.aws_caller_identity.current",
            "module.dr_s3_buckets.module.s3_bucket.data.aws_canonical_user_id.this",
            "module.dr_s3_buckets.module.s3_bucket.data.aws_iam_policy_document.access_log_delivery",
            "module.dr_s3_buckets.module.s3_bucket.data.aws_iam_policy_document.combined",
            "module.dr_s3_buckets.module.s3_bucket.data.aws_iam_policy_document.deny_incorrect_encryption_headers",
            "module.dr_s3_buckets.module.s3_bucket.data.aws_iam_policy_document.deny_incorrect_kms_key_sse",
            "module.dr_s3_buckets.module.s3_bucket.data.aws_iam_policy_document.deny_insecure_transport",
            "module.dr_s3_buckets.module.s3_bucket.data.aws_iam_policy_document.deny_ssec_encrypted_object_uploads",
            "module.dr_s3_buckets.module.s3_bucket.data.aws_iam_policy_document.deny_unencrypted_object_uploads",
            "module.dr_s3_buckets.module.s3_bucket.data.aws_iam_policy_document.elb_log_delivery",
            "module.dr_s3_buckets.module.s3_bucket.data.aws_iam_policy_document.inventory_and_analytics_destination_policy",
            "module.dr_s3_buckets.module.s3_bucket.data.aws_iam_policy_document.lb_log_delivery",
            "module.dr_s3_buckets.module.s3_bucket.data.aws_iam_policy_document.require_latest_tls",
            "module.dr_s3_buckets.module.s3_bucket.data.aws_partition.current",
            "module.dr_s3_buckets.module.s3_bucket.data.aws_region.current",
            "module.s3_buckets.aws_iam_role.s3_replication_role",
            "module.s3_buckets.aws_kms_key.objects",
            "module.s3_buckets.data.aws_caller_identity.current",
            "module.s3_buckets.data.aws_iam_policy_document.kms_policy",
            "module.s3_buckets.data.aws_iam_policy_document.s3_policy",
            "module.s3_buckets.module.s3_bucket.aws_s3_bucket.this",
            "module.s3_buckets.module.s3_bucket.aws_s3_bucket_accelerate_configuration.this",
            "module.s3_buckets.module.s3_bucket.aws_s3_bucket_acl.this",
            "module.s3_buckets.module.s3_bucket.aws_s3_bucket_analytics_configuration.this",
            "module.s3_buckets.module.s3_bucket.aws_s3_bucket_cors_configuration.this",
            "module.s3_buckets.module.s3_bucket.aws_s3_bucket_intelligent_tiering_configuration.this",
            "module.s3_buckets.module.s3_bucket.aws_s3_bucket_inventory.this",
            "module.s3_buckets.module.s3_bucket.aws_s3_bucket_lifecycle_configuration.this",
            "module.s3_buckets.module.s3_bucket.aws_s3_bucket_logging.this",
            "module.s3_buckets.module.s3_bucket.aws_s3_bucket_metric.this",
            "module.s3_buckets.module.s3_bucket.aws_s3_bucket_object_lock_configuration.this",
            "module.s3_buckets.module.s3_bucket.aws_s3_bucket_ownership_controls.this",
            "module.s3_buckets.module.s3_bucket.aws_s3_bucket_policy.this",
            "module.s3_buckets.module.s3_bucket.aws_s3_bucket_public_access_block.this",
            "module.s3_buckets.module.s3_bucket.aws_s3_bucket_replication_configuration.this",
            "module.s3_buckets.module.s3_bucket.aws_s3_bucket_request_payment_configuration.this",
            "module.s3_buckets.module.s3_bucket.aws_s3_bucket_server_side_encryption_configuration.this",
            "module.s3_buckets.module.s3_bucket.aws_s3_bucket_versioning.this",
            "module.s3_buckets.module.s3_bucket.aws_s3_bucket_website_configuration.this",
            "module.s3_buckets.module.s3_bucket.aws_s3_directory_bucket.this",
            "module.s3_buckets.module.s3_bucket.data.aws_caller_identity.current",
            "module.s3_buckets.module.s3_bucket.data.aws_canonical_user_id.this",
            "module.s3_buckets.module.s3_bucket.data.aws_iam_policy_document.access_log_delivery",
            "module.s3_buckets.module.s3_bucket.data.aws_iam_policy_document.combined",
            "module.s3_buckets.module.s3_bucket.data.aws_iam_policy_document.deny_incorrect_encryption_headers",
            "module.s3_buckets.module.s3_bucket.data.aws_iam_policy_document.deny_incorrect_kms_key_sse",
            "module.s3_buckets.module.s3_bucket.data.aws_iam_policy_document.deny_insecure_transport",
            "module.s3_buckets.module.s3_bucket.data.aws_iam_policy_document.deny_ssec_encrypted_object_uploads",
            "module.s3_buckets.module.s3_bucket.data.aws_iam_policy_document.deny_unencrypted_object_uploads",
            "module.s3_buckets.module.s3_bucket.data.aws_iam_policy_document.elb_log_delivery",
            "module.s3_buckets.module.s3_bucket.data.aws_iam_policy_document.inventory_and_analytics_destination_policy",
            "module.s3_buckets.module.s3_bucket.data.aws_iam_policy_document.lb_log_delivery",
            "module.s3_buckets.module.s3_bucket.data.aws_iam_policy_document.require_latest_tls",
            "module.s3_buckets.module.s3_bucket.data.aws_partition.current",
            "module.s3_buckets.module.s3_bucket.data.aws_region.current"
          ]
        }
      ]
    },
    {
      "module": "module.s3_buckets[\"dev-assets\"].module.s3_bucket",
      "mode": "data",
      "type": "aws_caller_identity",
      "name": "current",
      "provider": "provider[\"registry.terraform.io/hashicorp/aws\"]",
      "instances": [
        {
          "schema_version": 0,
          "attributes": {
            "account_id": "000000000000",
            "arn": "arn:aws:iam::000000000000:root",
            "id": "000000000000",
            "user_id": "AKIAIOSFODNN7EXAMPLE"
          },
          "sensitive_attributes": []
        }
      ]
    },
    {
      "module": "module.s3_buckets[\"dev-assets\"].module.s3_bucket",
      "mode": "data",
      "type": "aws_canonical_user_id",
      "name": "this",
      "provider": "provider[\"registry.terraform.io/hashicorp/aws\"]",
      "instances": [
        {
          "index_key": 0,
          "schema_version": 0,
          "attributes": {
            "display_name": "webfile",
            "id": "75aa57f09aa0c8caeab4f8c24e99d10f8e7faeebf76c078efc7c6caea54ba06a"
          },
          "sensitive_attributes": []
        }
      ]
    },
    {
      "module": "module.s3_buckets[\"dev-assets\"].module.s3_bucket",
      "mode": "data",
      "type": "aws_iam_policy_document",
      "name": "access_log_delivery",
      "provider": "provider[\"registry.terraform.io/hashicorp/aws\"]",
      "instances": []
    },
    {
      "module": "module.s3_buckets[\"dev-assets\"].module.s3_bucket",
      "mode": "data",
      "type": "aws_iam_policy_document",
      "name": "combined",
      "provider": "provider[\"registry.terraform.io/hashicorp/aws\"]",
      "instances": []
    },
    {
      "module": "module.s3_buckets[\"dev-assets\"].module.s3_bucket",
      "mode": "data",
      "type": "aws_iam_policy_document",
      "name": "deny_incorrect_encryption_headers",
      "provider": "provider[\"registry.terraform.io/hashicorp/aws\"]",
      "instances": []
    },
    {
      "module": "module.s3_buckets[\"dev-assets\"].module.s3_bucket",
      "mode": "data",
      "type": "aws_iam_policy_document",
      "name": "deny_incorrect_kms_key_sse",
      "provider": "provider[\"registry.terraform.io/hashicorp/aws\"]",
      "instances": []
    },
    {
      "module": "module.s3_buckets[\"dev-assets\"].module.s3_bucket",
      "mode": "data",
      "type": "aws_iam_policy_document",
      "name": "deny_insecure_transport",
      "provider": "provider[\"registry.terraform.io/hashicorp/aws\"]",
      "instances": []
    },
    {
      "module": "module.s3_buckets[\"dev-assets\"].module.s3_bucket",
      "mode": "data",
      "type": "aws_iam_policy_document",
      "name": "deny_ssec_encrypted_object_uploads",
      "provider": "provider[\"registry.terraform.io/hashicorp/aws\"]",
      "instances": []
    },
    {
      "module": "module.s3_buckets[\"dev-assets\"].module.s3_bucket",
      "mode": "data",
      "type": "aws_iam_policy_document",
      "name": "deny_unencrypted_object_uploads",
      "provider": "provider[\"registry.terraform.io/hashicorp/aws\"]",
      "instances": []
    },
    {
      "module": "module.s3_buckets[\"dev-assets\"].module.s3_bucket",
      "mode": "data",
      "type": "aws_iam_policy_document",
      "name": "elb_log_delivery",
      "provider": "provider[\"registry.terraform.io/hashicorp/aws\"]",
      "instances": []
    },
    {
      "module": "module.s3_buckets[\"dev-assets\"].module.s3_bucket",
      "mode": "data",
      "type": "aws_iam_policy_document",
      "name": "inventory_and_analytics_destination_policy",
      "provider": "provider[\"registry.terraform.io/hashicorp/aws\"]",
      "instances": []
    },
    {
      "module": "module.s3_buckets[\"dev-assets\"].module.s3_bucket",
      "mode": "data",
      "type": "aws_iam_policy_document",
      "name": "lb_log_delivery",
      "provider": "provider[\"registry.terraform.io/hashicorp/aws\"]",
      "instances": []
    },
    {
      "module": "module.s3_buckets[\"dev-assets\"].module.s3_bucket",
      "mode": "data",
      "type": "aws_iam_policy_document",
      "name": "require_latest_tls",
      "provider": "provider[\"registry.terraform.io/hashicorp/aws\"]",
      "instances": []
    },
    {
      "module": "module.s3_buckets[\"dev-assets\"].module.s3_bucket",
      "mode": "data",
      "type": "aws_partition",
      "name": "current",
      "provider": "provider[\"registry.terraform.io/hashicorp/aws\"]",
      "instances": [
        {
          "schema_version": 0,
          "attributes": {
            "dns_suffix": "amazonaws.com",
            "id": "aws",
            "partition": "aws",
            "reverse_dns_prefix": "com.amazonaws"
          },
          "sensitive_attributes": []
        }
      ]
    },
    {
      "module": "module.s3_buckets[\"dev-assets\"].module.s3_bucket",
      "mode": "data",
      "type": "aws_region",
      "name": "current",
      "provider": "provider[\"registry.terraform.io/hashicorp/aws\"]",
      "instances": [
        {
          "schema_version": 0,
          "attributes": {
            "description": "US East (N. Virginia)",
            "endpoint": "ec2.us-east-1.amazonaws.com",
            "id": "us-east-1",
            "name": "us-east-1"
          },
          "sensitive_attributes": []
        }
      ]
    },
    {
      "module": "module.s3_buckets[\"dev-assets\"].module.s3_bucket",
      "mode": "managed",
      "type": "aws_s3_bucket",
      "name": "this",
      "provider": "provider[\"registry.terraform.io/hashicorp/aws\"]",
      "instances": [
        {
          "index_key": 0,
          "schema_version": 0,
          "attributes": {
            "acceleration_status": "",
            "acl": null,
            "arn": "arn:aws:s3:::dev-assets-assets-bucket",
            "bucket": "dev-assets-assets-bucket",
            "bucket_domain_name": "dev-assets-assets-bucket.s3.amazonaws.com",
            "bucket_prefix": "",
            "bucket_regional_domain_name": "dev-assets-assets-bucket.s3.us-east-1.amazonaws.com",
            "cors_rule": [],
            "force_destroy": true,
            "grant": [
              {
                "id": "75aa57f09aa0c8caeab4f8c24e99d10f8e7faeebf76c078efc7c6caea54ba06a",
                "permissions": [
                  "FULL_CONTROL"
                ],
                "type": "CanonicalUser",
                "uri": ""
              }
            ],
            "hosted_zone_id": "Z3AQBSTGFYJSTF",
            "id": "dev-assets-assets-bucket",
            "lifecycle_rule": [],
            "logging": [],
            "object_lock_configuration": [],
            "object_lock_enabled": false,
            "policy": "",
            "region": "us-east-1",
            "replication_configuration": [],
            "request_payer": "BucketOwner",
            "server_side_encryption_configuration": [
              {
                "rule": [
                  {
                    "apply_server_side_encryption_by_default": [
                      {
                        "kms_master_key_id": "",
                        "sse_algorithm": "AES256"
                      }
                    ],
                    "bucket_key_enabled": false
                  }
                ]
              }
            ],
            "tags": {
              "Environment": "dev",
              "Owner": "frontend-team",
              "managed-by": "terraform-aws-modules/s3-bucket/aws"
            },
            "tags_all": {
              "Environment": "dev",
              "Owner": "frontend-team",
              "created-by": "path/to/repo",
              "managed-by": "terraform-aws-modules/s3-bucket/aws"
            },
            "timeouts": null,
            "versioning": [
              {
                "enabled": false,
                "mfa_delete": false
              }
            ],
            "website": [],
            "website_domain": null,
            "website_endpoint": null
          },
          "sensitive_attributes": [],
          "private": "eyJlMmJmYjczMC1lY2FhLTExZTYtOGY4OC0zNDM2M2JjN2M0YzAiOnsiY3JlYXRlIjoxMjAwMDAwMDAwMDAwLCJkZWxldGUiOjM2MDAwMDAwMDAwMDAsInJlYWQiOjEyMDAwMDAwMDAwMDAsInVwZGF0ZSI6MTIwMDAwMDAwMDAwMH19",
          "dependencies": [
            "module.dr_s3_buckets.aws_iam_policy.s3_replication_policy",
            "module.dr_s3_buckets.aws_iam_role.s3_replication_role",
            "module.dr_s3_buckets.aws_iam_role_policy_attachment.s3_replication_attachment",
            "module.dr_s3_buckets.aws_kms_alias.objects",
            "module.dr_s3_buckets.aws_kms_key.objects",
            "module.dr_s3_buckets.aws_s3_bucket_policy.s3_policy",
            "module.dr_s3_buckets.aws_s3_bucket_replication_configuration.this",
            "module.dr_s3_buckets.data.aws_caller_identity.current",
            "module.dr_s3_buckets.data.aws_iam_policy_document.kms_policy",
            "module.dr_s3_buckets.data.aws_iam_policy_document.s3_policy",
            "module.dr_s3_buckets.data.aws_iam_policy_document.s3_replication_policy_document",
            "module.dr_s3_buckets.module.s3_bucket.aws_s3_bucket.this",
            "module.dr_s3_buckets.module.s3_bucket.aws_s3_bucket_accelerate_configuration.this",
            "module.dr_s3_buckets.module.s3_bucket.aws_s3_bucket_acl.this",
            "module.dr_s3_buckets.module.s3_bucket.aws_s3_bucket_analytics_configuration.this",
            "module.dr_s3_buckets.module.s3_bucket.aws_s3_bucket_cors_configuration.this",
            "module.dr_s3_buckets.module.s3_bucket.aws_s3_bucket_intelligent_tiering_configuration.this",
            "module.dr_s3_buckets.module.s3_bucket.aws_s3_bucket_inventory.this",
            "module.dr_s3_buckets.module.s3_bucket.aws_s3_bucket_lifecycle_configuration.this",
            "module.dr_s3_buckets.module.s3_bucket.aws_s3_bucket_logging.this",
            "module.dr_s3_buckets.module.s3_bucket.aws_s3_bucket_metric.this",
            "module.dr_s3_buckets.module.s3_bucket.aws_s3_bucket_object_lock_configuration.this",
            "module.dr_s3_buckets.module.s3_bucket.aws_s3_bucket_ownership_controls.this",
            "module.dr_s3_buckets.module.s3_bucket.aws_s3_bucket_policy.this",
            "module.dr_s3_buckets.module.s3_bucket.aws_s3_bucket_public_access_block.this",
            "module.dr_s3_buckets.module.s3_bucket.aws_s3_bucket_replication_configuration.this",
            "module.dr_s3_buckets.module.s3_bucket.aws_s3_bucket_request_payment_configuration.this",
            "module.dr_s3_buckets.module.s3_bucket.aws_s3_bucket_server_side_encryption_configuration.this",
            "module.dr_s3_buckets.module.s3_bucket.aws_s3_bucket_versioning.this",
            "module.dr_s3_buckets.module.s3_bucket.aws_s3_bucket_website_configuration.this",
            "module.dr_s3_buckets.module.s3_bucket.aws_s3_directory_bucket.this",
            "module.dr_s3_buckets.module.s3_bucket.data.aws_caller_identity.current",
            "module.dr_s3_buckets.module.s3_bucket.data.aws_canonical_user_id.this",
            "module.dr_s3_buckets.module.s3_bucket.data.aws_iam_policy_document.access_log_delivery",
            "module.dr_s3_buckets.module.s3_bucket.data.aws_iam_policy_document.combined",
            "module.dr_s3_buckets.module.s3_bucket.data.aws_iam_policy_document.deny_incorrect_encryption_headers",
            "module.dr_s3_buckets.module.s3_bucket.data.aws_iam_policy_document.deny_incorrect_kms_key_sse",
            "module.dr_s3_buckets.module.s3_bucket.data.aws_iam_policy_document.deny_insecure_transport",
            "module.dr_s3_buckets.module.s3_bucket.data.aws_iam_policy_document.deny_ssec_encrypted_object_uploads",
            "module.dr_s3_buckets.module.s3_bucket.data.aws_iam_policy_document.deny_unencrypted_object_uploads",
            "module.dr_s3_buckets.module.s3_bucket.data.aws_iam_policy_document.elb_log_delivery",
            "module.dr_s3_buckets.module.s3_bucket.data.aws_iam_policy_document.inventory_and_analytics_destination_policy",
            "module.dr_s3_buckets.module.s3_bucket.data.aws_iam_policy_document.lb_log_delivery",
            "module.dr_s3_buckets.module.s3_bucket.data.aws_iam_policy_document.require_latest_tls",
            "module.dr_s3_buckets.module.s3_bucket.data.aws_partition.current",
            "module.dr_s3_buckets.module.s3_bucket.data.aws_region.current",
            "module.s3_buckets.aws_iam_role.s3_replication_role"
          ]
        }
      ]
    },
    {
      "module": "module.s3_buckets[\"dev-assets\"].module.s3_bucket",
      "mode": "managed",
      "type": "aws_s3_bucket_accelerate_configuration",
      "name": "this",
      "provider": "provider[\"registry.terraform.io/hashicorp/aws\"]",
      "instances": []
    },
    {
      "module": "module.s3_buckets[\"dev-assets\"].module.s3_bucket",
      "mode": "managed",
      "type": "aws_s3_bucket_acl",
      "name": "this",
      "provider": "provider[\"registry.terraform.io/hashicorp/aws\"]",
      "instances": [
        {
          "index_key": 0,
          "schema_version": 0,
          "attributes": {
            "access_control_policy": [
              {
                "grant": [
                  {
                    "grantee": [
                      {
                        "display_name": "",
                        "email_address": "",
                        "id": "",
                        "type": "Group",
                        "uri": "http://acs.amazonaws.com/groups/global/AllUsers"
                      }
                    ],
                    "permission": "READ"
                  },
                  {
                    "grantee": [
                      {
                        "display_name": "webfile",
                        "email_address": "",
                        "id": "75aa57f09aa0c8caeab4f8c24e99d10f8e7faeebf76c078efc7c6caea54ba06a",
                        "type": "CanonicalUser",
                        "uri": ""
                      }
                    ],
                    "permission": "FULL_CONTROL"
                  }
                ],
                "owner": [
                  {
                    "display_name": "webfile",
                    "id": "75aa57f09aa0c8caeab4f8c24e99d10f8e7faeebf76c078efc7c6caea54ba06a"
                  }
                ]
              }
            ],
            "acl": "public-read",
            "bucket": "dev-assets-assets-bucket",
            "expected_bucket_owner": "",
            "id": "dev-assets-assets-bucket,public-read"
          },
          "sensitive_attributes": [],
          "private": "bnVsbA==",
          "dependencies": [
            "module.dr_s3_buckets.aws_iam_policy.s3_replication_policy",
            "module.dr_s3_buckets.aws_iam_role.s3_replication_role",
            "module.dr_s3_buckets.aws_iam_role_policy_attachment.s3_replication_attachment",
            "module.dr_s3_buckets.aws_kms_alias.objects",
            "module.dr_s3_buckets.aws_kms_key.objects",
            "module.dr_s3_buckets.aws_s3_bucket_policy.s3_policy",
            "module.dr_s3_buckets.aws_s3_bucket_replication_configuration.this",
            "module.dr_s3_buckets.data.aws_caller_identity.current",
            "module.dr_s3_buckets.data.aws_iam_policy_document.kms_policy",
            "module.dr_s3_buckets.data.aws_iam_policy_document.s3_policy",
            "module.dr_s3_buckets.data.aws_iam_policy_document.s3_replication_policy_document",
            "module.dr_s3_buckets.module.s3_bucket.aws_s3_bucket.this",
            "module.dr_s3_buckets.module.s3_bucket.aws_s3_bucket_accelerate_configuration.this",
            "module.dr_s3_buckets.module.s3_bucket.aws_s3_bucket_acl.this",
            "module.dr_s3_buckets.module.s3_bucket.aws_s3_bucket_analytics_configuration.this",
            "module.dr_s3_buckets.module.s3_bucket.aws_s3_bucket_cors_configuration.this",
            "module.dr_s3_buckets.module.s3_bucket.aws_s3_bucket_intelligent_tiering_configuration.this",
            "module.dr_s3_buckets.module.s3_bucket.aws_s3_bucket_inventory.this",
            "module.dr_s3_buckets.module.s3_bucket.aws_s3_bucket_lifecycle_configuration.this",
            "module.dr_s3_buckets.module.s3_bucket.aws_s3_bucket_logging.this",
            "module.dr_s3_buckets.module.s3_bucket.aws_s3_bucket_metric.this",
            "module.dr_s3_buckets.module.s3_bucket.aws_s3_bucket_object_lock_configuration.this",
            "module.dr_s3_buckets.module.s3_bucket.aws_s3_bucket_ownership_controls.this",
            "module.dr_s3_buckets.module.s3_bucket.aws_s3_bucket_policy.this",
            "module.dr_s3_buckets.module.s3_bucket.aws_s3_bucket_public_access_block.this",
            "module.dr_s3_buckets.module.s3_bucket.aws_s3_bucket_replication_configuration.this",
            "module.dr_s3_buckets.module.s3_bucket.aws_s3_bucket_request_payment_configuration.this",
            "module.dr_s3_buckets.module.s3_bucket.aws_s3_bucket_server_side_encryption_configuration.this",
            "module.dr_s3_buckets.module.s3_bucket.aws_s3_bucket_versioning.this",
            "module.dr_s3_buckets.module.s3_bucket.aws_s3_bucket_website_configuration.this",
            "module.dr_s3_buckets.module.s3_bucket.aws_s3_directory_bucket.this",
            "module.dr_s3_buckets.module.s3_bucket.data.aws_caller_identity.current",
            "module.dr_s3_buckets.module.s3_bucket.data.aws_canonical_user_id.this",
            "module.dr_s3_buckets.module.s3_bucket.data.aws_iam_policy_document.access_log_delivery",
            "module.dr_s3_buckets.module.s3_bucket.data.aws_iam_policy_document.combined",
            "module.dr_s3_buckets.module.s3_bucket.data.aws_iam_policy_document.deny_incorrect_encryption_headers",
            "module.dr_s3_buckets.module.s3_bucket.data.aws_iam_policy_document.deny_incorrect_kms_key_sse",
            "module.dr_s3_buckets.module.s3_bucket.data.aws_iam_policy_document.deny_insecure_transport",
            "module.dr_s3_buckets.module.s3_bucket.data.aws_iam_policy_document.deny_ssec_encrypted_object_uploads",
            "module.dr_s3_buckets.module.s3_bucket.data.aws_iam_policy_document.deny_unencrypted_object_uploads",
            "module.dr_s3_buckets.module.s3_bucket.data.aws_iam_policy_document.elb_log_delivery",
            "module.dr_s3_buckets.module.s3_bucket.data.aws_iam_policy_document.inventory_and_analytics_destination_policy",
            "module.dr_s3_buckets.module.s3_bucket.data.aws_iam_policy_document.lb_log_delivery",
            "module.dr_s3_buckets.module.s3_bucket.data.aws_iam_policy_document.require_latest_tls",
            "module.dr_s3_buckets.module.s3_bucket.data.aws_partition.current",
            "module.dr_s3_buckets.module.s3_bucket.data.aws_region.current",
            "module.s3_buckets.aws_iam_role.s3_replication_role",
            "module.s3_buckets.aws_kms_key.objects",
            "module.s3_buckets.data.aws_caller_identity.current",
            "module.s3_buckets.data.aws_iam_policy_document.kms_policy",
            "module.s3_buckets.module.s3_bucket.aws_s3_bucket.this",
            "module.s3_buckets.module.s3_bucket.aws_s3_bucket_ownership_controls.this",
            "module.s3_buckets.module.s3_bucket.aws_s3_bucket_policy.this",
            "module.s3_buckets.module.s3_bucket.aws_s3_bucket_public_access_block.this",
            "module.s3_buckets.module.s3_bucket.aws_s3_directory_bucket.this",
            "module.s3_buckets.module.s3_bucket.data.aws_caller_identity.current",
            "module.s3_buckets.module.s3_bucket.data.aws_canonical_user_id.this",
            "module.s3_buckets.module.s3_bucket.data.aws_iam_policy_document.access_log_delivery",
            "module.s3_buckets.module.s3_bucket.data.aws_iam_policy_document.combined",
            "module.s3_buckets.module.s3_bucket.data.aws_iam_policy_document.deny_incorrect_encryption_headers",
            "module.s3_buckets.module.s3_bucket.data.aws_iam_policy_document.deny_incorrect_kms_key_sse",
            "module.s3_buckets.module.s3_bucket.data.aws_iam_policy_document.deny_insecure_transport",
            "module.s3_buckets.module.s3_bucket.data.aws_iam_policy_document.deny_ssec_encrypted_object_uploads",
            "module.s3_buckets.module.s3_bucket.data.aws_iam_policy_document.deny_unencrypted_object_uploads",
            "module.s3_buckets.module.s3_bucket.data.aws_iam_policy_document.elb_log_delivery",
            "module.s3_buckets.module.s3_bucket.data.aws_iam_policy_document.inventory_and_analytics_destination_policy",
            "module.s3_buckets.module.s3_bucket.data.aws_iam_policy_document.lb_log_delivery",
            "module.s3_buckets.module.s3_bucket.data.aws_iam_policy_document.require_latest_tls",
            "module.s3_buckets.module.s3_bucket.data.aws_partition.current",
            "module.s3_buckets.module.s3_bucket.data.aws_region.current"
          ]
        }
      ]
    },
    {
      "module": "module.s3_buckets[\"dev-assets\"].module.s3_bucket",
      "mode": "managed",
      "type": "aws_s3_bucket_analytics_configuration",
      "name": "this",
      "provider": "provider[\"registry.terraform.io/hashicorp/aws\"]",
      "instances": []
    },
    {
      "module": "module.s3_buckets[\"dev-assets\"].module.s3_bucket",
      "mode": "managed",
      "type": "aws_s3_bucket_cors_configuration",
      "name": "this",
      "provider": "provider[\"registry.terraform.io/hashicorp/aws\"]",
      "instances": []
    },
    {
      "module": "module.s3_buckets[\"dev-assets\"].module.s3_bucket",
      "mode": "managed",
      "type": "aws_s3_bucket_intelligent_tiering_configuration",
      "name": "this",
      "provider": "provider[\"registry.terraform.io/hashicorp/aws\"]",
      "instances": []
    },
    {
      "module": "module.s3_buckets[\"dev-assets\"].module.s3_bucket",
      "mode": "managed",
      "type": "aws_s3_bucket_inventory",
      "name": "this",
      "provider": "provider[\"registry.terraform.io/hashicorp/aws\"]",
      "instances": []
    },
    {
      "module": "module.s3_buckets[\"dev-assets\"].module.s3_bucket",
      "mode": "managed",
      "type": "aws_s3_bucket_lifecycle_configuration",
      "name": "this",
      "provider": "provider[\"registry.terraform.io/hashicorp/aws\"]",
      "instances": []
    },
    {
      "module": "module.s3_buckets[\"dev-assets\"].module.s3_bucket",
      "mode": "managed",
      "type": "aws_s3_bucket_logging",
      "name": "this",
      "provider": "provider[\"registry.terraform.io/hashicorp/aws\"]",
      "instances": []
    },
    {
      "module": "module.s3_buckets[\"dev-assets\"].module.s3_bucket",
      "mode": "managed",
      "type": "aws_s3_bucket_metric",
      "name": "this",
      "provider": "provider[\"registry.terraform.io/hashicorp/aws\"]",
      "instances": []
    },
    {
      "module": "module.s3_buckets[\"dev-assets\"].module.s3_bucket",
      "mode": "managed",
      "type": "aws_s3_bucket_object_lock_configuration",
      "name": "this",
      "provider": "provider[\"registry.terraform.io/hashicorp/aws\"]",
      "instances": []
    },
    {
      "module": "module.s3_buckets[\"dev-assets\"].module.s3_bucket",
      "mode": "managed",
      "type": "aws_s3_bucket_ownership_controls",
      "name": "this",
      "provider": "provider[\"registry.terraform.io/hashicorp/aws\"]",
      "instances": []
    },
    {
      "module": "module.s3_buckets[\"dev-assets\"].module.s3_bucket",
      "mode": "managed",
      "type": "aws_s3_bucket_policy",
      "name": "this",
      "provider": "provider[\"registry.terraform.io/hashicorp/aws\"]",
      "instances": []
    },
    {
      "module": "module.s3_buckets[\"dev-assets\"].module.s3_bucket",
      "mode": "managed",
      "type": "aws_s3_bucket_public_access_block",
      "name": "this",
      "provider": "provider[\"registry.terraform.io/hashicorp/aws\"]",
      "instances": [
        {
          "index_key": 0,
          "schema_version": 0,
          "attributes": {
            "block_public_acls": false,
            "block_public_policy": true,
            "bucket": "dev-assets-assets-bucket",
            "id": "dev-assets-assets-bucket",
            "ignore_public_acls": true,
            "restrict_public_buckets": false
          },
          "sensitive_attributes": [],
          "private": "bnVsbA==",
          "dependencies": [
            "module.dr_s3_buckets.aws_iam_policy.s3_replication_policy",
            "module.dr_s3_buckets.aws_iam_role.s3_replication_role",
            "module.dr_s3_buckets.aws_iam_role_policy_attachment.s3_replication_attachment",
            "module.dr_s3_buckets.aws_kms_alias.objects",
            "module.dr_s3_buckets.aws_kms_key.objects",
            "module.dr_s3_buckets.aws_s3_bucket_policy.s3_policy",
            "module.dr_s3_buckets.aws_s3_bucket_replication_configuration.this",
            "module.dr_s3_buckets.data.aws_caller_identity.current",
            "module.dr_s3_buckets.data.aws_iam_policy_document.kms_policy",
            "module.dr_s3_buckets.data.aws_iam_policy_document.s3_policy",
            "module.dr_s3_buckets.data.aws_iam_policy_document.s3_replication_policy_document",
            "module.dr_s3_buckets.module.s3_bucket.aws_s3_bucket.this",
            "module.dr_s3_buckets.module.s3_bucket.aws_s3_bucket_accelerate_configuration.this",
            "module.dr_s3_buckets.module.s3_bucket.aws_s3_bucket_acl.this",
            "module.dr_s3_buckets.module.s3_bucket.aws_s3_bucket_analytics_configuration.this",
            "module.dr_s3_buckets.module.s3_bucket.aws_s3_bucket_cors_configuration.this",
            "module.dr_s3_buckets.module.s3_bucket.aws_s3_bucket_intelligent_tiering_configuration.this",
            "module.dr_s3_buckets.module.s3_bucket.aws_s3_bucket_inventory.this",
            "module.dr_s3_buckets.module.s3_bucket.aws_s3_bucket_lifecycle_configuration.this",
            "module.dr_s3_buckets.module.s3_bucket.aws_s3_bucket_logging.this",
            "module.dr_s3_buckets.module.s3_bucket.aws_s3_bucket_metric.this",
            "module.dr_s3_buckets.module.s3_bucket.aws_s3_bucket_object_lock_configuration.this",
            "module.dr_s3_buckets.module.s3_bucket.aws_s3_bucket_ownership_controls.this",
            "module.dr_s3_buckets.module.s3_bucket.aws_s3_bucket_policy.this",
            "module.dr_s3_buckets.module.s3_bucket.aws_s3_bucket_public_access_block.this",
            "module.dr_s3_buckets.module.s3_bucket.aws_s3_bucket_replication_configuration.this",
            "module.dr_s3_buckets.module.s3_bucket.aws_s3_bucket_request_payment_configuration.this",
            "module.dr_s3_buckets.module.s3_bucket.aws_s3_bucket_server_side_encryption_configuration.this",
            "module.dr_s3_buckets.module.s3_bucket.aws_s3_bucket_versioning.this",
            "module.dr_s3_buckets.module.s3_bucket.aws_s3_bucket_website_configuration.this",
            "module.dr_s3_buckets.module.s3_bucket.aws_s3_directory_bucket.this",
            "module.dr_s3_buckets.module.s3_bucket.data.aws_caller_identity.current",
            "module.dr_s3_buckets.module.s3_bucket.data.aws_canonical_user_id.this",
            "module.dr_s3_buckets.module.s3_bucket.data.aws_iam_policy_document.access_log_delivery",
            "module.dr_s3_buckets.module.s3_bucket.data.aws_iam_policy_document.combined",
            "module.dr_s3_buckets.module.s3_bucket.data.aws_iam_policy_document.deny_incorrect_encryption_headers",
            "module.dr_s3_buckets.module.s3_bucket.data.aws_iam_policy_document.deny_incorrect_kms_key_sse",
            "module.dr_s3_buckets.module.s3_bucket.data.aws_iam_policy_document.deny_insecure_transport",
            "module.dr_s3_buckets.module.s3_bucket.data.aws_iam_policy_document.deny_ssec_encrypted_object_uploads",
            "module.dr_s3_buckets.module.s3_bucket.data.aws_iam_policy_document.deny_unencrypted_object_uploads",
            "module.dr_s3_buckets.module.s3_bucket.data.aws_iam_policy_document.elb_log_delivery",
            "module.dr_s3_buckets.module.s3_bucket.data.aws_iam_policy_document.inventory_and_analytics_destination_policy",
            "module.dr_s3_buckets.module.s3_bucket.data.aws_iam_policy_document.lb_log_delivery",
            "module.dr_s3_buckets.module.s3_bucket.data.aws_iam_policy_document.require_latest_tls",
            "module.dr_s3_buckets.module.s3_bucket.data.aws_partition.current",
            "module.dr_s3_buckets.module.s3_bucket.data.aws_region.current",
            "module.s3_buckets.aws_iam_role.s3_replication_role",
            "module.s3_buckets.module.s3_bucket.aws_s3_bucket.this"
          ]
        }
      ]
    },
    {
      "module": "module.s3_buckets[\"dev-assets\"].module.s3_bucket",
      "mode": "managed",
      "type": "aws_s3_bucket_replication_configuration",
      "name": "this",
      "provider": "provider[\"registry.terraform.io/hashicorp/aws\"]",
      "instances": []
    },
    {
      "module": "module.s3_buckets[\"dev-assets\"].module.s3_bucket",
      "mode": "managed",
      "type": "aws_s3_bucket_request_payment_configuration",
      "name": "this",
      "provider": "provider[\"registry.terraform.io/hashicorp/aws\"]",
      "instances": []
    },
    {
      "module": "module.s3_buckets[\"dev-assets\"].module.s3_bucket",
      "mode": "managed",
      "type": "aws_s3_bucket_server_side_encryption_configuration",
      "name": "this",
      "provider": "provider[\"registry.terraform.io/hashicorp/aws\"]",
      "instances": [
        {
          "index_key": 0,
          "schema_version": 0,
          "attributes": {
            "bucket": "dev-assets-assets-bucket",
            "expected_bucket_owner": "",
            "id": "dev-assets-assets-bucket",
            "rule": [
              {
                "apply_server_side_encryption_by_default": [
                  {
                    "kms_master_key_id": "arn:aws:kms:us-east-1:000000000000:key/54c2d9c1-7841-4f1b-a6a8-d547666a4495",
                    "sse_algorithm": "aws:kms"
                  }
                ],
                "bucket_key_enabled": null
              }
            ]
          },
          "sensitive_attributes": [],
          "private": "bnVsbA==",
          "dependencies": [
            "module.dr_s3_buckets.aws_iam_policy.s3_replication_policy",
            "module.dr_s3_buckets.aws_iam_role.s3_replication_role",
            "module.dr_s3_buckets.aws_iam_role_policy_attachment.s3_replication_attachment",
            "module.dr_s3_buckets.aws_kms_alias.objects",
            "module.dr_s3_buckets.aws_kms_key.objects",
            "module.dr_s3_buckets.aws_s3_bucket_policy.s3_policy",
            "module.dr_s3_buckets.aws_s3_bucket_replication_configuration.this",
            "module.dr_s3_buckets.data.aws_caller_identity.current",
            "module.dr_s3_buckets.data.aws_iam_policy_document.kms_policy",
            "module.dr_s3_buckets.data.aws_iam_policy_document.s3_policy",
            "module.dr_s3_buckets.data.aws_iam_policy_document.s3_replication_policy_document",
            "module.dr_s3_buckets.module.s3_bucket.aws_s3_bucket.this",
            "module.dr_s3_buckets.module.s3_bucket.aws_s3_bucket_accelerate_configuration.this",
            "module.dr_s3_buckets.module.s3_bucket.aws_s3_bucket_acl.this",
            "module.dr_s3_buckets.module.s3_bucket.aws_s3_bucket_analytics_configuration.this",
            "module.dr_s3_buckets.module.s3_bucket.aws_s3_bucket_cors_configuration.this",
            "module.dr_s3_buckets.module.s3_bucket.aws_s3_bucket_intelligent_tiering_configuration.this",
            "module.dr_s3_buckets.module.s3_bucket.aws_s3_bucket_inventory.this",
            "module.dr_s3_buckets.module.s3_bucket.aws_s3_bucket_lifecycle_configuration.this",
            "module.dr_s3_buckets.module.s3_bucket.aws_s3_bucket_logging.this",
            "module.dr_s3_buckets.module.s3_bucket.aws_s3_bucket_metric.this",
            "module.dr_s3_buckets.module.s3_bucket.aws_s3_bucket_object_lock_configuration.this",
            "module.dr_s3_buckets.module.s3_bucket.aws_s3_bucket_ownership_controls.this",
            "module.dr_s3_buckets.module.s3_bucket.aws_s3_bucket_policy.this",
            "module.dr_s3_buckets.module.s3_bucket.aws_s3_bucket_public_access_block.this",
            "module.dr_s3_buckets.module.s3_bucket.aws_s3_bucket_replication_configuration.this",
            "module.dr_s3_buckets.module.s3_bucket.aws_s3_bucket_request_payment_configuration.this",
            "module.dr_s3_buckets.module.s3_bucket.aws_s3_bucket_server_side_encryption_configuration.this",
            "module.dr_s3_buckets.module.s3_bucket.aws_s3_bucket_versioning.this",
            "module.dr_s3_buckets.module.s3_bucket.aws_s3_bucket_website_configuration.this",
            "module.dr_s3_buckets.module.s3_bucket.aws_s3_directory_bucket.this",
            "module.dr_s3_buckets.module.s3_bucket.data.aws_caller_identity.current",
            "module.dr_s3_buckets.module.s3_bucket.data.aws_canonical_user_id.this",
            "module.dr_s3_buckets.module.s3_bucket.data.aws_iam_policy_document.access_log_delivery",
            "module.dr_s3_buckets.module.s3_bucket.data.aws_iam_policy_document.combined",
            "module.dr_s3_buckets.module.s3_bucket.data.aws_iam_policy_document.deny_incorrect_encryption_headers",
            "module.dr_s3_buckets.module.s3_bucket.data.aws_iam_policy_document.deny_incorrect_kms_key_sse",
            "module.dr_s3_buckets.module.s3_bucket.data.aws_iam_policy_document.deny_insecure_transport",
            "module.dr_s3_buckets.module.s3_bucket.data.aws_iam_policy_document.deny_ssec_encrypted_object_uploads",
            "module.dr_s3_buckets.module.s3_bucket.data.aws_iam_policy_document.deny_unencrypted_object_uploads",
            "module.dr_s3_buckets.module.s3_bucket.data.aws_iam_policy_document.elb_log_delivery",
            "module.dr_s3_buckets.module.s3_bucket.data.aws_iam_policy_document.inventory_and_analytics_destination_policy",
            "module.dr_s3_buckets.module.s3_bucket.data.aws_iam_policy_document.lb_log_delivery",
            "module.dr_s3_buckets.module.s3_bucket.data.aws_iam_policy_document.require_latest_tls",
            "module.dr_s3_buckets.module.s3_bucket.data.aws_partition.current",
            "module.dr_s3_buckets.module.s3_bucket.data.aws_region.current",
            "module.s3_buckets.aws_iam_role.s3_replication_role",
            "module.s3_buckets.aws_kms_key.objects",
            "module.s3_buckets.data.aws_caller_identity.current",
            "module.s3_buckets.data.aws_iam_policy_document.kms_policy",
            "module.s3_buckets.module.s3_bucket.aws_s3_bucket.this",
            "module.s3_buckets.module.s3_bucket.aws_s3_directory_bucket.this"
          ]
        }
      ]
    },
    {
      "module": "module.s3_buckets[\"dev-assets\"].module.s3_bucket",
      "mode": "managed",
      "type": "aws_s3_bucket_versioning",
      "name": "this",
      "provider": "provider[\"registry.terraform.io/hashicorp/aws\"]",
      "instances": [
        {
          "index_key": 0,
          "schema_version": 0,
          "attributes": {
            "bucket": "dev-assets-assets-bucket",
            "expected_bucket_owner": "",
            "id": "dev-assets-assets-bucket",
            "mfa": null,
            "versioning_configuration": [
              {
                "mfa_delete": "",
                "status": "Enabled"
              }
            ]
          },
          "sensitive_attributes": [],
          "private": "bnVsbA==",
          "dependencies": [
            "module.dr_s3_buckets.aws_iam_policy.s3_replication_policy",
            "module.dr_s3_buckets.aws_iam_role.s3_replication_role",
            "module.dr_s3_buckets.aws_iam_role_policy_attachment.s3_replication_attachment",
            "module.dr_s3_buckets.aws_kms_alias.objects",
            "module.dr_s3_buckets.aws_kms_key.objects",
            "module.dr_s3_buckets.aws_s3_bucket_policy.s3_policy",
            "module.dr_s3_buckets.aws_s3_bucket_replication_configuration.this",
            "module.dr_s3_buckets.data.aws_caller_identity.current",
            "module.dr_s3_buckets.data.aws_iam_policy_document.kms_policy",
            "module.dr_s3_buckets.data.aws_iam_policy_document.s3_policy",
            "module.dr_s3_buckets.data.aws_iam_policy_document.s3_replication_policy_document",
            "module.dr_s3_buckets.module.s3_bucket.aws_s3_bucket.this",
            "module.dr_s3_buckets.module.s3_bucket.aws_s3_bucket_accelerate_configuration.this",
            "module.dr_s3_buckets.module.s3_bucket.aws_s3_bucket_acl.this",
            "module.dr_s3_buckets.module.s3_bucket.aws_s3_bucket_analytics_configuration.this",
            "module.dr_s3_buckets.module.s3_bucket.aws_s3_bucket_cors_configuration.this",
            "module.dr_s3_buckets.module.s3_bucket.aws_s3_bucket_intelligent_tiering_configuration.this",
            "module.dr_s3_buckets.module.s3_bucket.aws_s3_bucket_inventory.this",
            "module.dr_s3_buckets.module.s3_bucket.aws_s3_bucket_lifecycle_configuration.this",
            "module.dr_s3_buckets.module.s3_bucket.aws_s3_bucket_logging.this",
            "module.dr_s3_buckets.module.s3_bucket.aws_s3_bucket_metric.this",
            "module.dr_s3_buckets.module.s3_bucket.aws_s3_bucket_object_lock_configuration.this",
            "module.dr_s3_buckets.module.s3_bucket.aws_s3_bucket_ownership_controls.this",
            "module.dr_s3_buckets.module.s3_bucket.aws_s3_bucket_policy.this",
            "module.dr_s3_buckets.module.s3_bucket.aws_s3_bucket_public_access_block.this",
            "module.dr_s3_buckets.module.s3_bucket.aws_s3_bucket_replication_configuration.this",
            "module.dr_s3_buckets.module.s3_bucket.aws_s3_bucket_request_payment_configuration.this",
            "module.dr_s3_buckets.module.s3_bucket.aws_s3_bucket_server_side_encryption_configuration.this",
            "module.dr_s3_buckets.module.s3_bucket.aws_s3_bucket_versioning.this",
            "module.dr_s3_buckets.module.s3_bucket.aws_s3_bucket_website_configuration.this",
            "module.dr_s3_buckets.module.s3_bucket.aws_s3_directory_bucket.this",
            "module.dr_s3_buckets.module.s3_bucket.data.aws_caller_identity.current",
            "module.dr_s3_buckets.module.s3_bucket.data.aws_canonical_user_id.this",
            "module.dr_s3_buckets.module.s3_bucket.data.aws_iam_policy_document.access_log_delivery",
            "module.dr_s3_buckets.module.s3_bucket.data.aws_iam_policy_document.combined",
            "module.dr_s3_buckets.module.s3_bucket.data.aws_iam_policy_document.deny_incorrect_encryption_headers",
            "module.dr_s3_buckets.module.s3_bucket.data.aws_iam_policy_document.deny_incorrect_kms_key_sse",
            "module.dr_s3_buckets.module.s3_bucket.data.aws_iam_policy_document.deny_insecure_transport",
            "module.dr_s3_buckets.module.s3_bucket.data.aws_iam_policy_document.deny_ssec_encrypted_object_uploads",
            "module.dr_s3_buckets.module.s3_bucket.data.aws_iam_policy_document.deny_unencrypted_object_uploads",
            "module.dr_s3_buckets.module.s3_bucket.data.aws_iam_policy_document.elb_log_delivery",
            "module.dr_s3_buckets.module.s3_bucket.data.aws_iam_policy_document.inventory_and_analytics_destination_policy",
            "module.dr_s3_buckets.module.s3_bucket.data.aws_iam_policy_document.lb_log_delivery",
            "module.dr_s3_buckets.module.s3_bucket.data.aws_iam_policy_document.require_latest_tls",
            "module.dr_s3_buckets.module.s3_bucket.data.aws_partition.current",
            "module.dr_s3_buckets.module.s3_bucket.data.aws_region.current",
            "module.s3_buckets.aws_iam_role.s3_replication_role",
            "module.s3_buckets.module.s3_bucket.aws_s3_bucket.this"
          ]
        }
      ]
    },
    {
      "module": "module.s3_buckets[\"dev-assets\"].module.s3_bucket",
      "mode": "managed",
      "type": "aws_s3_bucket_website_configuration",
      "name": "this",
      "provider": "provider[\"registry.terraform.io/hashicorp/aws\"]",
      "instances": [
        {
          "index_key": 0,
          "schema_version": 0,
          "attributes": {
            "bucket": "dev-assets-assets-bucket",
            "error_document": [
              {
                "key": "error.html"
              }
            ],
            "expected_bucket_owner": "",
            "id": "dev-assets-assets-bucket",
            "index_document": [
              {
                "suffix": "index.html"
              }
            ],
            "redirect_all_requests_to": [],
            "routing_rule": [],
            "routing_rules": "",
            "website_domain": "s3-website-us-east-1.amazonaws.com",
            "website_endpoint": "dev-assets-assets-bucket.s3-website-us-east-1.amazonaws.com"
          },
          "sensitive_attributes": [],
          "private": "bnVsbA==",
          "dependencies": [
            "module.dr_s3_buckets.aws_iam_policy.s3_replication_policy",
            "module.dr_s3_buckets.aws_iam_role.s3_replication_role",
            "module.dr_s3_buckets.aws_iam_role_policy_attachment.s3_replication_attachment",
            "module.dr_s3_buckets.aws_kms_alias.objects",
            "module.dr_s3_buckets.aws_kms_key.objects",
            "module.dr_s3_buckets.aws_s3_bucket_policy.s3_policy",
            "module.dr_s3_buckets.aws_s3_bucket_replication_configuration.this",
            "module.dr_s3_buckets.data.aws_caller_identity.current",
            "module.dr_s3_buckets.data.aws_iam_policy_document.kms_policy",
            "module.dr_s3_buckets.data.aws_iam_policy_document.s3_policy",
            "module.dr_s3_buckets.data.aws_iam_policy_document.s3_replication_policy_document",
            "module.dr_s3_buckets.module.s3_bucket.aws_s3_bucket.this",
            "module.dr_s3_buckets.module.s3_bucket.aws_s3_bucket_accelerate_configuration.this",
            "module.dr_s3_buckets.module.s3_bucket.aws_s3_bucket_acl.this",
            "module.dr_s3_buckets.module.s3_bucket.aws_s3_bucket_analytics_configuration.this",
            "module.dr_s3_buckets.module.s3_bucket.aws_s3_bucket_cors_configuration.this",
            "module.dr_s3_buckets.module.s3_bucket.aws_s3_bucket_intelligent_tiering_configuration.this",
            "module.dr_s3_buckets.module.s3_bucket.aws_s3_bucket_inventory.this",
            "module.dr_s3_buckets.module.s3_bucket.aws_s3_bucket_lifecycle_configuration.this",
            "module.dr_s3_buckets.module.s3_bucket.aws_s3_bucket_logging.this",
            "module.dr_s3_buckets.module.s3_bucket.aws_s3_bucket_metric.this",
            "module.dr_s3_buckets.module.s3_bucket.aws_s3_bucket_object_lock_configuration.this",
            "module.dr_s3_buckets.module.s3_bucket.aws_s3_bucket_ownership_controls.this",
            "module.dr_s3_buckets.module.s3_bucket.aws_s3_bucket_policy.this",
            "module.dr_s3_buckets.module.s3_bucket.aws_s3_bucket_public_access_block.this",
            "module.dr_s3_buckets.module.s3_bucket.aws_s3_bucket_replication_configuration.this",
            "module.dr_s3_buckets.module.s3_bucket.aws_s3_bucket_request_payment_configuration.this",
            "module.dr_s3_buckets.module.s3_bucket.aws_s3_bucket_server_side_encryption_configuration.this",
            "module.dr_s3_buckets.module.s3_bucket.aws_s3_bucket_versioning.this",
            "module.dr_s3_buckets.module.s3_bucket.aws_s3_bucket_website_configuration.this",
            "module.dr_s3_buckets.module.s3_bucket.aws_s3_directory_bucket.this",
            "module.dr_s3_buckets.module.s3_bucket.data.aws_caller_identity.current",
            "module.dr_s3_buckets.module.s3_bucket.data.aws_canonical_user_id.this",
            "module.dr_s3_buckets.module.s3_bucket.data.aws_iam_policy_document.access_log_delivery",
            "module.dr_s3_buckets.module.s3_bucket.data.aws_iam_policy_document.combined",
            "module.dr_s3_buckets.module.s3_bucket.data.aws_iam_policy_document.deny_incorrect_encryption_headers",
            "module.dr_s3_buckets.module.s3_bucket.data.aws_iam_policy_document.deny_incorrect_kms_key_sse",
            "module.dr_s3_buckets.module.s3_bucket.data.aws_iam_policy_document.deny_insecure_transport",
            "module.dr_s3_buckets.module.s3_bucket.data.aws_iam_policy_document.deny_ssec_encrypted_object_uploads",
            "module.dr_s3_buckets.module.s3_bucket.data.aws_iam_policy_document.deny_unencrypted_object_uploads",
            "module.dr_s3_buckets.module.s3_bucket.data.aws_iam_policy_document.elb_log_delivery",
            "module.dr_s3_buckets.module.s3_bucket.data.aws_iam_policy_document.inventory_and_analytics_destination_policy",
            "module.dr_s3_buckets.module.s3_bucket.data.aws_iam_policy_document.lb_log_delivery",
            "module.dr_s3_buckets.module.s3_bucket.data.aws_iam_policy_document.require_latest_tls",
            "module.dr_s3_buckets.module.s3_bucket.data.aws_partition.current",
            "module.dr_s3_buckets.module.s3_bucket.data.aws_region.current",
            "module.s3_buckets.aws_iam_role.s3_replication_role",
            "module.s3_buckets.module.s3_bucket.aws_s3_bucket.this"
          ]
        }
      ]
    },
    {
      "module": "module.s3_buckets[\"dev-assets\"].module.s3_bucket",
      "mode": "managed",
      "type": "aws_s3_directory_bucket",
      "name": "this",
      "provider": "provider[\"registry.terraform.io/hashicorp/aws\"]",
      "instances": []
    },
    {
      "module": "module.s3_buckets[\"dev-logs\"]",
      "mode": "data",
      "type": "aws_caller_identity",
      "name": "current",
      "provider": "provider[\"registry.terraform.io/hashicorp/aws\"]",
      "instances": [
        {
          "schema_version": 0,
          "attributes": {
            "account_id": "000000000000",
            "arn": "arn:aws:iam::000000000000:root",
            "id": "000000000000",
            "user_id": "AKIAIOSFODNN7EXAMPLE"
          },
          "sensitive_attributes": []
        }
      ]
    },
    {
      "module": "module.s3_buckets[\"dev-logs\"]",
      "mode": "data",
      "type": "aws_iam_policy_document",
      "name": "kms_policy",
      "provider": "provider[\"registry.terraform.io/hashicorp/aws\"]",
      "instances": [
        {
          "schema_version": 0,
          "attributes": {
            "id": "2659249007",
            "json": "{\n  \"Version\": \"2012-10-17\",\n  \"Statement\": [\n    {\n      \"Sid\": \"kms\",\n      \"Effect\": \"Allow\",\n      \"Action\": [\n        \"kms:GenerateDataKey*\",\n        \"kms:Encrypt\",\n        \"kms:Decrypt\"\n      ],\n      \"Resource\": \"*\",\n      \"Principal\": {\n        \"AWS\": \"arn:aws:iam::000000000000:role/s3_access\"\n      }\n    }\n  ]\n}",
            "minified_json": "{\"Version\":\"2012-10-17\",\"Statement\":[{\"Sid\":\"kms\",\"Effect\":\"Allow\",\"Action\":[\"kms:GenerateDataKey*\",\"kms:Encrypt\",\"kms:Decrypt\"],\"Resource\":\"*\",\"Principal\":{\"AWS\":\"arn:aws:iam::000000000000:role/s3_access\"}}]}",
            "override_json": null,
            "override_policy_documents": null,
            "policy_id": null,
            "source_json": null,
            "source_policy_documents": null,
            "statement": [
              {
                "actions": [
                  "kms:Decrypt",
                  "kms:Encrypt",
                  "kms:GenerateDataKey*"
                ],
                "condition": [],
                "effect": "Allow",
                "not_actions": [],
                "not_principals": [],
                "not_resources": [],
                "principals": [
                  {
                    "identifiers": [
                      "arn:aws:iam::000000000000:role/s3_access"
                    ],
                    "type": "AWS"
                  }
                ],
                "resources": [
                  "*"
                ],
                "sid": "kms"
              }
            ],
            "version": "2012-10-17"
          },
          "sensitive_attributes": []
        }
      ]
    },
    {
      "module": "module.s3_buckets[\"dev-logs\"]",
      "mode": "data",
      "type": "aws_iam_policy_document",
      "name": "s3_policy",
      "provider": "provider[\"registry.terraform.io/hashicorp/aws\"]",
      "instances": [
        {
          "schema_version": 0,
          "attributes": {
            "id": "1384871873",
            "json": "{\n  \"Version\": \"2012-10-17\",\n  \"Statement\": [\n    {\n      \"Sid\": \"s3\",\n      \"Effect\": \"Allow\",\n      \"Action\": [\n        \"s3:PutObject\",\n        \"s3:ListBucket\",\n        \"s3:GetObject\",\n        \"s3:DeleteObject\"\n      ],\n      \"Resource\": \"arn:aws:s3:::dev-logs-dev-logs-bucket\",\n      \"Principal\": {\n        \"AWS\": \"arn:aws:iam::000000000000:role/s3_access\"\n      }\n    }\n  ]\n}",
            "minified_json": "{\"Version\":\"2012-10-17\",\"Statement\":[{\"Sid\":\"s3\",\"Effect\":\"Allow\",\"Action\":[\"s3:PutObject\",\"s3:ListBucket\",\"s3:GetObject\",\"s3:DeleteObject\"],\"Resource\":\"arn:aws:s3:::dev-logs-dev-logs-bucket\",\"Principal\":{\"AWS\":\"arn:aws:iam::000000000000:role/s3_access\"}}]}",
            "override_json": null,
            "override_policy_documents": null,
            "policy_id": null,
            "source_json": null,
            "source_policy_documents": null,
            "statement": [
              {
                "actions": [
                  "s3:DeleteObject",
                  "s3:GetObject",
                  "s3:ListBucket",
                  "s3:PutObject"
                ],
                "condition": [],
                "effect": "Allow",
                "not_actions": [],
                "not_principals": [],
                "not_resources": [],
                "principals": [
                  {
                    "identifiers": [
                      "arn:aws:iam::000000000000:role/s3_access"
                    ],
                    "type": "AWS"
                  }
                ],
                "resources": [
                  "arn:aws:s3:::dev-logs-dev-logs-bucket"
                ],
                "sid": "s3"
              }
            ],
            "version": "2012-10-17"
          },
          "sensitive_attributes": []
        }
      ]
    },
    {
      "module": "module.s3_buckets[\"dev-logs\"]",
      "mode": "data",
      "type": "aws_iam_policy_document",
      "name": "s3_replication_policy_document",
      "provider": "provider[\"registry.terraform.io/hashicorp/aws\"]",
      "instances": []
    },
    {
      "module": "module.s3_buckets[\"dev-logs\"]",
      "mode": "managed",
      "type": "aws_iam_policy",
      "name": "s3_replication_policy",
      "provider": "provider[\"registry.terraform.io/hashicorp/aws\"]",
      "instances": []
    },
    {
      "module": "module.s3_buckets[\"dev-logs\"]",
      "mode": "managed",
      "type": "aws_iam_role",
      "name": "s3_replication_role",
      "provider": "provider[\"registry.terraform.io/hashicorp/aws\"]",
      "instances": [
        {
          "index_key": 0,
          "schema_version": 0,
          "attributes": {
            "arn": "arn:aws:iam::000000000000:role/dev-logs-dev-logs-bucket-replication-role",
            "assume_role_policy": "{\"Statement\":[{\"Action\":\"sts:AssumeRole\",\"Effect\":\"Allow\",\"Principal\":{\"Service\":\"s3.amazonaws.com\"},\"Sid\":\"\"}],\"Version\":\"2012-10-17\"}",
            "create_date": "2025-03-05T14:11:59Z",
            "description": "",
            "force_detach_policies": false,
            "id": "dev-logs-dev-logs-bucket-replication-role",
            "inline_policy": [],
            "managed_policy_arns": [],
            "max_session_duration": 3600,
            "name": "dev-logs-dev-logs-bucket-replication-role",
            "name_prefix": "",
            "path": "/",
            "permissions_boundary": "",
            "tags": null,
            "tags_all": {
              "created-by": "path/to/repo"
            },
            "unique_id": "AROAQAAAAAAACDBT7JLCV"
          },
          "sensitive_attributes": [],
          "private": "bnVsbA==",
          "dependencies": [
            "module.dr_s3_buckets.aws_iam_policy.s3_replication_policy",
            "module.dr_s3_buckets.aws_iam_role.s3_replication_role",
            "module.dr_s3_buckets.aws_iam_role_policy_attachment.s3_replication_attachment",
            "module.dr_s3_buckets.aws_kms_alias.objects",
            "module.dr_s3_buckets.aws_kms_key.objects",
            "module.dr_s3_buckets.aws_s3_bucket_policy.s3_policy",
            "module.dr_s3_buckets.aws_s3_bucket_replication_configuration.this",
            "module.dr_s3_buckets.data.aws_caller_identity.current",
            "module.dr_s3_buckets.data.aws_iam_policy_document.kms_policy",
            "module.dr_s3_buckets.data.aws_iam_policy_document.s3_policy",
            "module.dr_s3_buckets.data.aws_iam_policy_document.s3_replication_policy_document",
            "module.dr_s3_buckets.module.s3_bucket.aws_s3_bucket.this",
            "module.dr_s3_buckets.module.s3_bucket.aws_s3_bucket_accelerate_configuration.this",
            "module.dr_s3_buckets.module.s3_bucket.aws_s3_bucket_acl.this",
            "module.dr_s3_buckets.module.s3_bucket.aws_s3_bucket_analytics_configuration.this",
            "module.dr_s3_buckets.module.s3_bucket.aws_s3_bucket_cors_configuration.this",
            "module.dr_s3_buckets.module.s3_bucket.aws_s3_bucket_intelligent_tiering_configuration.this",
            "module.dr_s3_buckets.module.s3_bucket.aws_s3_bucket_inventory.this",
            "module.dr_s3_buckets.module.s3_bucket.aws_s3_bucket_lifecycle_configuration.this",
            "module.dr_s3_buckets.module.s3_bucket.aws_s3_bucket_logging.this",
            "module.dr_s3_buckets.module.s3_bucket.aws_s3_bucket_metric.this",
            "module.dr_s3_buckets.module.s3_bucket.aws_s3_bucket_object_lock_configuration.this",
            "module.dr_s3_buckets.module.s3_bucket.aws_s3_bucket_ownership_controls.this",
            "module.dr_s3_buckets.module.s3_bucket.aws_s3_bucket_policy.this",
            "module.dr_s3_buckets.module.s3_bucket.aws_s3_bucket_public_access_block.this",
            "module.dr_s3_buckets.module.s3_bucket.aws_s3_bucket_replication_configuration.this",
            "module.dr_s3_buckets.module.s3_bucket.aws_s3_bucket_request_payment_configuration.this",
            "module.dr_s3_buckets.module.s3_bucket.aws_s3_bucket_server_side_encryption_configuration.this",
            "module.dr_s3_buckets.module.s3_bucket.aws_s3_bucket_versioning.this",
            "module.dr_s3_buckets.module.s3_bucket.aws_s3_bucket_website_configuration.this",
            "module.dr_s3_buckets.module.s3_bucket.aws_s3_directory_bucket.this",
            "module.dr_s3_buckets.module.s3_bucket.data.aws_caller_identity.current",
            "module.dr_s3_buckets.module.s3_bucket.data.aws_canonical_user_id.this",
            "module.dr_s3_buckets.module.s3_bucket.data.aws_iam_policy_document.access_log_delivery",
            "module.dr_s3_buckets.module.s3_bucket.data.aws_iam_policy_document.combined",
            "module.dr_s3_buckets.module.s3_bucket.data.aws_iam_policy_document.deny_incorrect_encryption_headers",
            "module.dr_s3_buckets.module.s3_bucket.data.aws_iam_policy_document.deny_incorrect_kms_key_sse",
            "module.dr_s3_buckets.module.s3_bucket.data.aws_iam_policy_document.deny_insecure_transport",
            "module.dr_s3_buckets.module.s3_bucket.data.aws_iam_policy_document.deny_ssec_encrypted_object_uploads",
            "module.dr_s3_buckets.module.s3_bucket.data.aws_iam_policy_document.deny_unencrypted_object_uploads",
            "module.dr_s3_buckets.module.s3_bucket.data.aws_iam_policy_document.elb_log_delivery",
            "module.dr_s3_buckets.module.s3_bucket.data.aws_iam_policy_document.inventory_and_analytics_destination_policy",
            "module.dr_s3_buckets.module.s3_bucket.data.aws_iam_policy_document.lb_log_delivery",
            "module.dr_s3_buckets.module.s3_bucket.data.aws_iam_policy_document.require_latest_tls",
            "module.dr_s3_buckets.module.s3_bucket.data.aws_partition.current",
            "module.dr_s3_buckets.module.s3_bucket.data.aws_region.current"
          ]
        }
      ]
    },
    {
      "module": "module.s3_buckets[\"dev-logs\"]",
      "mode": "managed",
      "type": "aws_iam_role_policy_attachment",
      "name": "s3_replication_attachment",
      "provider": "provider[\"registry.terraform.io/hashicorp/aws\"]",
      "instances": []
    },
    {
      "module": "module.s3_buckets[\"dev-logs\"]",
      "mode": "managed",
      "type": "aws_kms_alias",
      "name": "objects",
      "provider": "provider[\"registry.terraform.io/hashicorp/aws\"]",
      "instances": [
        {
          "schema_version": 0,
          "attributes": {
            "arn": "arn:aws:kms:us-east-1:000000000000:alias/dev-logs-dev-logs-bucket-object-key",
            "id": "alias/dev-logs-dev-logs-bucket-object-key",
            "name": "alias/dev-logs-dev-logs-bucket-object-key",
            "name_prefix": "",
            "target_key_arn": "arn:aws:kms:us-east-1:000000000000:key/a015b9d1-6c3e-4684-af69-8b8a39fda3a1",
            "target_key_id": "a015b9d1-6c3e-4684-af69-8b8a39fda3a1"
          },
          "sensitive_attributes": [],
          "private": "bnVsbA==",
          "dependencies": [
            "module.dr_s3_buckets.aws_iam_policy.s3_replication_policy",
            "module.dr_s3_buckets.aws_iam_role.s3_replication_role",
            "module.dr_s3_buckets.aws_iam_role_policy_attachment.s3_replication_attachment",
            "module.dr_s3_buckets.aws_kms_alias.objects",
            "module.dr_s3_buckets.aws_kms_key.objects",
            "module.dr_s3_buckets.aws_s3_bucket_policy.s3_policy",
            "module.dr_s3_buckets.aws_s3_bucket_replication_configuration.this",
            "module.dr_s3_buckets.data.aws_caller_identity.current",
            "module.dr_s3_buckets.data.aws_iam_policy_document.kms_policy",
            "module.dr_s3_buckets.data.aws_iam_policy_document.s3_policy",
            "module.dr_s3_buckets.data.aws_iam_policy_document.s3_replication_policy_document",
            "module.dr_s3_buckets.module.s3_bucket.aws_s3_bucket.this",
            "module.dr_s3_buckets.module.s3_bucket.aws_s3_bucket_accelerate_configuration.this",
            "module.dr_s3_buckets.module.s3_bucket.aws_s3_bucket_acl.this",
            "module.dr_s3_buckets.module.s3_bucket.aws_s3_bucket_analytics_configuration.this",
            "module.dr_s3_buckets.module.s3_bucket.aws_s3_bucket_cors_configuration.this",
            "module.dr_s3_buckets.module.s3_bucket.aws_s3_bucket_intelligent_tiering_configuration.this",
            "module.dr_s3_buckets.module.s3_bucket.aws_s3_bucket_inventory.this",
            "module.dr_s3_buckets.module.s3_bucket.aws_s3_bucket_lifecycle_configuration.this",
            "module.dr_s3_buckets.module.s3_bucket.aws_s3_bucket_logging.this",
            "module.dr_s3_buckets.module.s3_bucket.aws_s3_bucket_metric.this",
            "module.dr_s3_buckets.module.s3_bucket.aws_s3_bucket_object_lock_configuration.this",
            "module.dr_s3_buckets.module.s3_bucket.aws_s3_bucket_ownership_controls.this",
            "module.dr_s3_buckets.module.s3_bucket.aws_s3_bucket_policy.this",
            "module.dr_s3_buckets.module.s3_bucket.aws_s3_bucket_public_access_block.this",
            "module.dr_s3_buckets.module.s3_bucket.aws_s3_bucket_replication_configuration.this",
            "module.dr_s3_buckets.module.s3_bucket.aws_s3_bucket_request_payment_configuration.this",
            "module.dr_s3_buckets.module.s3_bucket.aws_s3_bucket_server_side_encryption_configuration.this",
            "module.dr_s3_buckets.module.s3_bucket.aws_s3_bucket_versioning.this",
            "module.dr_s3_buckets.module.s3_bucket.aws_s3_bucket_website_configuration.this",
            "module.dr_s3_buckets.module.s3_bucket.aws_s3_directory_bucket.this",
            "module.dr_s3_buckets.module.s3_bucket.data.aws_caller_identity.current",
            "module.dr_s3_buckets.module.s3_bucket.data.aws_canonical_user_id.this",
            "module.dr_s3_buckets.module.s3_bucket.data.aws_iam_policy_document.access_log_delivery",
            "module.dr_s3_buckets.module.s3_bucket.data.aws_iam_policy_document.combined",
            "module.dr_s3_buckets.module.s3_bucket.data.aws_iam_policy_document.deny_incorrect_encryption_headers",
            "module.dr_s3_buckets.module.s3_bucket.data.aws_iam_policy_document.deny_incorrect_kms_key_sse",
            "module.dr_s3_buckets.module.s3_bucket.data.aws_iam_policy_document.deny_insecure_transport",
            "module.dr_s3_buckets.module.s3_bucket.data.aws_iam_policy_document.deny_ssec_encrypted_object_uploads",
            "module.dr_s3_buckets.module.s3_bucket.data.aws_iam_policy_document.deny_unencrypted_object_uploads",
            "module.dr_s3_buckets.module.s3_bucket.data.aws_iam_policy_document.elb_log_delivery",
            "module.dr_s3_buckets.module.s3_bucket.data.aws_iam_policy_document.inventory_and_analytics_destination_policy",
            "module.dr_s3_buckets.module.s3_bucket.data.aws_iam_policy_document.lb_log_delivery",
            "module.dr_s3_buckets.module.s3_bucket.data.aws_iam_policy_document.require_latest_tls",
            "module.dr_s3_buckets.module.s3_bucket.data.aws_partition.current",
            "module.dr_s3_buckets.module.s3_bucket.data.aws_region.current",
            "module.s3_buckets.aws_kms_key.objects",
            "module.s3_buckets.data.aws_caller_identity.current",
            "module.s3_buckets.data.aws_iam_policy_document.kms_policy"
          ]
        }
      ]
    },
    {
      "module": "module.s3_buckets[\"dev-logs\"]",
      "mode": "managed",
      "type": "aws_kms_key",
      "name": "objects",
      "provider": "provider[\"registry.terraform.io/hashicorp/aws\"]",
      "instances": [
        {
          "schema_version": 0,
          "attributes": {
            "arn": "arn:aws:kms:us-east-1:000000000000:key/a015b9d1-6c3e-4684-af69-8b8a39fda3a1",
            "bypass_policy_lockout_safety_check": false,
            "custom_key_store_id": "",
            "customer_master_key_spec": "SYMMETRIC_DEFAULT",
            "deletion_window_in_days": 30,
            "description": "",
            "enable_key_rotation": true,
            "id": "a015b9d1-6c3e-4684-af69-8b8a39fda3a1",
            "is_enabled": true,
            "key_id": "a015b9d1-6c3e-4684-af69-8b8a39fda3a1",
            "key_usage": "ENCRYPT_DECRYPT",
            "multi_region": false,
            "policy": "{\"Statement\":[{\"Action\":[\"kms:GenerateDataKey*\",\"kms:Encrypt\",\"kms:Decrypt\"],\"Effect\":\"Allow\",\"Principal\":{\"AWS\":\"arn:aws:iam::000000000000:role/s3_access\"},\"Resource\":\"*\",\"Sid\":\"kms\"}],\"Version\":\"2012-10-17\"}",
            "rotation_period_in_days": 0,
            "tags": null,
            "tags_all": {
              "created-by": "path/to/repo"
            },
            "timeouts": null,
            "xks_key_id": ""
          },
          "sensitive_attributes": [],
          "private": "eyJlMmJmYjczMC1lY2FhLTExZTYtOGY4OC0zNDM2M2JjN2M0YzAiOnsiY3JlYXRlIjoxMjAwMDAwMDAwMDB9fQ==",
          "dependencies": [
            "module.dr_s3_buckets.aws_iam_policy.s3_replication_policy",
            "module.dr_s3_buckets.aws_iam_role.s3_replication_role",
            "module.dr_s3_buckets.aws_iam_role_policy_attachment.s3_replication_attachment",
            "module.dr_s3_buckets.aws_kms_alias.objects",
            "module.dr_s3_buckets.aws_kms_key.objects",
            "module.dr_s3_buckets.aws_s3_bucket_policy.s3_policy",
            "module.dr_s3_buckets.aws_s3_bucket_replication_configuration.this",
            "module.dr_s3_buckets.data.aws_caller_identity.current",
            "module.dr_s3_buckets.data.aws_iam_policy_document.kms_policy",
            "module.dr_s3_buckets.data.aws_iam_policy_document.s3_policy",
            "module.dr_s3_buckets.data.aws_iam_policy_document.s3_replication_policy_document",
            "module.dr_s3_buckets.module.s3_bucket.aws_s3_bucket.this",
            "module.dr_s3_buckets.module.s3_bucket.aws_s3_bucket_accelerate_configuration.this",
            "module.dr_s3_buckets.module.s3_bucket.aws_s3_bucket_acl.this",
            "module.dr_s3_buckets.module.s3_bucket.aws_s3_bucket_analytics_configuration.this",
            "module.dr_s3_buckets.module.s3_bucket.aws_s3_bucket_cors_configuration.this",
            "module.dr_s3_buckets.module.s3_bucket.aws_s3_bucket_intelligent_tiering_configuration.this",
            "module.dr_s3_buckets.module.s3_bucket.aws_s3_bucket_inventory.this",
            "module.dr_s3_buckets.module.s3_bucket.aws_s3_bucket_lifecycle_configuration.this",
            "module.dr_s3_buckets.module.s3_bucket.aws_s3_bucket_logging.this",
            "module.dr_s3_buckets.module.s3_bucket.aws_s3_bucket_metric.this",
            "module.dr_s3_buckets.module.s3_bucket.aws_s3_bucket_object_lock_configuration.this",
            "module.dr_s3_buckets.module.s3_bucket.aws_s3_bucket_ownership_controls.this",
            "module.dr_s3_buckets.module.s3_bucket.aws_s3_bucket_policy.this",
            "module.dr_s3_buckets.module.s3_bucket.aws_s3_bucket_public_access_block.this",
            "module.dr_s3_buckets.module.s3_bucket.aws_s3_bucket_replication_configuration.this",
            "module.dr_s3_buckets.module.s3_bucket.aws_s3_bucket_request_payment_configuration.this",
            "module.dr_s3_buckets.module.s3_bucket.aws_s3_bucket_server_side_encryption_configuration.this",
            "module.dr_s3_buckets.module.s3_bucket.aws_s3_bucket_versioning.this",
            "module.dr_s3_buckets.module.s3_bucket.aws_s3_bucket_website_configuration.this",
            "module.dr_s3_buckets.module.s3_bucket.aws_s3_directory_bucket.this",
            "module.dr_s3_buckets.module.s3_bucket.data.aws_caller_identity.current",
            "module.dr_s3_buckets.module.s3_bucket.data.aws_canonical_user_id.this",
            "module.dr_s3_buckets.module.s3_bucket.data.aws_iam_policy_document.access_log_delivery",
            "module.dr_s3_buckets.module.s3_bucket.data.aws_iam_policy_document.combined",
            "module.dr_s3_buckets.module.s3_bucket.data.aws_iam_policy_document.deny_incorrect_encryption_headers",
            "module.dr_s3_buckets.module.s3_bucket.data.aws_iam_policy_document.deny_incorrect_kms_key_sse",
            "module.dr_s3_buckets.module.s3_bucket.data.aws_iam_policy_document.deny_insecure_transport",
            "module.dr_s3_buckets.module.s3_bucket.data.aws_iam_policy_document.deny_ssec_encrypted_object_uploads",
            "module.dr_s3_buckets.module.s3_bucket.data.aws_iam_policy_document.deny_unencrypted_object_uploads",
            "module.dr_s3_buckets.module.s3_bucket.data.aws_iam_policy_document.elb_log_delivery",
            "module.dr_s3_buckets.module.s3_bucket.data.aws_iam_policy_document.inventory_and_analytics_destination_policy",
            "module.dr_s3_buckets.module.s3_bucket.data.aws_iam_policy_document.lb_log_delivery",
            "module.dr_s3_buckets.module.s3_bucket.data.aws_iam_policy_document.require_latest_tls",
            "module.dr_s3_buckets.module.s3_bucket.data.aws_partition.current",
            "module.dr_s3_buckets.module.s3_bucket.data.aws_region.current",
            "module.s3_buckets.data.aws_caller_identity.current",
            "module.s3_buckets.data.aws_iam_policy_document.kms_policy"
          ]
        }
      ]
    },
    {
      "module": "module.s3_buckets[\"dev-logs\"]",
      "mode": "managed",
      "type": "aws_s3_bucket_policy",
      "name": "s3_policy",
      "provider": "provider[\"registry.terraform.io/hashicorp/aws\"]",
      "instances": [
        {
          "schema_version": 0,
          "attributes": {
            "bucket": "dev-logs-dev-logs-bucket",
            "id": "dev-logs-dev-logs-bucket",
            "policy": "{\"Statement\":[{\"Action\":[\"s3:PutObject\",\"s3:ListBucket\",\"s3:GetObject\",\"s3:DeleteObject\"],\"Effect\":\"Allow\",\"Principal\":{\"AWS\":\"arn:aws:iam::000000000000:role/s3_access\"},\"Resource\":\"arn:aws:s3:::dev-logs-dev-logs-bucket\",\"Sid\":\"s3\"}],\"Version\":\"2012-10-17\"}"
          },
          "sensitive_attributes": [],
          "private": "bnVsbA==",
          "dependencies": [
            "module.dr_s3_buckets.aws_iam_policy.s3_replication_policy",
            "module.dr_s3_buckets.aws_iam_role.s3_replication_role",
            "module.dr_s3_buckets.aws_iam_role_policy_attachment.s3_replication_attachment",
            "module.dr_s3_buckets.aws_kms_alias.objects",
            "module.dr_s3_buckets.aws_kms_key.objects",
            "module.dr_s3_buckets.aws_s3_bucket_policy.s3_policy",
            "module.dr_s3_buckets.aws_s3_bucket_replication_configuration.this",
            "module.dr_s3_buckets.data.aws_caller_identity.current",
            "module.dr_s3_buckets.data.aws_iam_policy_document.kms_policy",
            "module.dr_s3_buckets.data.aws_iam_policy_document.s3_policy",
            "module.dr_s3_buckets.data.aws_iam_policy_document.s3_replication_policy_document",
            "module.dr_s3_buckets.module.s3_bucket.aws_s3_bucket.this",
            "module.dr_s3_buckets.module.s3_bucket.aws_s3_bucket_accelerate_configuration.this",
            "module.dr_s3_buckets.module.s3_bucket.aws_s3_bucket_acl.this",
            "module.dr_s3_buckets.module.s3_bucket.aws_s3_bucket_analytics_configuration.this",
            "module.dr_s3_buckets.module.s3_bucket.aws_s3_bucket_cors_configuration.this",
            "module.dr_s3_buckets.module.s3_bucket.aws_s3_bucket_intelligent_tiering_configuration.this",
            "module.dr_s3_buckets.module.s3_bucket.aws_s3_bucket_inventory.this",
            "module.dr_s3_buckets.module.s3_bucket.aws_s3_bucket_lifecycle_configuration.this",
            "module.dr_s3_buckets.module.s3_bucket.aws_s3_bucket_logging.this",
            "module.dr_s3_buckets.module.s3_bucket.aws_s3_bucket_metric.this",
            "module.dr_s3_buckets.module.s3_bucket.aws_s3_bucket_object_lock_configuration.this",
            "module.dr_s3_buckets.module.s3_bucket.aws_s3_bucket_ownership_controls.this",
            "module.dr_s3_buckets.module.s3_bucket.aws_s3_bucket_policy.this",
            "module.dr_s3_buckets.module.s3_bucket.aws_s3_bucket_public_access_block.this",
            "module.dr_s3_buckets.module.s3_bucket.aws_s3_bucket_replication_configuration.this",
            "module.dr_s3_buckets.module.s3_bucket.aws_s3_bucket_request_payment_configuration.this",
            "module.dr_s3_buckets.module.s3_bucket.aws_s3_bucket_server_side_encryption_configuration.this",
            "module.dr_s3_buckets.module.s3_bucket.aws_s3_bucket_versioning.this",
            "module.dr_s3_buckets.module.s3_bucket.aws_s3_bucket_website_configuration.this",
            "module.dr_s3_buckets.module.s3_bucket.aws_s3_directory_bucket.this",
            "module.dr_s3_buckets.module.s3_bucket.data.aws_caller_identity.current",
            "module.dr_s3_buckets.module.s3_bucket.data.aws_canonical_user_id.this",
            "module.dr_s3_buckets.module.s3_bucket.data.aws_iam_policy_document.access_log_delivery",
            "module.dr_s3_buckets.module.s3_bucket.data.aws_iam_policy_document.combined",
            "module.dr_s3_buckets.module.s3_bucket.data.aws_iam_policy_document.deny_incorrect_encryption_headers",
            "module.dr_s3_buckets.module.s3_bucket.data.aws_iam_policy_document.deny_incorrect_kms_key_sse",
            "module.dr_s3_buckets.module.s3_bucket.data.aws_iam_policy_document.deny_insecure_transport",
            "module.dr_s3_buckets.module.s3_bucket.data.aws_iam_policy_document.deny_ssec_encrypted_object_uploads",
            "module.dr_s3_buckets.module.s3_bucket.data.aws_iam_policy_document.deny_unencrypted_object_uploads",
            "module.dr_s3_buckets.module.s3_bucket.data.aws_iam_policy_document.elb_log_delivery",
            "module.dr_s3_buckets.module.s3_bucket.data.aws_iam_policy_document.inventory_and_analytics_destination_policy",
            "module.dr_s3_buckets.module.s3_bucket.data.aws_iam_policy_document.lb_log_delivery",
            "module.dr_s3_buckets.module.s3_bucket.data.aws_iam_policy_document.require_latest_tls",
            "module.dr_s3_buckets.module.s3_bucket.data.aws_partition.current",
            "module.dr_s3_buckets.module.s3_bucket.data.aws_region.current",
            "module.s3_buckets.aws_iam_role.s3_replication_role",
            "module.s3_buckets.aws_kms_key.objects",
            "module.s3_buckets.data.aws_caller_identity.current",
            "module.s3_buckets.data.aws_iam_policy_document.kms_policy",
            "module.s3_buckets.data.aws_iam_policy_document.s3_policy",
            "module.s3_buckets.module.s3_bucket.aws_s3_bucket.this",
            "module.s3_buckets.module.s3_bucket.aws_s3_bucket_accelerate_configuration.this",
            "module.s3_buckets.module.s3_bucket.aws_s3_bucket_acl.this",
            "module.s3_buckets.module.s3_bucket.aws_s3_bucket_analytics_configuration.this",
            "module.s3_buckets.module.s3_bucket.aws_s3_bucket_cors_configuration.this",
            "module.s3_buckets.module.s3_bucket.aws_s3_bucket_intelligent_tiering_configuration.this",
            "module.s3_buckets.module.s3_bucket.aws_s3_bucket_inventory.this",
            "module.s3_buckets.module.s3_bucket.aws_s3_bucket_lifecycle_configuration.this",
            "module.s3_buckets.module.s3_bucket.aws_s3_bucket_logging.this",
            "module.s3_buckets.module.s3_bucket.aws_s3_bucket_metric.this",
            "module.s3_buckets.module.s3_bucket.aws_s3_bucket_object_lock_configuration.this",
            "module.s3_buckets.module.s3_bucket.aws_s3_bucket_ownership_controls.this",
            "module.s3_buckets.module.s3_bucket.aws_s3_bucket_policy.this",
            "module.s3_buckets.module.s3_bucket.aws_s3_bucket_public_access_block.this",
            "module.s3_buckets.module.s3_bucket.aws_s3_bucket_replication_configuration.this",
            "module.s3_buckets.module.s3_bucket.aws_s3_bucket_request_payment_configuration.this",
            "module.s3_buckets.module.s3_bucket.aws_s3_bucket_server_side_encryption_configuration.this",
            "module.s3_buckets.module.s3_bucket.aws_s3_bucket_versioning.this",
            "module.s3_buckets.module.s3_bucket.aws_s3_bucket_website_configuration.this",
            "module.s3_buckets.module.s3_bucket.aws_s3_directory_bucket.this",
            "module.s3_buckets.module.s3_bucket.data.aws_caller_identity.current",
            "module.s3_buckets.module.s3_bucket.data.aws_canonical_user_id.this",
            "module.s3_buckets.module.s3_bucket.data.aws_iam_policy_document.access_log_delivery",
            "module.s3_buckets.module.s3_bucket.data.aws_iam_policy_document.combined",
            "module.s3_buckets.module.s3_bucket.data.aws_iam_policy_document.deny_incorrect_encryption_headers",
            "module.s3_buckets.module.s3_bucket.data.aws_iam_policy_document.deny_incorrect_kms_key_sse",
            "module.s3_buckets.module.s3_bucket.data.aws_iam_policy_document.deny_insecure_transport",
            "module.s3_buckets.module.s3_bucket.data.aws_iam_policy_document.deny_ssec_encrypted_object_uploads",
            "module.s3_buckets.module.s3_bucket.data.aws_iam_policy_document.deny_unencrypted_object_uploads",
            "module.s3_buckets.module.s3_bucket.data.aws_iam_policy_document.elb_log_delivery",
            "module.s3_buckets.module.s3_bucket.data.aws_iam_policy_document.inventory_and_analytics_destination_policy",
            "module.s3_buckets.module.s3_bucket.data.aws_iam_policy_document.lb_log_delivery",
            "module.s3_buckets.module.s3_bucket.data.aws_iam_policy_document.require_latest_tls",
            "module.s3_buckets.module.s3_bucket.data.aws_partition.current",
            "module.s3_buckets.module.s3_bucket.data.aws_region.current"
          ]
        }
      ]
    },
    {
      "module": "module.s3_buckets[\"dev-logs\"]",
      "mode": "managed",
      "type": "aws_s3_bucket_replication_configuration",
      "name": "this",
      "provider": "provider[\"registry.terraform.io/hashicorp/aws\"]",
      "instances": []
    },
    {
      "module": "module.s3_buckets[\"dev-logs\"].module.s3_bucket",
      "mode": "data",
      "type": "aws_caller_identity",
      "name": "current",
      "provider": "provider[\"registry.terraform.io/hashicorp/aws\"]",
      "instances": [
        {
          "schema_version": 0,
          "attributes": {
            "account_id": "000000000000",
            "arn": "arn:aws:iam::000000000000:root",
            "id": "000000000000",
            "user_id": "AKIAIOSFODNN7EXAMPLE"
          },
          "sensitive_attributes": []
        }
      ]
    },
    {
      "module": "module.s3_buckets[\"dev-logs\"].module.s3_bucket",
      "mode": "data",
      "type": "aws_canonical_user_id",
      "name": "this",
      "provider": "provider[\"registry.terraform.io/hashicorp/aws\"]",
      "instances": [
        {
          "index_key": 0,
          "schema_version": 0,
          "attributes": {
            "display_name": "webfile",
            "id": "75aa57f09aa0c8caeab4f8c24e99d10f8e7faeebf76c078efc7c6caea54ba06a"
          },
          "sensitive_attributes": []
        }
      ]
    },
    {
      "module": "module.s3_buckets[\"dev-logs\"].module.s3_bucket",
      "mode": "data",
      "type": "aws_iam_policy_document",
      "name": "access_log_delivery",
      "provider": "provider[\"registry.terraform.io/hashicorp/aws\"]",
      "instances": []
    },
    {
      "module": "module.s3_buckets[\"dev-logs\"].module.s3_bucket",
      "mode": "data",
      "type": "aws_iam_policy_document",
      "name": "combined",
      "provider": "provider[\"registry.terraform.io/hashicorp/aws\"]",
      "instances": []
    },
    {
      "module": "module.s3_buckets[\"dev-logs\"].module.s3_bucket",
      "mode": "data",
      "type": "aws_iam_policy_document",
      "name": "deny_incorrect_encryption_headers",
      "provider": "provider[\"registry.terraform.io/hashicorp/aws\"]",
      "instances": []
    },
    {
      "module": "module.s3_buckets[\"dev-logs\"].module.s3_bucket",
      "mode": "data",
      "type": "aws_iam_policy_document",
      "name": "deny_incorrect_kms_key_sse",
      "provider": "provider[\"registry.terraform.io/hashicorp/aws\"]",
      "instances": []
    },
    {
      "module": "module.s3_buckets[\"dev-logs\"].module.s3_bucket",
      "mode": "data",
      "type": "aws_iam_policy_document",
      "name": "deny_insecure_transport",
      "provider": "provider[\"registry.terraform.io/hashicorp/aws\"]",
      "instances": []
    },
    {
      "module": "module.s3_buckets[\"dev-logs\"].module.s3_bucket",
      "mode": "data",
      "type": "aws_iam_policy_document",
      "name": "deny_ssec_encrypted_object_uploads",
      "provider": "provider[\"registry.terraform.io/hashicorp/aws\"]",
      "instances": []
    },
    {
      "module": "module.s3_buckets[\"dev-logs\"].module.s3_bucket",
      "mode": "data",
      "type": "aws_iam_policy_document",
      "name": "deny_unencrypted_object_uploads",
      "provider": "provider[\"registry.terraform.io/hashicorp/aws\"]",
      "instances": []
    },
    {
      "module": "module.s3_buckets[\"dev-logs\"].module.s3_bucket",
      "mode": "data",
      "type": "aws_iam_policy_document",
      "name": "elb_log_delivery",
      "provider": "provider[\"registry.terraform.io/hashicorp/aws\"]",
      "instances": []
    },
    {
      "module": "module.s3_buckets[\"dev-logs\"].module.s3_bucket",
      "mode": "data",
      "type": "aws_iam_policy_document",
      "name": "inventory_and_analytics_destination_policy",
      "provider": "provider[\"registry.terraform.io/hashicorp/aws\"]",
      "instances": []
    },
    {
      "module": "module.s3_buckets[\"dev-logs\"].module.s3_bucket",
      "mode": "data",
      "type": "aws_iam_policy_document",
      "name": "lb_log_delivery",
      "provider": "provider[\"registry.terraform.io/hashicorp/aws\"]",
      "instances": []
    },
    {
      "module": "module.s3_buckets[\"dev-logs\"].module.s3_bucket",
      "mode": "data",
      "type": "aws_iam_policy_document",
      "name": "require_latest_tls",
      "provider": "provider[\"registry.terraform.io/hashicorp/aws\"]",
      "instances": []
    },
    {
      "module": "module.s3_buckets[\"dev-logs\"].module.s3_bucket",
      "mode": "data",
      "type": "aws_partition",
      "name": "current",
      "provider": "provider[\"registry.terraform.io/hashicorp/aws\"]",
      "instances": [
        {
          "schema_version": 0,
          "attributes": {
            "dns_suffix": "amazonaws.com",
            "id": "aws",
            "partition": "aws",
            "reverse_dns_prefix": "com.amazonaws"
          },
          "sensitive_attributes": []
        }
      ]
    },
    {
      "module": "module.s3_buckets[\"dev-logs\"].module.s3_bucket",
      "mode": "data",
      "type": "aws_region",
      "name": "current",
      "provider": "provider[\"registry.terraform.io/hashicorp/aws\"]",
      "instances": [
        {
          "schema_version": 0,
          "attributes": {
            "description": "US East (N. Virginia)",
            "endpoint": "ec2.us-east-1.amazonaws.com",
            "id": "us-east-1",
            "name": "us-east-1"
          },
          "sensitive_attributes": []
        }
      ]
    },
    {
      "module": "module.s3_buckets[\"dev-logs\"].module.s3_bucket",
      "mode": "managed",
      "type": "aws_s3_bucket",
      "name": "this",
      "provider": "provider[\"registry.terraform.io/hashicorp/aws\"]",
      "instances": [
        {
          "index_key": 0,
          "schema_version": 0,
          "attributes": {
            "acceleration_status": "",
            "acl": null,
            "arn": "arn:aws:s3:::dev-logs-dev-logs-bucket",
            "bucket": "dev-logs-dev-logs-bucket",
            "bucket_domain_name": "dev-logs-dev-logs-bucket.s3.amazonaws.com",
            "bucket_prefix": "",
            "bucket_regional_domain_name": "dev-logs-dev-logs-bucket.s3.us-east-1.amazonaws.com",
            "cors_rule": [],
            "force_destroy": false,
            "grant": [
              {
                "id": "75aa57f09aa0c8caeab4f8c24e99d10f8e7faeebf76c078efc7c6caea54ba06a",
                "permissions": [
                  "FULL_CONTROL"
                ],
                "type": "CanonicalUser",
                "uri": ""
              }
            ],
            "hosted_zone_id": "Z3AQBSTGFYJSTF",
            "id": "dev-logs-dev-logs-bucket",
            "lifecycle_rule": [],
            "logging": [],
            "object_lock_configuration": [],
            "object_lock_enabled": false,
            "policy": "",
            "region": "us-east-1",
            "replication_configuration": [],
            "request_payer": "BucketOwner",
            "server_side_encryption_configuration": [
              {
                "rule": [
                  {
                    "apply_server_side_encryption_by_default": [
                      {
                        "kms_master_key_id": "",
                        "sse_algorithm": "AES256"
                      }
                    ],
                    "bucket_key_enabled": false
                  }
                ]
              }
            ],
            "tags": {
              "Environment": "dev",
              "Owner": "security-team",
              "managed-by": "terraform-aws-modules/s3-bucket/aws"
            },
            "tags_all": {
              "Environment": "dev",
              "Owner": "security-team",
              "created-by": "path/to/repo",
              "managed-by": "terraform-aws-modules/s3-bucket/aws"
            },
            "timeouts": null,
            "versioning": [
              {
                "enabled": false,
                "mfa_delete": false
              }
            ],
            "website": [],
            "website_domain": null,
            "website_endpoint": null
          },
          "sensitive_attributes": [],
          "private": "eyJlMmJmYjczMC1lY2FhLTExZTYtOGY4OC0zNDM2M2JjN2M0YzAiOnsiY3JlYXRlIjoxMjAwMDAwMDAwMDAwLCJkZWxldGUiOjM2MDAwMDAwMDAwMDAsInJlYWQiOjEyMDAwMDAwMDAwMDAsInVwZGF0ZSI6MTIwMDAwMDAwMDAwMH19",
          "dependencies": [
            "module.dr_s3_buckets.aws_iam_policy.s3_replication_policy",
            "module.dr_s3_buckets.aws_iam_role.s3_replication_role",
            "module.dr_s3_buckets.aws_iam_role_policy_attachment.s3_replication_attachment",
            "module.dr_s3_buckets.aws_kms_alias.objects",
            "module.dr_s3_buckets.aws_kms_key.objects",
            "module.dr_s3_buckets.aws_s3_bucket_policy.s3_policy",
            "module.dr_s3_buckets.aws_s3_bucket_replication_configuration.this",
            "module.dr_s3_buckets.data.aws_caller_identity.current",
            "module.dr_s3_buckets.data.aws_iam_policy_document.kms_policy",
            "module.dr_s3_buckets.data.aws_iam_policy_document.s3_policy",
            "module.dr_s3_buckets.data.aws_iam_policy_document.s3_replication_policy_document",
            "module.dr_s3_buckets.module.s3_bucket.aws_s3_bucket.this",
            "module.dr_s3_buckets.module.s3_bucket.aws_s3_bucket_accelerate_configuration.this",
            "module.dr_s3_buckets.module.s3_bucket.aws_s3_bucket_acl.this",
            "module.dr_s3_buckets.module.s3_bucket.aws_s3_bucket_analytics_configuration.this",
            "module.dr_s3_buckets.module.s3_bucket.aws_s3_bucket_cors_configuration.this",
            "module.dr_s3_buckets.module.s3_bucket.aws_s3_bucket_intelligent_tiering_configuration.this",
            "module.dr_s3_buckets.module.s3_bucket.aws_s3_bucket_inventory.this",
            "module.dr_s3_buckets.module.s3_bucket.aws_s3_bucket_lifecycle_configuration.this",
            "module.dr_s3_buckets.module.s3_bucket.aws_s3_bucket_logging.this",
            "module.dr_s3_buckets.module.s3_bucket.aws_s3_bucket_metric.this",
            "module.dr_s3_buckets.module.s3_bucket.aws_s3_bucket_object_lock_configuration.this",
            "module.dr_s3_buckets.module.s3_bucket.aws_s3_bucket_ownership_controls.this",
            "module.dr_s3_buckets.module.s3_bucket.aws_s3_bucket_policy.this",
            "module.dr_s3_buckets.module.s3_bucket.aws_s3_bucket_public_access_block.this",
            "module.dr_s3_buckets.module.s3_bucket.aws_s3_bucket_replication_configuration.this",
            "module.dr_s3_buckets.module.s3_bucket.aws_s3_bucket_request_payment_configuration.this",
            "module.dr_s3_buckets.module.s3_bucket.aws_s3_bucket_server_side_encryption_configuration.this",
            "module.dr_s3_buckets.module.s3_bucket.aws_s3_bucket_versioning.this",
            "module.dr_s3_buckets.module.s3_bucket.aws_s3_bucket_website_configuration.this",
            "module.dr_s3_buckets.module.s3_bucket.aws_s3_directory_bucket.this",
            "module.dr_s3_buckets.module.s3_bucket.data.aws_caller_identity.current",
            "module.dr_s3_buckets.module.s3_bucket.data.aws_canonical_user_id.this",
            "module.dr_s3_buckets.module.s3_bucket.data.aws_iam_policy_document.access_log_delivery",
            "module.dr_s3_buckets.module.s3_bucket.data.aws_iam_policy_document.combined",
            "module.dr_s3_buckets.module.s3_bucket.data.aws_iam_policy_document.deny_incorrect_encryption_headers",
            "module.dr_s3_buckets.module.s3_bucket.data.aws_iam_policy_document.deny_incorrect_kms_key_sse",
            "module.dr_s3_buckets.module.s3_bucket.data.aws_iam_policy_document.deny_insecure_transport",
            "module.dr_s3_buckets.module.s3_bucket.data.aws_iam_policy_document.deny_ssec_encrypted_object_uploads",
            "module.dr_s3_buckets.module.s3_bucket.data.aws_iam_policy_document.deny_unencrypted_object_uploads",
            "module.dr_s3_buckets.module.s3_bucket.data.aws_iam_policy_document.elb_log_delivery",
            "module.dr_s3_buckets.module.s3_bucket.data.aws_iam_policy_document.inventory_and_analytics_destination_policy",
            "module.dr_s3_buckets.module.s3_bucket.data.aws_iam_policy_document.lb_log_delivery",
            "module.dr_s3_buckets.module.s3_bucket.data.aws_iam_policy_document.require_latest_tls",
            "module.dr_s3_buckets.module.s3_bucket.data.aws_partition.current",
            "module.dr_s3_buckets.module.s3_bucket.data.aws_region.current",
            "module.s3_buckets.aws_iam_role.s3_replication_role"
          ]
        }
      ]
    },
    {
      "module": "module.s3_buckets[\"dev-logs\"].module.s3_bucket",
      "mode": "managed",
      "type": "aws_s3_bucket_accelerate_configuration",
      "name": "this",
      "provider": "provider[\"registry.terraform.io/hashicorp/aws\"]",
      "instances": []
    },
    {
      "module": "module.s3_buckets[\"dev-logs\"].module.s3_bucket",
      "mode": "managed",
      "type": "aws_s3_bucket_acl",
      "name": "this",
      "provider": "provider[\"registry.terraform.io/hashicorp/aws\"]",
      "instances": [
        {
          "index_key": 0,
          "schema_version": 0,
          "attributes": {
            "access_control_policy": [
              {
                "grant": [
                  {
                    "grantee": [
                      {
                        "display_name": "",
                        "email_address": "",
                        "id": "",
                        "type": "Group",
                        "uri": "http://acs.amazonaws.com/groups/s3/LogDelivery"
                      }
                    ],
                    "permission": "READ_ACP"
                  },
                  {
                    "grantee": [
                      {
                        "display_name": "",
                        "email_address": "",
                        "id": "",
                        "type": "Group",
                        "uri": "http://acs.amazonaws.com/groups/s3/LogDelivery"
                      }
                    ],
                    "permission": "WRITE"
                  },
                  {
                    "grantee": [
                      {
                        "display_name": "webfile",
                        "email_address": "",
                        "id": "75aa57f09aa0c8caeab4f8c24e99d10f8e7faeebf76c078efc7c6caea54ba06a",
                        "type": "CanonicalUser",
                        "uri": ""
                      }
                    ],
                    "permission": "FULL_CONTROL"
                  }
                ],
                "owner": [
                  {
                    "display_name": "webfile",
                    "id": "75aa57f09aa0c8caeab4f8c24e99d10f8e7faeebf76c078efc7c6caea54ba06a"
                  }
                ]
              }
            ],
            "acl": "log-delivery-write",
            "bucket": "dev-logs-dev-logs-bucket",
            "expected_bucket_owner": "",
            "id": "dev-logs-dev-logs-bucket,log-delivery-write"
          },
          "sensitive_attributes": [],
          "private": "bnVsbA==",
          "dependencies": [
            "module.dr_s3_buckets.aws_iam_policy.s3_replication_policy",
            "module.dr_s3_buckets.aws_iam_role.s3_replication_role",
            "module.dr_s3_buckets.aws_iam_role_policy_attachment.s3_replication_attachment",
            "module.dr_s3_buckets.aws_kms_alias.objects",
            "module.dr_s3_buckets.aws_kms_key.objects",
            "module.dr_s3_buckets.aws_s3_bucket_policy.s3_policy",
            "module.dr_s3_buckets.aws_s3_bucket_replication_configuration.this",
            "module.dr_s3_buckets.data.aws_caller_identity.current",
            "module.dr_s3_buckets.data.aws_iam_policy_document.kms_policy",
            "module.dr_s3_buckets.data.aws_iam_policy_document.s3_policy",
            "module.dr_s3_buckets.data.aws_iam_policy_document.s3_replication_policy_document",
            "module.dr_s3_buckets.module.s3_bucket.aws_s3_bucket.this",
            "module.dr_s3_buckets.module.s3_bucket.aws_s3_bucket_accelerate_configuration.this",
            "module.dr_s3_buckets.module.s3_bucket.aws_s3_bucket_acl.this",
            "module.dr_s3_buckets.module.s3_bucket.aws_s3_bucket_analytics_configuration.this",
            "module.dr_s3_buckets.module.s3_bucket.aws_s3_bucket_cors_configuration.this",
            "module.dr_s3_buckets.module.s3_bucket.aws_s3_bucket_intelligent_tiering_configuration.this",
            "module.dr_s3_buckets.module.s3_bucket.aws_s3_bucket_inventory.this",
            "module.dr_s3_buckets.module.s3_bucket.aws_s3_bucket_lifecycle_configuration.this",
            "module.dr_s3_buckets.module.s3_bucket.aws_s3_bucket_logging.this",
            "module.dr_s3_buckets.module.s3_bucket.aws_s3_bucket_metric.this",
            "module.dr_s3_buckets.module.s3_bucket.aws_s3_bucket_object_lock_configuration.this",
            "module.dr_s3_buckets.module.s3_bucket.aws_s3_bucket_ownership_controls.this",
            "module.dr_s3_buckets.module.s3_bucket.aws_s3_bucket_policy.this",
            "module.dr_s3_buckets.module.s3_bucket.aws_s3_bucket_public_access_block.this",
            "module.dr_s3_buckets.module.s3_bucket.aws_s3_bucket_replication_configuration.this",
            "module.dr_s3_buckets.module.s3_bucket.aws_s3_bucket_request_payment_configuration.this",
            "module.dr_s3_buckets.module.s3_bucket.aws_s3_bucket_server_side_encryption_configuration.this",
            "module.dr_s3_buckets.module.s3_bucket.aws_s3_bucket_versioning.this",
            "module.dr_s3_buckets.module.s3_bucket.aws_s3_bucket_website_configuration.this",
            "module.dr_s3_buckets.module.s3_bucket.aws_s3_directory_bucket.this",
            "module.dr_s3_buckets.module.s3_bucket.data.aws_caller_identity.current",
            "module.dr_s3_buckets.module.s3_bucket.data.aws_canonical_user_id.this",
            "module.dr_s3_buckets.module.s3_bucket.data.aws_iam_policy_document.access_log_delivery",
            "module.dr_s3_buckets.module.s3_bucket.data.aws_iam_policy_document.combined",
            "module.dr_s3_buckets.module.s3_bucket.data.aws_iam_policy_document.deny_incorrect_encryption_headers",
            "module.dr_s3_buckets.module.s3_bucket.data.aws_iam_policy_document.deny_incorrect_kms_key_sse",
            "module.dr_s3_buckets.module.s3_bucket.data.aws_iam_policy_document.deny_insecure_transport",
            "module.dr_s3_buckets.module.s3_bucket.data.aws_iam_policy_document.deny_ssec_encrypted_object_uploads",
            "module.dr_s3_buckets.module.s3_bucket.data.aws_iam_policy_document.deny_unencrypted_object_uploads",
            "module.dr_s3_buckets.module.s3_bucket.data.aws_iam_policy_document.elb_log_delivery",
            "module.dr_s3_buckets.module.s3_bucket.data.aws_iam_policy_document.inventory_and_analytics_destination_policy",
            "module.dr_s3_buckets.module.s3_bucket.data.aws_iam_policy_document.lb_log_delivery",
            "module.dr_s3_buckets.module.s3_bucket.data.aws_iam_policy_document.require_latest_tls",
            "module.dr_s3_buckets.module.s3_bucket.data.aws_partition.current",
            "module.dr_s3_buckets.module.s3_bucket.data.aws_region.current",
            "module.s3_buckets.aws_iam_role.s3_replication_role",
            "module.s3_buckets.aws_kms_key.objects",
            "module.s3_buckets.data.aws_caller_identity.current",
            "module.s3_buckets.data.aws_iam_policy_document.kms_policy",
            "module.s3_buckets.module.s3_bucket.aws_s3_bucket.this",
            "module.s3_buckets.module.s3_bucket.aws_s3_bucket_ownership_controls.this",
            "module.s3_buckets.module.s3_bucket.aws_s3_bucket_policy.this",
            "module.s3_buckets.module.s3_bucket.aws_s3_bucket_public_access_block.this",
            "module.s3_buckets.module.s3_bucket.aws_s3_directory_bucket.this",
            "module.s3_buckets.module.s3_bucket.data.aws_caller_identity.current",
            "module.s3_buckets.module.s3_bucket.data.aws_canonical_user_id.this",
            "module.s3_buckets.module.s3_bucket.data.aws_iam_policy_document.access_log_delivery",
            "module.s3_buckets.module.s3_bucket.data.aws_iam_policy_document.combined",
            "module.s3_buckets.module.s3_bucket.data.aws_iam_policy_document.deny_incorrect_encryption_headers",
            "module.s3_buckets.module.s3_bucket.data.aws_iam_policy_document.deny_incorrect_kms_key_sse",
            "module.s3_buckets.module.s3_bucket.data.aws_iam_policy_document.deny_insecure_transport",
            "module.s3_buckets.module.s3_bucket.data.aws_iam_policy_document.deny_ssec_encrypted_object_uploads",
            "module.s3_buckets.module.s3_bucket.data.aws_iam_policy_document.deny_unencrypted_object_uploads",
            "module.s3_buckets.module.s3_bucket.data.aws_iam_policy_document.elb_log_delivery",
            "module.s3_buckets.module.s3_bucket.data.aws_iam_policy_document.inventory_and_analytics_destination_policy",
            "module.s3_buckets.module.s3_bucket.data.aws_iam_policy_document.lb_log_delivery",
            "module.s3_buckets.module.s3_bucket.data.aws_iam_policy_document.require_latest_tls",
            "module.s3_buckets.module.s3_bucket.data.aws_partition.current",
            "module.s3_buckets.module.s3_bucket.data.aws_region.current"
          ]
        }
      ]
    },
    {
      "module": "module.s3_buckets[\"dev-logs\"].module.s3_bucket",
      "mode": "managed",
      "type": "aws_s3_bucket_analytics_configuration",
      "name": "this",
      "provider": "provider[\"registry.terraform.io/hashicorp/aws\"]",
      "instances": []
    },
    {
      "module": "module.s3_buckets[\"dev-logs\"].module.s3_bucket",
      "mode": "managed",
      "type": "aws_s3_bucket_cors_configuration",
      "name": "this",
      "provider": "provider[\"registry.terraform.io/hashicorp/aws\"]",
      "instances": []
    },
    {
      "module": "module.s3_buckets[\"dev-logs\"].module.s3_bucket",
      "mode": "managed",
      "type": "aws_s3_bucket_intelligent_tiering_configuration",
      "name": "this",
      "provider": "provider[\"registry.terraform.io/hashicorp/aws\"]",
      "instances": []
    },
    {
      "module": "module.s3_buckets[\"dev-logs\"].module.s3_bucket",
      "mode": "managed",
      "type": "aws_s3_bucket_inventory",
      "name": "this",
      "provider": "provider[\"registry.terraform.io/hashicorp/aws\"]",
      "instances": []
    },
    {
      "module": "module.s3_buckets[\"dev-logs\"].module.s3_bucket",
      "mode": "managed",
      "type": "aws_s3_bucket_lifecycle_configuration",
      "name": "this",
      "provider": "provider[\"registry.terraform.io/hashicorp/aws\"]",
      "instances": [
        {
          "index_key": 0,
          "schema_version": 1,
          "attributes": {
            "bucket": "dev-logs-dev-logs-bucket",
            "expected_bucket_owner": "",
            "id": "dev-logs-dev-logs-bucket",
            "rule": [
              {
                "abort_incomplete_multipart_upload": [],
                "expiration": [
                  {
                    "date": null,
                    "days": 90,
                    "expired_object_delete_marker": false
                  }
                ],
                "filter": [
                  {
                    "and": [],
                    "object_size_greater_than": null,
                    "object_size_less_than": null,
                    "prefix": "",
                    "tag": []
                  }
                ],
                "id": "log-expiration",
                "noncurrent_version_expiration": [],
                "noncurrent_version_transition": [],
                "prefix": "",
                "status": "Enabled",
                "transition": []
              }
            ],
            "timeouts": null,
            "transition_default_minimum_object_size": "all_storage_classes_128K"
          },
          "sensitive_attributes": [],
          "dependencies": [
            "module.dr_s3_buckets.aws_iam_policy.s3_replication_policy",
            "module.dr_s3_buckets.aws_iam_role.s3_replication_role",
            "module.dr_s3_buckets.aws_iam_role_policy_attachment.s3_replication_attachment",
            "module.dr_s3_buckets.aws_kms_alias.objects",
            "module.dr_s3_buckets.aws_kms_key.objects",
            "module.dr_s3_buckets.aws_s3_bucket_policy.s3_policy",
            "module.dr_s3_buckets.aws_s3_bucket_replication_configuration.this",
            "module.dr_s3_buckets.data.aws_caller_identity.current",
            "module.dr_s3_buckets.data.aws_iam_policy_document.kms_policy",
            "module.dr_s3_buckets.data.aws_iam_policy_document.s3_policy",
            "module.dr_s3_buckets.data.aws_iam_policy_document.s3_replication_policy_document",
            "module.dr_s3_buckets.module.s3_bucket.aws_s3_bucket.this",
            "module.dr_s3_buckets.module.s3_bucket.aws_s3_bucket_accelerate_configuration.this",
            "module.dr_s3_buckets.module.s3_bucket.aws_s3_bucket_acl.this",
            "module.dr_s3_buckets.module.s3_bucket.aws_s3_bucket_analytics_configuration.this",
            "module.dr_s3_buckets.module.s3_bucket.aws_s3_bucket_cors_configuration.this",
            "module.dr_s3_buckets.module.s3_bucket.aws_s3_bucket_intelligent_tiering_configuration.this",
            "module.dr_s3_buckets.module.s3_bucket.aws_s3_bucket_inventory.this",
            "module.dr_s3_buckets.module.s3_bucket.aws_s3_bucket_lifecycle_configuration.this",
            "module.dr_s3_buckets.module.s3_bucket.aws_s3_bucket_logging.this",
            "module.dr_s3_buckets.module.s3_bucket.aws_s3_bucket_metric.this",
            "module.dr_s3_buckets.module.s3_bucket.aws_s3_bucket_object_lock_configuration.this",
            "module.dr_s3_buckets.module.s3_bucket.aws_s3_bucket_ownership_controls.this",
            "module.dr_s3_buckets.module.s3_bucket.aws_s3_bucket_policy.this",
            "module.dr_s3_buckets.module.s3_bucket.aws_s3_bucket_public_access_block.this",
            "module.dr_s3_buckets.module.s3_bucket.aws_s3_bucket_replication_configuration.this",
            "module.dr_s3_buckets.module.s3_bucket.aws_s3_bucket_request_payment_configuration.this",
            "module.dr_s3_buckets.module.s3_bucket.aws_s3_bucket_server_side_encryption_configuration.this",
            "module.dr_s3_buckets.module.s3_bucket.aws_s3_bucket_versioning.this",
            "module.dr_s3_buckets.module.s3_bucket.aws_s3_bucket_website_configuration.this",
            "module.dr_s3_buckets.module.s3_bucket.aws_s3_directory_bucket.this",
            "module.dr_s3_buckets.module.s3_bucket.data.aws_caller_identity.current",
            "module.dr_s3_buckets.module.s3_bucket.data.aws_canonical_user_id.this",
            "module.dr_s3_buckets.module.s3_bucket.data.aws_iam_policy_document.access_log_delivery",
            "module.dr_s3_buckets.module.s3_bucket.data.aws_iam_policy_document.combined",
            "module.dr_s3_buckets.module.s3_bucket.data.aws_iam_policy_document.deny_incorrect_encryption_headers",
            "module.dr_s3_buckets.module.s3_bucket.data.aws_iam_policy_document.deny_incorrect_kms_key_sse",
            "module.dr_s3_buckets.module.s3_bucket.data.aws_iam_policy_document.deny_insecure_transport",
            "module.dr_s3_buckets.module.s3_bucket.data.aws_iam_policy_document.deny_ssec_encrypted_object_uploads",
            "module.dr_s3_buckets.module.s3_bucket.data.aws_iam_policy_document.deny_unencrypted_object_uploads",
            "module.dr_s3_buckets.module.s3_bucket.data.aws_iam_policy_document.elb_log_delivery",
            "module.dr_s3_buckets.module.s3_bucket.data.aws_iam_policy_document.inventory_and_analytics_destination_policy",
            "module.dr_s3_buckets.module.s3_bucket.data.aws_iam_policy_document.lb_log_delivery",
            "module.dr_s3_buckets.module.s3_bucket.data.aws_iam_policy_document.require_latest_tls",
            "module.dr_s3_buckets.module.s3_bucket.data.aws_partition.current",
            "module.dr_s3_buckets.module.s3_bucket.data.aws_region.current",
            "module.s3_buckets.aws_iam_role.s3_replication_role",
            "module.s3_buckets.module.s3_bucket.aws_s3_bucket.this",
            "module.s3_buckets.module.s3_bucket.aws_s3_bucket_versioning.this",
            "module.s3_buckets.module.s3_bucket.aws_s3_directory_bucket.this"
          ]
        }
      ]
    },
    {
      "module": "module.s3_buckets[\"dev-logs\"].module.s3_bucket",
      "mode": "managed",
      "type": "aws_s3_bucket_logging",
      "name": "this",
      "provider": "provider[\"registry.terraform.io/hashicorp/aws\"]",
      "instances": []
    },
    {
      "module": "module.s3_buckets[\"dev-logs\"].module.s3_bucket",
      "mode": "managed",
      "type": "aws_s3_bucket_metric",
      "name": "this",
      "provider": "provider[\"registry.terraform.io/hashicorp/aws\"]",
      "instances": []
    },
    {
      "module": "module.s3_buckets[\"dev-logs\"].module.s3_bucket",
      "mode": "managed",
      "type": "aws_s3_bucket_object_lock_configuration",
      "name": "this",
      "provider": "provider[\"registry.terraform.io/hashicorp/aws\"]",
      "instances": []
    },
    {
      "module": "module.s3_buckets[\"dev-logs\"].module.s3_bucket",
      "mode": "managed",
      "type": "aws_s3_bucket_ownership_controls",
      "name": "this",
      "provider": "provider[\"registry.terraform.io/hashicorp/aws\"]",
      "instances": []
    },
    {
      "module": "module.s3_buckets[\"dev-logs\"].module.s3_bucket",
      "mode": "managed",
      "type": "aws_s3_bucket_policy",
      "name": "this",
      "provider": "provider[\"registry.terraform.io/hashicorp/aws\"]",
      "instances": []
    },
    {
      "module": "module.s3_buckets[\"dev-logs\"].module.s3_bucket",
      "mode": "managed",
      "type": "aws_s3_bucket_public_access_block",
      "name": "this",
      "provider": "provider[\"registry.terraform.io/hashicorp/aws\"]",
      "instances": [
        {
          "index_key": 0,
          "schema_version": 0,
          "attributes": {
            "block_public_acls": true,
            "block_public_policy": true,
            "bucket": "dev-logs-dev-logs-bucket",
            "id": "dev-logs-dev-logs-bucket",
            "ignore_public_acls": true,
            "restrict_public_buckets": true
          },
          "sensitive_attributes": [],
          "private": "bnVsbA==",
          "dependencies": [
            "module.dr_s3_buckets.aws_iam_policy.s3_replication_policy",
            "module.dr_s3_buckets.aws_iam_role.s3_replication_role",
            "module.dr_s3_buckets.aws_iam_role_policy_attachment.s3_replication_attachment",
            "module.dr_s3_buckets.aws_kms_alias.objects",
            "module.dr_s3_buckets.aws_kms_key.objects",
            "module.dr_s3_buckets.aws_s3_bucket_policy.s3_policy",
            "module.dr_s3_buckets.aws_s3_bucket_replication_configuration.this",
            "module.dr_s3_buckets.data.aws_caller_identity.current",
            "module.dr_s3_buckets.data.aws_iam_policy_document.kms_policy",
            "module.dr_s3_buckets.data.aws_iam_policy_document.s3_policy",
            "module.dr_s3_buckets.data.aws_iam_policy_document.s3_replication_policy_document",
            "module.dr_s3_buckets.module.s3_bucket.aws_s3_bucket.this",
            "module.dr_s3_buckets.module.s3_bucket.aws_s3_bucket_accelerate_configuration.this",
            "module.dr_s3_buckets.module.s3_bucket.aws_s3_bucket_acl.this",
            "module.dr_s3_buckets.module.s3_bucket.aws_s3_bucket_analytics_configuration.this",
            "module.dr_s3_buckets.module.s3_bucket.aws_s3_bucket_cors_configuration.this",
            "module.dr_s3_buckets.module.s3_bucket.aws_s3_bucket_intelligent_tiering_configuration.this",
            "module.dr_s3_buckets.module.s3_bucket.aws_s3_bucket_inventory.this",
            "module.dr_s3_buckets.module.s3_bucket.aws_s3_bucket_lifecycle_configuration.this",
            "module.dr_s3_buckets.module.s3_bucket.aws_s3_bucket_logging.this",
            "module.dr_s3_buckets.module.s3_bucket.aws_s3_bucket_metric.this",
            "module.dr_s3_buckets.module.s3_bucket.aws_s3_bucket_object_lock_configuration.this",
            "module.dr_s3_buckets.module.s3_bucket.aws_s3_bucket_ownership_controls.this",
            "module.dr_s3_buckets.module.s3_bucket.aws_s3_bucket_policy.this",
            "module.dr_s3_buckets.module.s3_bucket.aws_s3_bucket_public_access_block.this",
            "module.dr_s3_buckets.module.s3_bucket.aws_s3_bucket_replication_configuration.this",
            "module.dr_s3_buckets.module.s3_bucket.aws_s3_bucket_request_payment_configuration.this",
            "module.dr_s3_buckets.module.s3_bucket.aws_s3_bucket_server_side_encryption_configuration.this",
            "module.dr_s3_buckets.module.s3_bucket.aws_s3_bucket_versioning.this",
            "module.dr_s3_buckets.module.s3_bucket.aws_s3_bucket_website_configuration.this",
            "module.dr_s3_buckets.module.s3_bucket.aws_s3_directory_bucket.this",
            "module.dr_s3_buckets.module.s3_bucket.data.aws_caller_identity.current",
            "module.dr_s3_buckets.module.s3_bucket.data.aws_canonical_user_id.this",
            "module.dr_s3_buckets.module.s3_bucket.data.aws_iam_policy_document.access_log_delivery",
            "module.dr_s3_buckets.module.s3_bucket.data.aws_iam_policy_document.combined",
            "module.dr_s3_buckets.module.s3_bucket.data.aws_iam_policy_document.deny_incorrect_encryption_headers",
            "module.dr_s3_buckets.module.s3_bucket.data.aws_iam_policy_document.deny_incorrect_kms_key_sse",
            "module.dr_s3_buckets.module.s3_bucket.data.aws_iam_policy_document.deny_insecure_transport",
            "module.dr_s3_buckets.module.s3_bucket.data.aws_iam_policy_document.deny_ssec_encrypted_object_uploads",
            "module.dr_s3_buckets.module.s3_bucket.data.aws_iam_policy_document.deny_unencrypted_object_uploads",
            "module.dr_s3_buckets.module.s3_bucket.data.aws_iam_policy_document.elb_log_delivery",
            "module.dr_s3_buckets.module.s3_bucket.data.aws_iam_policy_document.inventory_and_analytics_destination_policy",
            "module.dr_s3_buckets.module.s3_bucket.data.aws_iam_policy_document.lb_log_delivery",
            "module.dr_s3_buckets.module.s3_bucket.data.aws_iam_policy_document.require_latest_tls",
            "module.dr_s3_buckets.module.s3_bucket.data.aws_partition.current",
            "module.dr_s3_buckets.module.s3_bucket.data.aws_region.current",
            "module.s3_buckets.aws_iam_role.s3_replication_role",
            "module.s3_buckets.module.s3_bucket.aws_s3_bucket.this"
          ]
        }
      ]
    },
    {
      "module": "module.s3_buckets[\"dev-logs\"].module.s3_bucket",
      "mode": "managed",
      "type": "aws_s3_bucket_replication_configuration",
      "name": "this",
      "provider": "provider[\"registry.terraform.io/hashicorp/aws\"]",
      "instances": []
    },
    {
      "module": "module.s3_buckets[\"dev-logs\"].module.s3_bucket",
      "mode": "managed",
      "type": "aws_s3_bucket_request_payment_configuration",
      "name": "this",
      "provider": "provider[\"registry.terraform.io/hashicorp/aws\"]",
      "instances": []
    },
    {
      "module": "module.s3_buckets[\"dev-logs\"].module.s3_bucket",
      "mode": "managed",
      "type": "aws_s3_bucket_server_side_encryption_configuration",
      "name": "this",
      "provider": "provider[\"registry.terraform.io/hashicorp/aws\"]",
      "instances": [
        {
          "index_key": 0,
          "schema_version": 0,
          "attributes": {
            "bucket": "dev-logs-dev-logs-bucket",
            "expected_bucket_owner": "",
            "id": "dev-logs-dev-logs-bucket",
            "rule": [
              {
                "apply_server_side_encryption_by_default": [
                  {
                    "kms_master_key_id": "arn:aws:kms:us-east-1:000000000000:key/a015b9d1-6c3e-4684-af69-8b8a39fda3a1",
                    "sse_algorithm": "aws:kms"
                  }
                ],
                "bucket_key_enabled": null
              }
            ]
          },
          "sensitive_attributes": [],
          "private": "bnVsbA==",
          "dependencies": [
            "module.dr_s3_buckets.aws_iam_policy.s3_replication_policy",
            "module.dr_s3_buckets.aws_iam_role.s3_replication_role",
            "module.dr_s3_buckets.aws_iam_role_policy_attachment.s3_replication_attachment",
            "module.dr_s3_buckets.aws_kms_alias.objects",
            "module.dr_s3_buckets.aws_kms_key.objects",
            "module.dr_s3_buckets.aws_s3_bucket_policy.s3_policy",
            "module.dr_s3_buckets.aws_s3_bucket_replication_configuration.this",
            "module.dr_s3_buckets.data.aws_caller_identity.current",
            "module.dr_s3_buckets.data.aws_iam_policy_document.kms_policy",
            "module.dr_s3_buckets.data.aws_iam_policy_document.s3_policy",
            "module.dr_s3_buckets.data.aws_iam_policy_document.s3_replication_policy_document",
            "module.dr_s3_buckets.module.s3_bucket.aws_s3_bucket.this",
            "module.dr_s3_buckets.module.s3_bucket.aws_s3_bucket_accelerate_configuration.this",
            "module.dr_s3_buckets.module.s3_bucket.aws_s3_bucket_acl.this",
            "module.dr_s3_buckets.module.s3_bucket.aws_s3_bucket_analytics_configuration.this",
            "module.dr_s3_buckets.module.s3_bucket.aws_s3_bucket_cors_configuration.this",
            "module.dr_s3_buckets.module.s3_bucket.aws_s3_bucket_intelligent_tiering_configuration.this",
            "module.dr_s3_buckets.module.s3_bucket.aws_s3_bucket_inventory.this",
            "module.dr_s3_buckets.module.s3_bucket.aws_s3_bucket_lifecycle_configuration.this",
            "module.dr_s3_buckets.module.s3_bucket.aws_s3_bucket_logging.this",
            "module.dr_s3_buckets.module.s3_bucket.aws_s3_bucket_metric.this",
            "module.dr_s3_buckets.module.s3_bucket.aws_s3_bucket_object_lock_configuration.this",
            "module.dr_s3_buckets.module.s3_bucket.aws_s3_bucket_ownership_controls.this",
            "module.dr_s3_buckets.module.s3_bucket.aws_s3_bucket_policy.this",
            "module.dr_s3_buckets.module.s3_bucket.aws_s3_bucket_public_access_block.this",
            "module.dr_s3_buckets.module.s3_bucket.aws_s3_bucket_replication_configuration.this",
            "module.dr_s3_buckets.module.s3_bucket.aws_s3_bucket_request_payment_configuration.this",
            "module.dr_s3_buckets.module.s3_bucket.aws_s3_bucket_server_side_encryption_configuration.this",
            "module.dr_s3_buckets.module.s3_bucket.aws_s3_bucket_versioning.this",
            "module.dr_s3_buckets.module.s3_bucket.aws_s3_bucket_website_configuration.this",
            "module.dr_s3_buckets.module.s3_bucket.aws_s3_directory_bucket.this",
            "module.dr_s3_buckets.module.s3_bucket.data.aws_caller_identity.current",
            "module.dr_s3_buckets.module.s3_bucket.data.aws_canonical_user_id.this",
            "module.dr_s3_buckets.module.s3_bucket.data.aws_iam_policy_document.access_log_delivery",
            "module.dr_s3_buckets.module.s3_bucket.data.aws_iam_policy_document.combined",
            "module.dr_s3_buckets.module.s3_bucket.data.aws_iam_policy_document.deny_incorrect_encryption_headers",
            "module.dr_s3_buckets.module.s3_bucket.data.aws_iam_policy_document.deny_incorrect_kms_key_sse",
            "module.dr_s3_buckets.module.s3_bucket.data.aws_iam_policy_document.deny_insecure_transport",
            "module.dr_s3_buckets.module.s3_bucket.data.aws_iam_policy_document.deny_ssec_encrypted_object_uploads",
            "module.dr_s3_buckets.module.s3_bucket.data.aws_iam_policy_document.deny_unencrypted_object_uploads",
            "module.dr_s3_buckets.module.s3_bucket.data.aws_iam_policy_document.elb_log_delivery",
            "module.dr_s3_buckets.module.s3_bucket.data.aws_iam_policy_document.inventory_and_analytics_destination_policy",
            "module.dr_s3_buckets.module.s3_bucket.data.aws_iam_policy_document.lb_log_delivery",
            "module.dr_s3_buckets.module.s3_bucket.data.aws_iam_policy_document.require_latest_tls",
            "module.dr_s3_buckets.module.s3_bucket.data.aws_partition.current",
            "module.dr_s3_buckets.module.s3_bucket.data.aws_region.current",
            "module.s3_buckets.aws_iam_role.s3_replication_role",
            "module.s3_buckets.aws_kms_key.objects",
            "module.s3_buckets.data.aws_caller_identity.current",
            "module.s3_buckets.data.aws_iam_policy_document.kms_policy",
            "module.s3_buckets.module.s3_bucket.aws_s3_bucket.this",
            "module.s3_buckets.module.s3_bucket.aws_s3_directory_bucket.this"
          ]
        }
      ]
    },
    {
      "module": "module.s3_buckets[\"dev-logs\"].module.s3_bucket",
      "mode": "managed",
      "type": "aws_s3_bucket_versioning",
      "name": "this",
      "provider": "provider[\"registry.terraform.io/hashicorp/aws\"]",
      "instances": [
        {
          "index_key": 0,
          "schema_version": 0,
          "attributes": {
            "bucket": "dev-logs-dev-logs-bucket",
            "expected_bucket_owner": "",
            "id": "dev-logs-dev-logs-bucket",
            "mfa": null,
            "versioning_configuration": [
              {
                "mfa_delete": "",
                "status": "Enabled"
              }
            ]
          },
          "sensitive_attributes": [],
          "private": "bnVsbA==",
          "dependencies": [
            "module.dr_s3_buckets.aws_iam_policy.s3_replication_policy",
            "module.dr_s3_buckets.aws_iam_role.s3_replication_role",
            "module.dr_s3_buckets.aws_iam_role_policy_attachment.s3_replication_attachment",
            "module.dr_s3_buckets.aws_kms_alias.objects",
            "module.dr_s3_buckets.aws_kms_key.objects",
            "module.dr_s3_buckets.aws_s3_bucket_policy.s3_policy",
            "module.dr_s3_buckets.aws_s3_bucket_replication_configuration.this",
            "module.dr_s3_buckets.data.aws_caller_identity.current",
            "module.dr_s3_buckets.data.aws_iam_policy_document.kms_policy",
            "module.dr_s3_buckets.data.aws_iam_policy_document.s3_policy",
            "module.dr_s3_buckets.data.aws_iam_policy_document.s3_replication_policy_document",
            "module.dr_s3_buckets.module.s3_bucket.aws_s3_bucket.this",
            "module.dr_s3_buckets.module.s3_bucket.aws_s3_bucket_accelerate_configuration.this",
            "module.dr_s3_buckets.module.s3_bucket.aws_s3_bucket_acl.this",
            "module.dr_s3_buckets.module.s3_bucket.aws_s3_bucket_analytics_configuration.this",
            "module.dr_s3_buckets.module.s3_bucket.aws_s3_bucket_cors_configuration.this",
            "module.dr_s3_buckets.module.s3_bucket.aws_s3_bucket_intelligent_tiering_configuration.this",
            "module.dr_s3_buckets.module.s3_bucket.aws_s3_bucket_inventory.this",
            "module.dr_s3_buckets.module.s3_bucket.aws_s3_bucket_lifecycle_configuration.this",
            "module.dr_s3_buckets.module.s3_bucket.aws_s3_bucket_logging.this",
            "module.dr_s3_buckets.module.s3_bucket.aws_s3_bucket_metric.this",
            "module.dr_s3_buckets.module.s3_bucket.aws_s3_bucket_object_lock_configuration.this",
            "module.dr_s3_buckets.module.s3_bucket.aws_s3_bucket_ownership_controls.this",
            "module.dr_s3_buckets.module.s3_bucket.aws_s3_bucket_policy.this",
            "module.dr_s3_buckets.module.s3_bucket.aws_s3_bucket_public_access_block.this",
            "module.dr_s3_buckets.module.s3_bucket.aws_s3_bucket_replication_configuration.this",
            "module.dr_s3_buckets.module.s3_bucket.aws_s3_bucket_request_payment_configuration.this",
            "module.dr_s3_buckets.module.s3_bucket.aws_s3_bucket_server_side_encryption_configuration.this",
            "module.dr_s3_buckets.module.s3_bucket.aws_s3_bucket_versioning.this",
            "module.dr_s3_buckets.module.s3_bucket.aws_s3_bucket_website_configuration.this",
            "module.dr_s3_buckets.module.s3_bucket.aws_s3_directory_bucket.this",
            "module.dr_s3_buckets.module.s3_bucket.data.aws_caller_identity.current",
            "module.dr_s3_buckets.module.s3_bucket.data.aws_canonical_user_id.this",
            "module.dr_s3_buckets.module.s3_bucket.data.aws_iam_policy_document.access_log_delivery",
            "module.dr_s3_buckets.module.s3_bucket.data.aws_iam_policy_document.combined",
            "module.dr_s3_buckets.module.s3_bucket.data.aws_iam_policy_document.deny_incorrect_encryption_headers",
            "module.dr_s3_buckets.module.s3_bucket.data.aws_iam_policy_document.deny_incorrect_kms_key_sse",
            "module.dr_s3_buckets.module.s3_bucket.data.aws_iam_policy_document.deny_insecure_transport",
            "module.dr_s3_buckets.module.s3_bucket.data.aws_iam_policy_document.deny_ssec_encrypted_object_uploads",
            "module.dr_s3_buckets.module.s3_bucket.data.aws_iam_policy_document.deny_unencrypted_object_uploads",
            "module.dr_s3_buckets.module.s3_bucket.data.aws_iam_policy_document.elb_log_delivery",
            "module.dr_s3_buckets.module.s3_bucket.data.aws_iam_policy_document.inventory_and_analytics_destination_policy",
            "module.dr_s3_buckets.module.s3_bucket.data.aws_iam_policy_document.lb_log_delivery",
            "module.dr_s3_buckets.module.s3_bucket.data.aws_iam_policy_document.require_latest_tls",
            "module.dr_s3_buckets.module.s3_bucket.data.aws_partition.current",
            "module.dr_s3_buckets.module.s3_bucket.data.aws_region.current",
            "module.s3_buckets.aws_iam_role.s3_replication_role",
            "module.s3_buckets.module.s3_bucket.aws_s3_bucket.this"
          ]
        }
      ]
    },
    {
      "module": "module.s3_buckets[\"dev-logs\"].module.s3_bucket",
      "mode": "managed",
      "type": "aws_s3_bucket_website_configuration",
      "name": "this",
      "provider": "provider[\"registry.terraform.io/hashicorp/aws\"]",
      "instances": []
    },
    {
      "module": "module.s3_buckets[\"dev-logs\"].module.s3_bucket",
      "mode": "managed",
      "type": "aws_s3_directory_bucket",
      "name": "this",
      "provider": "provider[\"registry.terraform.io/hashicorp/aws\"]",
      "instances": []
    }
  ],
  "check_results": null
}
